// !$*UTF8*$!
{
	archiveVersion = 1;
	classes = {
	};
	objectVersion = 77;
	objects = {

/* Begin PBXBuildFile section */
		0143102C97EF9A946F0E8F1A /* AnalyticsService.swift in Sources */ = {isa = PBXBuildFile; fileRef = A34DF45D4C194E869474AC31 /* AnalyticsService.swift */; };
		015B647A7A59BC42B08DBD13 /* SyncableItem.swift in Sources */ = {isa = PBXBuildFile; fileRef = F426617FA7F5353AC66690A9 /* SyncableItem.swift */; };
		025D2647FEDB9B3064AA94D4 /* SeriesBrowserView.swift in Sources */ = {isa = PBXBuildFile; fileRef = 22F530BC57A16A3AE9D0817A /* SeriesBrowserView.swift */; };
		04546FABC6849EDA255C0241 /* MetaSyncEngine.swift in Sources */ = {isa = PBXBuildFile; fileRef = F079354055B3CBADB3FC83AA /* MetaSyncEngine.swift */; };
		046B1C0A9F2EF303BACA38FD /* StatusBarController.swift in Sources */ = {isa = PBXBuildFile; fileRef = 6F4BF9F564D97562682D512C /* StatusBarController.swift */; };
		0473CF2CC40AEAAF606C216D /* WatchPartyService.swift in Sources */ = {isa = PBXBuildFile; fileRef = 0BAE49C490187643954323B4 /* WatchPartyService.swift */; };
		08D5B1AEEE7EAB16E0BBDB75 /* SRTParser.swift in Sources */ = {isa = PBXBuildFile; fileRef = E8601BC082E988798713BD6D /* SRTParser.swift */; };
		0926B53CB12B2FEA4422EB96 /* AVFoundation.framework in Frameworks */ = {isa = PBXBuildFile; fileRef = B7220318855F09A954F97ADB /* AVFoundation.framework */; };
		0BD33BC31374EF2464DF4C54 /* Theme.swift in Sources */ = {isa = PBXBuildFile; fileRef = FAAA05E1DE3E90EC94C57568 /* Theme.swift */; };
		0F7BC6E817439C12C91C3CCE /* PlaylistValidator.swift in Sources */ = {isa = PBXBuildFile; fileRef = 419F4C5874E6FDEBB33DD093 /* PlaylistValidator.swift */; };
		0FA5AA1081DD169BBF87749C /* RemoteControlService.swift in Sources */ = {isa = PBXBuildFile; fileRef = C532AB9D252CF007ED1A4361 /* RemoteControlService.swift */; };
		0FC9E77D94FCB9A58E530ABB /* ChannelListView.swift in Sources */ = {isa = PBXBuildFile; fileRef = 2E11F8B5AD91E55A34EE546D /* ChannelListView.swift */; };
		1017AAAE0496A97385CAFA68 /* SeriesManager.swift in Sources */ = {isa = PBXBuildFile; fileRef = 80F1EFED938D2E30581F2670 /* SeriesManager.swift */; };
		1112B5ACD22D8C747F06F669 /* SidebarView.swift in Sources */ = {isa = PBXBuildFile; fileRef = 4376D40FF1934EF56B750049 /* SidebarView.swift */; };
		11935E46623FF22AA1BD24F4 /* ChannelListView_ContentCategory.swift in Sources */ = {isa = PBXBuildFile; fileRef = 6AECC049E74E59735E032F8D /* ChannelListView_ContentCategory.swift */; };
		11A6E47BEB229EF91EF71B2C /* MiniPlayerView.swift in Sources */ = {isa = PBXBuildFile; fileRef = A5BE45B0CC414A9F8B2892E2 /* MiniPlayerView.swift */; };
		13151140690A4A50E9A3F99E /* ThemeService.swift in Sources */ = {isa = PBXBuildFile; fileRef = 420209EC70DDCA140924F8F5 /* ThemeService.swift */; };
		1332E8AC58B7C126483DF1CC /* AVFoundation.framework in Embed Frameworks */ = {isa = PBXBuildFile; fileRef = B7220318855F09A954F97ADB /* AVFoundation.framework */; settings = {ATTRIBUTES = (CodeSignOnCopy, RemoveHeadersOnCopy, ); }; };
		14AD47FAB0634C5492D91EE2 /* RecommendationsView.swift in Sources */ = {isa = PBXBuildFile; fileRef = 3632FA35FBA2ADB9065405F9 /* RecommendationsView.swift */; };
		14D9B2508F7450164151BF63 /* Recording.swift in Sources */ = {isa = PBXBuildFile; fileRef = 2E19412444FDD232D73D5778 /* Recording.swift */; };
		161D212AF91B00A24494A5CD /* XstreamService.swift in Sources */ = {isa = PBXBuildFile; fileRef = A6C829037C0F5C9AF96C9C90 /* XstreamService.swift */; };
		1AF08B4BDB7DC9C145429BA6 /* ParentalControlService.swift in Sources */ = {isa = PBXBuildFile; fileRef = 04068789539A926441890FA4 /* ParentalControlService.swift */; };
		1DA10D59FA162103B8E61B88 /* PlaylistSharingService.swift in Sources */ = {isa = PBXBuildFile; fileRef = 5E708424ED166883B24A8792 /* PlaylistSharingService.swift */; };
		1E9224C58F326332C44D9084 /* SeriesGrouper.swift in Sources */ = {isa = PBXBuildFile; fileRef = CBD203E0BFC177FA94A9FBBD /* SeriesGrouper.swift */; };
		1F152BEECDBE115E49B6D8AD /* RecordingService.swift in Sources */ = {isa = PBXBuildFile; fileRef = 585FBE6B7D5B550EA544046F /* RecordingService.swift */; };
		1F40266511B7B1C20B348343 /* VODNormalizer.swift in Sources */ = {isa = PBXBuildFile; fileRef = 04DEB475435EE12CEC9BE913 /* VODNormalizer.swift */; };
		1FFE6DF39CDD9829C7873252 /* MemoryMonitorView.swift in Sources */ = {isa = PBXBuildFile; fileRef = ADB92BDB430F4E25ACB55CAF /* MemoryMonitorView.swift */; };
		215F5D8FD6C26DD397246A4B /* FavoritesView.swift in Sources */ = {isa = PBXBuildFile; fileRef = 418F9B83AFF92FF835F35B10 /* FavoritesView.swift */; };
		2164E8A49505114FC3A19470 /* Typography.swift in Sources */ = {isa = PBXBuildFile; fileRef = CB043ED49C5B8C476A912D5B /* Typography.swift */; };
		23BC47A5092B3463260EC599 /* EPGTimelineView.swift in Sources */ = {isa = PBXBuildFile; fileRef = 2E2A1B93A240E3287CCA93BD /* EPGTimelineView.swift */; };
		254E3F908CC7842D9B1D67B4 /* SeriesRecord.swift in Sources */ = {isa = PBXBuildFile; fileRef = A687A81F2ECED65E62752A51 /* SeriesRecord.swift */; };
		257B0871B3B3773B6D9CC1F9 /* NetworkMonitorService.swift in Sources */ = {isa = PBXBuildFile; fileRef = F2443FC2C466F89CE6168141 /* NetworkMonitorService.swift */; };
		25D11922490A8D1C2051B3A3 /* VLCKit.xcframework in Frameworks */ = {isa = PBXBuildFile; fileRef = 0BA97FFF7C0997D94B43490D /* VLCKit.xcframework */; };
		26921738538639D5C4A55BB9 /* Playlist.swift in Sources */ = {isa = PBXBuildFile; fileRef = 653353D44828E898323A2616 /* Playlist.swift */; };
		277EF16FF21B085F884DE3C5 /* StreamingServiceDetailView.swift in Sources */ = {isa = PBXBuildFile; fileRef = A7193BDEE0096478762FE954 /* StreamingServiceDetailView.swift */; };
		296F71BF4914E56A0204ED43 /* AetherApp.swift in Sources */ = {isa = PBXBuildFile; fileRef = 385AA9B9CDC12C305051AA62 /* AetherApp.swift */; };
		2E3C85DA58D3641F3BB229E0 /* AetherUI.framework in Embed Frameworks */ = {isa = PBXBuildFile; fileRef = A9B396EDE4E7AE499BFCEEB8 /* AetherUI.framework */; settings = {ATTRIBUTES = (CodeSignOnCopy, RemoveHeadersOnCopy, ); }; };
		33CCE2A3455465BE9DA9AE89 /* SubtitleSettingsView.swift in Sources */ = {isa = PBXBuildFile; fileRef = 94E78F9B3707EDE3E964AFE7 /* SubtitleSettingsView.swift */; };
		34402501799505FCD979F21F /* AetherUI.swift in Sources */ = {isa = PBXBuildFile; fileRef = 0D0A5B23FC311E0D6A191D4C /* AetherUI.swift */; };
		382B3B30C431C80CEC24DD77 /* SubtitleStylingView.swift in Sources */ = {isa = PBXBuildFile; fileRef = D5DD1F63F037B0DF7C6C4B00 /* SubtitleStylingView.swift */; };
		3B8A6D768660F81090BCA9AC /* VLCVideoView.swift in Sources */ = {isa = PBXBuildFile; fileRef = 6D1FE1863E935EDA5D019895 /* VLCVideoView.swift */; };
		4342C1272D6B59BC170C27BD /* KeychainService.swift in Sources */ = {isa = PBXBuildFile; fileRef = 7F8480FFDB7E774C25C79561 /* KeychainService.swift */; };
		44B9AF30AA87E6C60B660B14 /* CommandPaletteView.swift in Sources */ = {isa = PBXBuildFile; fileRef = B9EDEFFA1967BE0E7E2FC5EA /* CommandPaletteView.swift */; };
		44E046BDE32D9CB8C42422E5 /* PINLockView.swift in Sources */ = {isa = PBXBuildFile; fileRef = 1BA4F2285716378C403D9EF7 /* PINLockView.swift */; };
		4520A45EAEB2B4C100023C87 /* AVKit.framework in Frameworks */ = {isa = PBXBuildFile; fileRef = 3E0821E07A8B78CF47A375FC /* AVKit.framework */; };
		46DBD876912CB6DB9B285462 /* iCloudSyncView.swift in Sources */ = {isa = PBXBuildFile; fileRef = 7EBCCD6FBC48CD85A4F1E23D /* iCloudSyncView.swift */; };
		4DBDFDB73F471A11218DD16A /* ThemePickerView.swift in Sources */ = {isa = PBXBuildFile; fileRef = C9923AD541B0FE4A13359A90 /* ThemePickerView.swift */; };
		4DF23722D4B178626DF027E0 /* RemoteControlView.swift in Sources */ = {isa = PBXBuildFile; fileRef = 41BA786D5DBB2309F89268BA /* RemoteControlView.swift */; };
		4F039E71229FD927BF27746D /* RecommendationService.swift in Sources */ = {isa = PBXBuildFile; fileRef = DF99F2C4F5B828ADAA93BA75 /* RecommendationService.swift */; };
		508036CAABEF4695FEDA318C /* WatchPartyView.swift in Sources */ = {isa = PBXBuildFile; fileRef = 17894C659676630E35FE3E50 /* WatchPartyView.swift */; };
		50A10E9495C558244DEAB63D /* ParentalControlError.swift in Sources */ = {isa = PBXBuildFile; fileRef = AC90EB54756E93D4EF8511F3 /* ParentalControlError.swift */; };
		523F180AA25D372D207F9B0E /* SubtitleTrack.swift in Sources */ = {isa = PBXBuildFile; fileRef = 048CF1F7AB5CFAA12167C490 /* SubtitleTrack.swift */; };
		5377143DF4D52EDEDF580604 /* Assets.xcassets in Resources */ = {isa = PBXBuildFile; fileRef = 7C1E26ACACC994650C5145A2 /* Assets.xcassets */; };
		5395C3BB7BE65D34EF43F441 /* WatchProgressRecord.swift in Sources */ = {isa = PBXBuildFile; fileRef = 52568164F1BCBAEE1618A3CB /* WatchProgressRecord.swift */; };
		54C0EEDCAFECB084EAC130EF /* EPGStore.swift in Sources */ = {isa = PBXBuildFile; fileRef = 552A9A0EA9BC5AD2EF683118 /* EPGStore.swift */; };
		5B6BE8B1E72638A8C926B1E6 /* SeekBarView.swift in Sources */ = {isa = PBXBuildFile; fileRef = AFB1356E5A8FB2E5250BB88E /* SeekBarView.swift */; };
		5D68F03464FCD49D61FBBE25 /* FloatingChannelPanel.swift in Sources */ = {isa = PBXBuildFile; fileRef = 74D7855649A74FFCFDEEF937 /* FloatingChannelPanel.swift */; };
		5D744D2F07962203E162D4EE /* Episode.swift in Sources */ = {isa = PBXBuildFile; fileRef = 2470CB06BA6AFB7B6BCE01CB /* Episode.swift */; };
		5E7091CEFE56E0F923C73014 /* ChannelRecord.swift in Sources */ = {isa = PBXBuildFile; fileRef = 1CA7F523EE904ADCA67525FE /* ChannelRecord.swift */; };
		5F2A3D172099D6D6F3339DAD /* BackgroundEPGRefreshService.swift in Sources */ = {isa = PBXBuildFile; fileRef = 2C47C0A163B32BAC6AAAB547 /* BackgroundEPGRefreshService.swift */; };
		63BCDE6DE7314A6078DEF6E3 /* OnboardingView.swift in Sources */ = {isa = PBXBuildFile; fileRef = 8EC795B47D1D1E79C0DB7AFF /* OnboardingView.swift */; };
		649B3CAEF4D6BCBB9F1F9081 /* GlobalContentSearchView.swift in Sources */ = {isa = PBXBuildFile; fileRef = D97D6D913B9031255B2583E8 /* GlobalContentSearchView.swift */; };
		6561577F7F76063FDC2F3607 /* AnalyticsView.swift in Sources */ = {isa = PBXBuildFile; fileRef = 3AC2920197E32D78C06EC2F5 /* AnalyticsView.swift */; };
		66F1009A6CAC8DBA61183B42 /* PlaylistExporter.swift in Sources */ = {isa = PBXBuildFile; fileRef = C20859D382210F29A349CD64 /* PlaylistExporter.swift */; };
		67188A3A729C2192F53E6A9F /* AgeRating.swift in Sources */ = {isa = PBXBuildFile; fileRef = 0D262E0D21A28811E3B44154 /* AgeRating.swift */; };
		67A09AECD91D5A9398B0C78C /* EPGEntry.swift in Sources */ = {isa = PBXBuildFile; fileRef = 26F2F78DDECD3484837CE40A /* EPGEntry.swift */; };
		6831C7F3037BC45A015BFBCF /* HomeView.swift in Sources */ = {isa = PBXBuildFile; fileRef = 2F1F7F9B6EE31CED79826D64 /* HomeView.swift */; };
		68AB7A89714362EC199B7BEF /* ShareablePlaylist.swift in Sources */ = {isa = PBXBuildFile; fileRef = 06438BECA33F03CBE1496001 /* ShareablePlaylist.swift */; };
		69065CF4D91DBC2E20249A87 /* CloudSyncView.swift in Sources */ = {isa = PBXBuildFile; fileRef = B4ABB3F1B7FCEF9953F35A35 /* CloudSyncView.swift */; };
		6AF74BC62C5228B8494F2DAD /* MemoryMonitorService.swift in Sources */ = {isa = PBXBuildFile; fileRef = 6859FBE4A62560580CD89197 /* MemoryMonitorService.swift */; };
		6C786406C591BFFF13E12E39 /* AetherCore.framework in Embed Frameworks */ = {isa = PBXBuildFile; fileRef = 8D4DA51044A19ACE93DD7649 /* AetherCore.framework */; settings = {ATTRIBUTES = (CodeSignOnCopy, RemoveHeadersOnCopy, ); }; };
		6E1F293453ED5891703A3F62 /* LastChannelStore.swift in Sources */ = {isa = PBXBuildFile; fileRef = C7CD5442F3CC1889677FD45A /* LastChannelStore.swift */; };
		6FA952D236D748F762D6EF76 /* StreamQualityService.swift in Sources */ = {isa = PBXBuildFile; fileRef = FA94F11D2D40893211D7EE85 /* StreamQualityService.swift */; };
		71BD516768C2CE76F8A348D9 /* PlaylistSharingView.swift in Sources */ = {isa = PBXBuildFile; fileRef = 61BF2EEA96979403F96FB5B0 /* PlaylistSharingView.swift */; };
		71BF5C32830A4E599C286C89 /* CloudKitManager.swift in Sources */ = {isa = PBXBuildFile; fileRef = 01530D9D21D063F3DED7D812 /* CloudKitManager.swift */; };
		748902B32A8E6346778B23CF /* SwiftUI.framework in Embed Frameworks */ = {isa = PBXBuildFile; fileRef = 067B0A9163413D989273E0AE /* SwiftUI.framework */; settings = {ATTRIBUTES = (CodeSignOnCopy, RemoveHeadersOnCopy, ); }; };
		759ECFD8D373D41A4C04A71D /* Security.framework in Frameworks */ = {isa = PBXBuildFile; fileRef = A7720BE37DB738484A4A7378 /* Security.framework */; };
		7668417FDF1EB5F6E555BE54 /* EPGService.swift in Sources */ = {isa = PBXBuildFile; fileRef = 13425EC9523082EE4448DDA2 /* EPGService.swift */; };
		79888C8071CD09ADA1102DE6 /* CrashReportingService.swift in Sources */ = {isa = PBXBuildFile; fileRef = C277716B59962EC0DF5DDAF1 /* CrashReportingService.swift */; };
		7B12A6AFE255DB0AF8F1D392 /* FavoriteRecord.swift in Sources */ = {isa = PBXBuildFile; fileRef = 602ABB8247822C22FF37EE26 /* FavoriteRecord.swift */; };
		7B2D176BE625523EEFC86FDE /* HubDetailView.swift in Sources */ = {isa = PBXBuildFile; fileRef = 7E9E7692401552E204C51AF5 /* HubDetailView.swift */; };
		8065157866362C45254FA946 /* ParentalControlsView.swift in Sources */ = {isa = PBXBuildFile; fileRef = 4EA668CBBE896A540B710001 /* ParentalControlsView.swift */; };
		81DEDB844FB9995AD71ABEE3 /* ShimmerView.swift in Sources */ = {isa = PBXBuildFile; fileRef = F9AA3E8D2853A261B2966056 /* ShimmerView.swift */; };
		83C722C0406AC60B8F8A24F3 /* PlaylistSidebar.swift in Sources */ = {isa = PBXBuildFile; fileRef = 85EC30D53C512BC64FE03303 /* PlaylistSidebar.swift */; };
		84E843850A96C853D9BBAAFE /* KeyboardShortcutHandler.swift in Sources */ = {isa = PBXBuildFile; fileRef = C409AE2C0BCF757FD54DA4EA /* KeyboardShortcutHandler.swift */; };
		88601ADFD23E802567378B44 /* TimeshiftService.swift in Sources */ = {isa = PBXBuildFile; fileRef = 31BF11C18D1672A3D6A087C1 /* TimeshiftService.swift */; };
		888DC7ED923A38AD0865E79E /* AetherMigrationPlan.swift in Sources */ = {isa = PBXBuildFile; fileRef = 087CBCE5B3D5F09B5FBBDE51 /* AetherMigrationPlan.swift */; };
		89B7D33D1331DC061CB1073C /* AddPlaylistSheet.swift in Sources */ = {isa = PBXBuildFile; fileRef = 5451D733D8D95500CA01D994 /* AddPlaylistSheet.swift */; };
		8A290D1063F55BAD0444125F /* TrackPickerButton.swift in Sources */ = {isa = PBXBuildFile; fileRef = AD975FE319A64869FB3F830D /* TrackPickerButton.swift */; };
		8DB454B9FC85DC24EF51BB19 /* TrackPickerView.swift in Sources */ = {isa = PBXBuildFile; fileRef = 3137F0E59E16FFCE1A02E484 /* TrackPickerView.swift */; };
		909D8C861CF9430EB3985777 /* VoiceCommandService.swift in Sources */ = {isa = PBXBuildFile; fileRef = 8C09B7977084EA50CE2EF5EE /* VoiceCommandService.swift */; };
		9129CC467D89C700A29B120D /* AVKit.framework in Embed Frameworks */ = {isa = PBXBuildFile; fileRef = 3E0821E07A8B78CF47A375FC /* AVKit.framework */; settings = {ATTRIBUTES = (CodeSignOnCopy, RemoveHeadersOnCopy, ); }; };
		91432876339833899519403C /* PlaylistService.swift in Sources */ = {isa = PBXBuildFile; fileRef = 691E223FC2F3B31AB9FAF06F /* PlaylistService.swift */; };
		92BCDDB1A90B1FA329FD1C28 /* CategoryNormalizer.swift in Sources */ = {isa = PBXBuildFile; fileRef = ED772739F94913E3B30FD80C /* CategoryNormalizer.swift */; };
		97E9975050A33066021394AA /* ImageCache.swift in Sources */ = {isa = PBXBuildFile; fileRef = 30BB1C6AE4216B9B031F613C /* ImageCache.swift */; };
		986C24E2E92B2FFA56D40B10 /* AirPlayService.swift in Sources */ = {isa = PBXBuildFile; fileRef = 2E280C6B2994A632F0284F49 /* AirPlayService.swift */; };
		99C8E31DAA5969C3FDC4902D /* AppearanceMode.swift in Sources */ = {isa = PBXBuildFile; fileRef = C421465610BED0FDAC4F1450 /* AppearanceMode.swift */; };
		9D8D574790BA646FA564E77B /* AudioTrack.swift in Sources */ = {isa = PBXBuildFile; fileRef = 29915A9EE13DBB176D360997 /* AudioTrack.swift */; };
		9D98941E58A703D866C30253 /* PlayerView.swift in Sources */ = {isa = PBXBuildFile; fileRef = 17420F202FE4A40AA8DD3010 /* PlayerView.swift */; };
		A56B704635A1456C089AEB90 /* AetherCore.framework in Frameworks */ = {isa = PBXBuildFile; fileRef = 8D4DA51044A19ACE93DD7649 /* AetherCore.framework */; };
		A57750FBBFADF73A58EDE685 /* M3UParser.swift in Sources */ = {isa = PBXBuildFile; fileRef = BDB093D805443F65EA6E5A73 /* M3UParser.swift */; };
		A6FF6E3E1B165CEDCF7EE22C /* NotificationManager.swift in Sources */ = {isa = PBXBuildFile; fileRef = ADB286B4B69FF50387874737 /* NotificationManager.swift */; };
		A846A9A2BFFF35EC0ABCE762 /* RecordingError.swift in Sources */ = {isa = PBXBuildFile; fileRef = F20E799F93B98BEE70539ED5 /* RecordingError.swift */; };
		A88A67B6661468C002515322 /* WatchHistoryRecord.swift in Sources */ = {isa = PBXBuildFile; fileRef = E3BC46F3E1CB60635961C806 /* WatchHistoryRecord.swift */; };
		AAD6A1D0EBF9D1E02CF24750 /* HomeViewModel.swift in Sources */ = {isa = PBXBuildFile; fileRef = 4B43110B2E4E70BE183ABB25 /* HomeViewModel.swift */; };
		ABB2E475591C4510816E546E /* ChannelGridView.swift in Sources */ = {isa = PBXBuildFile; fileRef = 83430ED0EF7D543F91F72D7E /* ChannelGridView.swift */; };
		ACD1C14AC16F1152560CED92 /* SubtitleOverlayView.swift in Sources */ = {isa = PBXBuildFile; fileRef = A0010E0BE7C2FAC86955B157 /* SubtitleOverlayView.swift */; };
		B6F51C882E17F8F99C380484 /* MovieManager.swift in Sources */ = {isa = PBXBuildFile; fileRef = 17E555ACABB08AB1791E06E9 /* MovieManager.swift */; };
		B8043F026FAE825AF0A7B278 /* TrackService.swift in Sources */ = {isa = PBXBuildFile; fileRef = 459772E0DEBE6D9D97BB545F /* TrackService.swift */; };
		BA2D06379EFEA83601A3E4D8 /* SeriesDetailView.swift in Sources */ = {isa = PBXBuildFile; fileRef = 31152D968BBBDB821D646E2F /* SeriesDetailView.swift */; };
		BB411448D3A6822D9A86E172 /* SubtitleService.swift in Sources */ = {isa = PBXBuildFile; fileRef = 1D245AAF42B490B1EE805C3E /* SubtitleService.swift */; };
		BDB4FB96281C3F0DC6EEB207 /* LanguagePickerView.swift in Sources */ = {isa = PBXBuildFile; fileRef = B8DFBA81D23FFE7FB4D718AD /* LanguagePickerView.swift */; };
		BF6E9D079BAA899B5203718F /* PlayerCore.swift in Sources */ = {isa = PBXBuildFile; fileRef = 62BF927739E610A4A514CE9B /* PlayerCore.swift */; };
		C0826ECDE3E5B809674ABE81 /* ChannelRowView.swift in Sources */ = {isa = PBXBuildFile; fileRef = 9B521C7F271C5F8298FC06F8 /* ChannelRowView.swift */; };
		C5CFBB3D9974DD322575BE36 /* VLCKit.xcframework in Frameworks */ = {isa = PBXBuildFile; fileRef = 0BA97FFF7C0997D94B43490D /* VLCKit.xcframework */; };
		C641BA89352382E888AF8CBC /* EmptyStateView.swift in Sources */ = {isa = PBXBuildFile; fileRef = EC9613471A3FAB1E5A589F19 /* EmptyStateView.swift */; };
		C654600DF254E391F72D950E /* MovieRecord.swift in Sources */ = {isa = PBXBuildFile; fileRef = 6C1AFB3CC3659FA85E156AEE /* MovieRecord.swift */; };
		C6946BE06C2DF0A2896D001C /* Movie.swift in Sources */ = {isa = PBXBuildFile; fileRef = DCC4BE3EB007E4433902478D /* Movie.swift */; };
		C7459D1C947F1D8414CAB371 /* XMLTVParser.swift in Sources */ = {isa = PBXBuildFile; fileRef = 4C850B9D279C933E436D90DB /* XMLTVParser.swift */; };
		CA83B75803159FB2407AD70F /* ChromecastService.swift.disabled in Resources */ = {isa = PBXBuildFile; fileRef = 25C2164C8EDCA370D9D83D37 /* ChromecastService.swift.disabled */; };
		CB93A865CCB2729F66CDE66E /* CrashReportsView.swift in Sources */ = {isa = PBXBuildFile; fileRef = 15E4689789990AF0A9C493D3 /* CrashReportsView.swift */; };
		CBD22CEEF8A1166564E8D270 /* VODDetailView.swift in Sources */ = {isa = PBXBuildFile; fileRef = 09E7FCD6159DB43D64EB5128 /* VODDetailView.swift */; };
		CBE3025F03CDC73DB95EB07A /* NetworkStatusBanner.swift in Sources */ = {isa = PBXBuildFile; fileRef = 035364DFA07E81EF28BA24AF /* NetworkStatusBanner.swift */; };
		CCA37071E85C4B3AC4DA3019 /* RecordingControlsButton.swift in Sources */ = {isa = PBXBuildFile; fileRef = 13DB1464E1AF5E9828995DDB /* RecordingControlsButton.swift */; };
		CEA26163EDC060F4B169DE38 /* SwiftUI.framework in Frameworks */ = {isa = PBXBuildFile; fileRef = 067B0A9163413D989273E0AE /* SwiftUI.framework */; };
		CF0492011D4E4AE61697385B /* PlayerControlsView.swift in Sources */ = {isa = PBXBuildFile; fileRef = 0BE72901BFC416197E0B35F6 /* PlayerControlsView.swift */; };
		CFB5B9AE93B13E6FDD9EC4D1 /* ChannelLogoView.swift in Sources */ = {isa = PBXBuildFile; fileRef = 43254CD83FE537EFC1CEEC69 /* ChannelLogoView.swift */; };
		D1C2038A0D23503E3142C735 /* iCloudSyncService.swift in Sources */ = {isa = PBXBuildFile; fileRef = 996D6498DC14504E05201A23 /* iCloudSyncService.swift */; };
		D36E33D2E9949B69A5526036 /* View+ScrollWheel.swift in Sources */ = {isa = PBXBuildFile; fileRef = 1924EE5993C1FC6BE46DD0DD /* View+ScrollWheel.swift */; };
		D43FB7A29AAA88B302A8A97A /* ChannelCache.swift in Sources */ = {isa = PBXBuildFile; fileRef = 7C005200F91BF6E557799B32 /* ChannelCache.swift */; };
		D62DD58482981669B6BA3293 /* VODNormalizer.swift in Sources */ = {isa = PBXBuildFile; fileRef = 59C06F41D40EA464926DB595 /* VODNormalizer.swift */; };
		D782238E45D9674E4049325E /* ParentalSettings.swift in Sources */ = {isa = PBXBuildFile; fileRef = 96D143934D4757D0029885FF /* ParentalSettings.swift */; };
		DAAB9EED5F9DD2C3D23BF5F1 /* SubtitleStore.swift in Sources */ = {isa = PBXBuildFile; fileRef = E05928F0FDFE8B06C2C31F2F /* SubtitleStore.swift */; };
		DB9FC14EC4B487C456376F38 /* ContentTaxonomy.swift in Sources */ = {isa = PBXBuildFile; fileRef = 86FDCAC3A26ADD1E762DB5CE /* ContentTaxonomy.swift */; };
		DCD85DF3635AC1B97CAF5E32 /* AppearancePickerView.swift in Sources */ = {isa = PBXBuildFile; fileRef = 7CCD90B4EA0DBC8F60781592 /* AppearancePickerView.swift */; };
		DD00AAE5C389F7D42D60546E /* TMDBClient.swift in Sources */ = {isa = PBXBuildFile; fileRef = 9BB190ABB11C65F599151DB7 /* TMDBClient.swift */; };
		E32960CA884D840A186279CD /* Series.swift in Sources */ = {isa = PBXBuildFile; fileRef = 8FD56AA44761F50F94B92C36 /* Series.swift */; };
		E5894109912746A22B937DEC /* ShortcutsService.swift in Sources */ = {isa = PBXBuildFile; fileRef = 70B3EA771CAC059853E43C1A /* ShortcutsService.swift */; };
		E8B5E0E236A050CD9052433A /* AetherUI.framework in Frameworks */ = {isa = PBXBuildFile; fileRef = A9B396EDE4E7AE499BFCEEB8 /* AetherUI.framework */; };
		EA0D0013A60DE6417169B982 /* WatchHistoryView.swift in Sources */ = {isa = PBXBuildFile; fileRef = 6C8A144231930CD6A3D7FAC8 /* WatchHistoryView.swift */; };
		EA6C17A59E7EE7411889A55E /* VLCKit.xcframework in Embed Frameworks */ = {isa = PBXBuildFile; fileRef = 0BA97FFF7C0997D94B43490D /* VLCKit.xcframework */; settings = {ATTRIBUTES = (CodeSignOnCopy, RemoveHeadersOnCopy, ); }; };
		EB6471FC2C357341B3886A7E /* StreamQualityDetector.swift in Sources */ = {isa = PBXBuildFile; fileRef = D615FFC57AD21D4AB58D734D /* StreamQualityDetector.swift */; };
		EBA4A9B752025EACFEF23557 /* PlaylistImporter.swift in Sources */ = {isa = PBXBuildFile; fileRef = 19E1A13A0B4836675F7FC0B1 /* PlaylistImporter.swift */; };
		EBF3D625AED8BBF76C35FC57 /* AetherCore.framework in Frameworks */ = {isa = PBXBuildFile; fileRef = 8D4DA51044A19ACE93DD7649 /* AetherCore.framework */; };
		ECA6E98651241AABC0724878 /* BrandHubCard.swift in Sources */ = {isa = PBXBuildFile; fileRef = 064406E4F4E83C8052F55DF5 /* BrandHubCard.swift */; };
		ED290CF352817319E984D983 /* PlaylistHealthView.swift in Sources */ = {isa = PBXBuildFile; fileRef = 74C713D94A64A5DA16088792 /* PlaylistHealthView.swift */; };
		EF3647358E72519E30DB2AA5 /* VODBrowserView.swift in Sources */ = {isa = PBXBuildFile; fileRef = 1614676A299EFC6CCE9E6ACC /* VODBrowserView.swift */; };
		F0B3D70D31587B119A656E10 /* PlaylistRecord.swift in Sources */ = {isa = PBXBuildFile; fileRef = EDC809B9EA3ABB867425071F /* PlaylistRecord.swift */; };
		F1785AA0769DD2EB288F34D5 /* RecordingManagerView.swift in Sources */ = {isa = PBXBuildFile; fileRef = 0E0F7D9D89690DBB17039087 /* RecordingManagerView.swift */; };
		F2EF2ABD47D0FA3383A8F33E /* SleepTimerService.swift in Sources */ = {isa = PBXBuildFile; fileRef = DFD1D5336F0DE023A7BF6CB5 /* SleepTimerService.swift */; };
		F360EFA243266893FC141084 /* ContentView.swift in Sources */ = {isa = PBXBuildFile; fileRef = EF309ECD3D8B4A7265581A59 /* ContentView.swift */; };
		F3990204F2B5819C6FABABFA /* StreamingCards.swift in Sources */ = {isa = PBXBuildFile; fileRef = 2DE3E95CF90A0182372A42CD /* StreamingCards.swift */; };
		F619749E5D103C981FD6CA27 /* Channel.swift in Sources */ = {isa = PBXBuildFile; fileRef = 3029867A6EB8F974824303E9 /* Channel.swift */; };
		F720402FF67BAEBB52D7081B /* SettingsView.swift in Sources */ = {isa = PBXBuildFile; fileRef = 7D418B294C3F798A3269DDD2 /* SettingsView.swift */; };
		FA4363DC2A1786E96A532E35 /* Colors.swift in Sources */ = {isa = PBXBuildFile; fileRef = 419BD7CFF6FC0530F0F00FB1 /* Colors.swift */; };
		FD94BDF82EFCA771750C2214 /* StreamStatsView.swift in Sources */ = {isa = PBXBuildFile; fileRef = FB218F2B7C042B6AD5757562 /* StreamStatsView.swift */; };
		FF460656D7AAB25713A298E8 /* ChannelFilterService.swift in Sources */ = {isa = PBXBuildFile; fileRef = 58E1DCCA94E0939446759DF7 /* ChannelFilterService.swift */; };
/* End PBXBuildFile section */

/* Begin PBXContainerItemProxy section */
		3748F8F8C7DEFF0AEDC13FA5 /* PBXContainerItemProxy */ = {
			isa = PBXContainerItemProxy;
			containerPortal = E7C705F7C33D8C121C974109 /* Project object */;
			proxyType = 1;
			remoteGlobalIDString = F3BF791DEC33AEB16F1272F3;
			remoteInfo = AetherUI;
		};
		7D3B8C05AA79F86863A01AE9 /* PBXContainerItemProxy */ = {
			isa = PBXContainerItemProxy;
			containerPortal = E7C705F7C33D8C121C974109 /* Project object */;
			proxyType = 1;
			remoteGlobalIDString = 35BCC85B3BEC0758B2852635;
			remoteInfo = AetherCore;
		};
		C136EC6B96D72E3CF790AEC2 /* PBXContainerItemProxy */ = {
			isa = PBXContainerItemProxy;
			containerPortal = E7C705F7C33D8C121C974109 /* Project object */;
			proxyType = 1;
			remoteGlobalIDString = 35BCC85B3BEC0758B2852635;
			remoteInfo = AetherCore;
		};
/* End PBXContainerItemProxy section */

/* Begin PBXCopyFilesBuildPhase section */
		D6E9A23DB9D2DDEDBD35389C /* Embed Frameworks */ = {
			isa = PBXCopyFilesBuildPhase;
			buildActionMask = 2147483647;
			dstPath = "";
			dstSubfolderSpec = 10;
			files = (
				6C786406C591BFFF13E12E39 /* AetherCore.framework in Embed Frameworks */,
				2E3C85DA58D3641F3BB229E0 /* AetherUI.framework in Embed Frameworks */,
				EA6C17A59E7EE7411889A55E /* VLCKit.xcframework in Embed Frameworks */,
				748902B32A8E6346778B23CF /* SwiftUI.framework in Embed Frameworks */,
				9129CC467D89C700A29B120D /* AVKit.framework in Embed Frameworks */,
				1332E8AC58B7C126483DF1CC /* AVFoundation.framework in Embed Frameworks */,
			);
			name = "Embed Frameworks";
			runOnlyForDeploymentPostprocessing = 0;
		};
/* End PBXCopyFilesBuildPhase section */

/* Begin PBXFileReference section */
		01530D9D21D063F3DED7D812 /* CloudKitManager.swift */ = {isa = PBXFileReference; lastKnownFileType = sourcecode.swift; path = CloudKitManager.swift; sourceTree = "<group>"; };
		035364DFA07E81EF28BA24AF /* NetworkStatusBanner.swift */ = {isa = PBXFileReference; lastKnownFileType = sourcecode.swift; path = NetworkStatusBanner.swift; sourceTree = "<group>"; };
		04068789539A926441890FA4 /* ParentalControlService.swift */ = {isa = PBXFileReference; lastKnownFileType = sourcecode.swift; path = ParentalControlService.swift; sourceTree = "<group>"; };
		048CF1F7AB5CFAA12167C490 /* SubtitleTrack.swift */ = {isa = PBXFileReference; lastKnownFileType = sourcecode.swift; path = SubtitleTrack.swift; sourceTree = "<group>"; };
		04DEB475435EE12CEC9BE913 /* VODNormalizer.swift */ = {isa = PBXFileReference; lastKnownFileType = sourcecode.swift; path = VODNormalizer.swift; sourceTree = "<group>"; };
		06438BECA33F03CBE1496001 /* ShareablePlaylist.swift */ = {isa = PBXFileReference; lastKnownFileType = sourcecode.swift; path = ShareablePlaylist.swift; sourceTree = "<group>"; };
		064406E4F4E83C8052F55DF5 /* BrandHubCard.swift */ = {isa = PBXFileReference; lastKnownFileType = sourcecode.swift; path = BrandHubCard.swift; sourceTree = "<group>"; };
		067B0A9163413D989273E0AE /* SwiftUI.framework */ = {isa = PBXFileReference; lastKnownFileType = wrapper.framework; path = SwiftUI.framework; sourceTree = BUILT_PRODUCTS_DIR; };
		087CBCE5B3D5F09B5FBBDE51 /* AetherMigrationPlan.swift */ = {isa = PBXFileReference; lastKnownFileType = sourcecode.swift; path = AetherMigrationPlan.swift; sourceTree = "<group>"; };
		09E7FCD6159DB43D64EB5128 /* VODDetailView.swift */ = {isa = PBXFileReference; lastKnownFileType = sourcecode.swift; path = VODDetailView.swift; sourceTree = "<group>"; };
		0BA97FFF7C0997D94B43490D /* VLCKit.xcframework */ = {isa = PBXFileReference; lastKnownFileType = wrapper.xcframework; name = VLCKit.xcframework; path = .vlckit/VLCKit.xcframework; sourceTree = "<group>"; };
		0BAE49C490187643954323B4 /* WatchPartyService.swift */ = {isa = PBXFileReference; lastKnownFileType = sourcecode.swift; path = WatchPartyService.swift; sourceTree = "<group>"; };
		0BE72901BFC416197E0B35F6 /* PlayerControlsView.swift */ = {isa = PBXFileReference; lastKnownFileType = sourcecode.swift; path = PlayerControlsView.swift; sourceTree = "<group>"; };
		0D0A5B23FC311E0D6A191D4C /* AetherUI.swift */ = {isa = PBXFileReference; lastKnownFileType = sourcecode.swift; path = AetherUI.swift; sourceTree = "<group>"; };
		0D262E0D21A28811E3B44154 /* AgeRating.swift */ = {isa = PBXFileReference; lastKnownFileType = sourcecode.swift; path = AgeRating.swift; sourceTree = "<group>"; };
		0E0F7D9D89690DBB17039087 /* RecordingManagerView.swift */ = {isa = PBXFileReference; lastKnownFileType = sourcecode.swift; path = RecordingManagerView.swift; sourceTree = "<group>"; };
		13425EC9523082EE4448DDA2 /* EPGService.swift */ = {isa = PBXFileReference; lastKnownFileType = sourcecode.swift; path = EPGService.swift; sourceTree = "<group>"; };
		13DB1464E1AF5E9828995DDB /* RecordingControlsButton.swift */ = {isa = PBXFileReference; lastKnownFileType = sourcecode.swift; path = RecordingControlsButton.swift; sourceTree = "<group>"; };
		15E4689789990AF0A9C493D3 /* CrashReportsView.swift */ = {isa = PBXFileReference; lastKnownFileType = sourcecode.swift; path = CrashReportsView.swift; sourceTree = "<group>"; };
		1614676A299EFC6CCE9E6ACC /* VODBrowserView.swift */ = {isa = PBXFileReference; lastKnownFileType = sourcecode.swift; path = VODBrowserView.swift; sourceTree = "<group>"; };
		17420F202FE4A40AA8DD3010 /* PlayerView.swift */ = {isa = PBXFileReference; lastKnownFileType = sourcecode.swift; path = PlayerView.swift; sourceTree = "<group>"; };
		17894C659676630E35FE3E50 /* WatchPartyView.swift */ = {isa = PBXFileReference; lastKnownFileType = sourcecode.swift; path = WatchPartyView.swift; sourceTree = "<group>"; };
		17E555ACABB08AB1791E06E9 /* MovieManager.swift */ = {isa = PBXFileReference; lastKnownFileType = sourcecode.swift; path = MovieManager.swift; sourceTree = "<group>"; };
		1924EE5993C1FC6BE46DD0DD /* View+ScrollWheel.swift */ = {isa = PBXFileReference; lastKnownFileType = sourcecode.swift; path = "View+ScrollWheel.swift"; sourceTree = "<group>"; };
		19E1A13A0B4836675F7FC0B1 /* PlaylistImporter.swift */ = {isa = PBXFileReference; lastKnownFileType = sourcecode.swift; path = PlaylistImporter.swift; sourceTree = "<group>"; };
		1BA4F2285716378C403D9EF7 /* PINLockView.swift */ = {isa = PBXFileReference; lastKnownFileType = sourcecode.swift; path = PINLockView.swift; sourceTree = "<group>"; };
		1CA7F523EE904ADCA67525FE /* ChannelRecord.swift */ = {isa = PBXFileReference; lastKnownFileType = sourcecode.swift; path = ChannelRecord.swift; sourceTree = "<group>"; };
		1D245AAF42B490B1EE805C3E /* SubtitleService.swift */ = {isa = PBXFileReference; lastKnownFileType = sourcecode.swift; path = SubtitleService.swift; sourceTree = "<group>"; };
		2161589B848E7BCE59AC9CCB /* AetherApp.app */ = {isa = PBXFileReference; explicitFileType = wrapper.application; includeInIndex = 0; path = AetherApp.app; sourceTree = BUILT_PRODUCTS_DIR; };
		22F530BC57A16A3AE9D0817A /* SeriesBrowserView.swift */ = {isa = PBXFileReference; lastKnownFileType = sourcecode.swift; path = SeriesBrowserView.swift; sourceTree = "<group>"; };
		2470CB06BA6AFB7B6BCE01CB /* Episode.swift */ = {isa = PBXFileReference; lastKnownFileType = sourcecode.swift; path = Episode.swift; sourceTree = "<group>"; };
		25C2164C8EDCA370D9D83D37 /* ChromecastService.swift.disabled */ = {isa = PBXFileReference; path = ChromecastService.swift.disabled; sourceTree = "<group>"; };
		26F2F78DDECD3484837CE40A /* EPGEntry.swift */ = {isa = PBXFileReference; lastKnownFileType = sourcecode.swift; path = EPGEntry.swift; sourceTree = "<group>"; };
		29915A9EE13DBB176D360997 /* AudioTrack.swift */ = {isa = PBXFileReference; lastKnownFileType = sourcecode.swift; path = AudioTrack.swift; sourceTree = "<group>"; };
		2C47C0A163B32BAC6AAAB547 /* BackgroundEPGRefreshService.swift */ = {isa = PBXFileReference; lastKnownFileType = sourcecode.swift; path = BackgroundEPGRefreshService.swift; sourceTree = "<group>"; };
		2DE3E95CF90A0182372A42CD /* StreamingCards.swift */ = {isa = PBXFileReference; lastKnownFileType = sourcecode.swift; path = StreamingCards.swift; sourceTree = "<group>"; };
		2E11F8B5AD91E55A34EE546D /* ChannelListView.swift */ = {isa = PBXFileReference; lastKnownFileType = sourcecode.swift; path = ChannelListView.swift; sourceTree = "<group>"; };
		2E19412444FDD232D73D5778 /* Recording.swift */ = {isa = PBXFileReference; lastKnownFileType = sourcecode.swift; path = Recording.swift; sourceTree = "<group>"; };
		2E280C6B2994A632F0284F49 /* AirPlayService.swift */ = {isa = PBXFileReference; lastKnownFileType = sourcecode.swift; path = AirPlayService.swift; sourceTree = "<group>"; };
		2E2A1B93A240E3287CCA93BD /* EPGTimelineView.swift */ = {isa = PBXFileReference; lastKnownFileType = sourcecode.swift; path = EPGTimelineView.swift; sourceTree = "<group>"; };
		2F1F7F9B6EE31CED79826D64 /* HomeView.swift */ = {isa = PBXFileReference; lastKnownFileType = sourcecode.swift; path = HomeView.swift; sourceTree = "<group>"; };
		3029867A6EB8F974824303E9 /* Channel.swift */ = {isa = PBXFileReference; lastKnownFileType = sourcecode.swift; path = Channel.swift; sourceTree = "<group>"; };
		30BB1C6AE4216B9B031F613C /* ImageCache.swift */ = {isa = PBXFileReference; lastKnownFileType = sourcecode.swift; path = ImageCache.swift; sourceTree = "<group>"; };
		31152D968BBBDB821D646E2F /* SeriesDetailView.swift */ = {isa = PBXFileReference; lastKnownFileType = sourcecode.swift; path = SeriesDetailView.swift; sourceTree = "<group>"; };
		3137F0E59E16FFCE1A02E484 /* TrackPickerView.swift */ = {isa = PBXFileReference; lastKnownFileType = sourcecode.swift; path = TrackPickerView.swift; sourceTree = "<group>"; };
		315BE17CBB3DE70C094BAF9C /* AetherApp.entitlements */ = {isa = PBXFileReference; lastKnownFileType = text.plist.entitlements; path = AetherApp.entitlements; sourceTree = "<group>"; };
		31BF11C18D1672A3D6A087C1 /* TimeshiftService.swift */ = {isa = PBXFileReference; lastKnownFileType = sourcecode.swift; path = TimeshiftService.swift; sourceTree = "<group>"; };
		3632FA35FBA2ADB9065405F9 /* RecommendationsView.swift */ = {isa = PBXFileReference; lastKnownFileType = sourcecode.swift; path = RecommendationsView.swift; sourceTree = "<group>"; };
		385AA9B9CDC12C305051AA62 /* AetherApp.swift */ = {isa = PBXFileReference; lastKnownFileType = sourcecode.swift; path = AetherApp.swift; sourceTree = "<group>"; };
		3AC2920197E32D78C06EC2F5 /* AnalyticsView.swift */ = {isa = PBXFileReference; lastKnownFileType = sourcecode.swift; path = AnalyticsView.swift; sourceTree = "<group>"; };
		3E0821E07A8B78CF47A375FC /* AVKit.framework */ = {isa = PBXFileReference; lastKnownFileType = wrapper.framework; path = AVKit.framework; sourceTree = BUILT_PRODUCTS_DIR; };
		418F9B83AFF92FF835F35B10 /* FavoritesView.swift */ = {isa = PBXFileReference; lastKnownFileType = sourcecode.swift; path = FavoritesView.swift; sourceTree = "<group>"; };
		419BD7CFF6FC0530F0F00FB1 /* Colors.swift */ = {isa = PBXFileReference; lastKnownFileType = sourcecode.swift; path = Colors.swift; sourceTree = "<group>"; };
		419F4C5874E6FDEBB33DD093 /* PlaylistValidator.swift */ = {isa = PBXFileReference; lastKnownFileType = sourcecode.swift; path = PlaylistValidator.swift; sourceTree = "<group>"; };
		41BA786D5DBB2309F89268BA /* RemoteControlView.swift */ = {isa = PBXFileReference; lastKnownFileType = sourcecode.swift; path = RemoteControlView.swift; sourceTree = "<group>"; };
		420209EC70DDCA140924F8F5 /* ThemeService.swift */ = {isa = PBXFileReference; lastKnownFileType = sourcecode.swift; path = ThemeService.swift; sourceTree = "<group>"; };
		43254CD83FE537EFC1CEEC69 /* ChannelLogoView.swift */ = {isa = PBXFileReference; lastKnownFileType = sourcecode.swift; path = ChannelLogoView.swift; sourceTree = "<group>"; };
		4376D40FF1934EF56B750049 /* SidebarView.swift */ = {isa = PBXFileReference; lastKnownFileType = sourcecode.swift; path = SidebarView.swift; sourceTree = "<group>"; };
		459772E0DEBE6D9D97BB545F /* TrackService.swift */ = {isa = PBXFileReference; lastKnownFileType = sourcecode.swift; path = TrackService.swift; sourceTree = "<group>"; };
		49D0388642D84746E259A86E /* Info.plist */ = {isa = PBXFileReference; lastKnownFileType = text.plist; path = Info.plist; sourceTree = "<group>"; };
		4B43110B2E4E70BE183ABB25 /* HomeViewModel.swift */ = {isa = PBXFileReference; lastKnownFileType = sourcecode.swift; path = HomeViewModel.swift; sourceTree = "<group>"; };
		4C850B9D279C933E436D90DB /* XMLTVParser.swift */ = {isa = PBXFileReference; lastKnownFileType = sourcecode.swift; path = XMLTVParser.swift; sourceTree = "<group>"; };
		4EA668CBBE896A540B710001 /* ParentalControlsView.swift */ = {isa = PBXFileReference; lastKnownFileType = sourcecode.swift; path = ParentalControlsView.swift; sourceTree = "<group>"; };
		52568164F1BCBAEE1618A3CB /* WatchProgressRecord.swift */ = {isa = PBXFileReference; lastKnownFileType = sourcecode.swift; path = WatchProgressRecord.swift; sourceTree = "<group>"; };
		5451D733D8D95500CA01D994 /* AddPlaylistSheet.swift */ = {isa = PBXFileReference; lastKnownFileType = sourcecode.swift; path = AddPlaylistSheet.swift; sourceTree = "<group>"; };
		552A9A0EA9BC5AD2EF683118 /* EPGStore.swift */ = {isa = PBXFileReference; lastKnownFileType = sourcecode.swift; path = EPGStore.swift; sourceTree = "<group>"; };
		585FBE6B7D5B550EA544046F /* RecordingService.swift */ = {isa = PBXFileReference; lastKnownFileType = sourcecode.swift; path = RecordingService.swift; sourceTree = "<group>"; };
		58E1DCCA94E0939446759DF7 /* ChannelFilterService.swift */ = {isa = PBXFileReference; lastKnownFileType = sourcecode.swift; path = ChannelFilterService.swift; sourceTree = "<group>"; };
		59C06F41D40EA464926DB595 /* VODNormalizer.swift */ = {isa = PBXFileReference; lastKnownFileType = sourcecode.swift; path = VODNormalizer.swift; sourceTree = "<group>"; };
		5E708424ED166883B24A8792 /* PlaylistSharingService.swift */ = {isa = PBXFileReference; lastKnownFileType = sourcecode.swift; path = PlaylistSharingService.swift; sourceTree = "<group>"; };
		602ABB8247822C22FF37EE26 /* FavoriteRecord.swift */ = {isa = PBXFileReference; lastKnownFileType = sourcecode.swift; path = FavoriteRecord.swift; sourceTree = "<group>"; };
		61BF2EEA96979403F96FB5B0 /* PlaylistSharingView.swift */ = {isa = PBXFileReference; lastKnownFileType = sourcecode.swift; path = PlaylistSharingView.swift; sourceTree = "<group>"; };
		62BF927739E610A4A514CE9B /* PlayerCore.swift */ = {isa = PBXFileReference; lastKnownFileType = sourcecode.swift; path = PlayerCore.swift; sourceTree = "<group>"; };
		653353D44828E898323A2616 /* Playlist.swift */ = {isa = PBXFileReference; lastKnownFileType = sourcecode.swift; path = Playlist.swift; sourceTree = "<group>"; };
		6859FBE4A62560580CD89197 /* MemoryMonitorService.swift */ = {isa = PBXFileReference; lastKnownFileType = sourcecode.swift; path = MemoryMonitorService.swift; sourceTree = "<group>"; };
		691E223FC2F3B31AB9FAF06F /* PlaylistService.swift */ = {isa = PBXFileReference; lastKnownFileType = sourcecode.swift; path = PlaylistService.swift; sourceTree = "<group>"; };
		6AECC049E74E59735E032F8D /* ChannelListView_ContentCategory.swift */ = {isa = PBXFileReference; lastKnownFileType = sourcecode.swift; path = ChannelListView_ContentCategory.swift; sourceTree = "<group>"; };
		6C1AFB3CC3659FA85E156AEE /* MovieRecord.swift */ = {isa = PBXFileReference; lastKnownFileType = sourcecode.swift; path = MovieRecord.swift; sourceTree = "<group>"; };
		6C8A144231930CD6A3D7FAC8 /* WatchHistoryView.swift */ = {isa = PBXFileReference; lastKnownFileType = sourcecode.swift; path = WatchHistoryView.swift; sourceTree = "<group>"; };
		6D1FE1863E935EDA5D019895 /* VLCVideoView.swift */ = {isa = PBXFileReference; lastKnownFileType = sourcecode.swift; path = VLCVideoView.swift; sourceTree = "<group>"; };
		6F4BF9F564D97562682D512C /* StatusBarController.swift */ = {isa = PBXFileReference; lastKnownFileType = sourcecode.swift; path = StatusBarController.swift; sourceTree = "<group>"; };
		70B3EA771CAC059853E43C1A /* ShortcutsService.swift */ = {isa = PBXFileReference; lastKnownFileType = sourcecode.swift; path = ShortcutsService.swift; sourceTree = "<group>"; };
		74C713D94A64A5DA16088792 /* PlaylistHealthView.swift */ = {isa = PBXFileReference; lastKnownFileType = sourcecode.swift; path = PlaylistHealthView.swift; sourceTree = "<group>"; };
		74D7855649A74FFCFDEEF937 /* FloatingChannelPanel.swift */ = {isa = PBXFileReference; lastKnownFileType = sourcecode.swift; path = FloatingChannelPanel.swift; sourceTree = "<group>"; };
		7C005200F91BF6E557799B32 /* ChannelCache.swift */ = {isa = PBXFileReference; lastKnownFileType = sourcecode.swift; path = ChannelCache.swift; sourceTree = "<group>"; };
		7C1E26ACACC994650C5145A2 /* Assets.xcassets */ = {isa = PBXFileReference; lastKnownFileType = folder.assetcatalog; path = Assets.xcassets; sourceTree = "<group>"; };
		7CCD90B4EA0DBC8F60781592 /* AppearancePickerView.swift */ = {isa = PBXFileReference; lastKnownFileType = sourcecode.swift; path = AppearancePickerView.swift; sourceTree = "<group>"; };
		7D418B294C3F798A3269DDD2 /* SettingsView.swift */ = {isa = PBXFileReference; lastKnownFileType = sourcecode.swift; path = SettingsView.swift; sourceTree = "<group>"; };
		7E9E7692401552E204C51AF5 /* HubDetailView.swift */ = {isa = PBXFileReference; lastKnownFileType = sourcecode.swift; path = HubDetailView.swift; sourceTree = "<group>"; };
		7EBCCD6FBC48CD85A4F1E23D /* iCloudSyncView.swift */ = {isa = PBXFileReference; lastKnownFileType = sourcecode.swift; path = iCloudSyncView.swift; sourceTree = "<group>"; };
		7F8480FFDB7E774C25C79561 /* KeychainService.swift */ = {isa = PBXFileReference; lastKnownFileType = sourcecode.swift; path = KeychainService.swift; sourceTree = "<group>"; };
		80F1EFED938D2E30581F2670 /* SeriesManager.swift */ = {isa = PBXFileReference; lastKnownFileType = sourcecode.swift; path = SeriesManager.swift; sourceTree = "<group>"; };
		83430ED0EF7D543F91F72D7E /* ChannelGridView.swift */ = {isa = PBXFileReference; lastKnownFileType = sourcecode.swift; path = ChannelGridView.swift; sourceTree = "<group>"; };
		85EC30D53C512BC64FE03303 /* PlaylistSidebar.swift */ = {isa = PBXFileReference; lastKnownFileType = sourcecode.swift; path = PlaylistSidebar.swift; sourceTree = "<group>"; };
		86FDCAC3A26ADD1E762DB5CE /* ContentTaxonomy.swift */ = {isa = PBXFileReference; lastKnownFileType = sourcecode.swift; path = ContentTaxonomy.swift; sourceTree = "<group>"; };
		8C09B7977084EA50CE2EF5EE /* VoiceCommandService.swift */ = {isa = PBXFileReference; lastKnownFileType = sourcecode.swift; path = VoiceCommandService.swift; sourceTree = "<group>"; };
		8D4DA51044A19ACE93DD7649 /* AetherCore.framework */ = {isa = PBXFileReference; explicitFileType = wrapper.framework; includeInIndex = 0; path = AetherCore.framework; sourceTree = BUILT_PRODUCTS_DIR; };
		8EC795B47D1D1E79C0DB7AFF /* OnboardingView.swift */ = {isa = PBXFileReference; lastKnownFileType = sourcecode.swift; path = OnboardingView.swift; sourceTree = "<group>"; };
		8FD56AA44761F50F94B92C36 /* Series.swift */ = {isa = PBXFileReference; lastKnownFileType = sourcecode.swift; path = Series.swift; sourceTree = "<group>"; };
		94E78F9B3707EDE3E964AFE7 /* SubtitleSettingsView.swift */ = {isa = PBXFileReference; lastKnownFileType = sourcecode.swift; path = SubtitleSettingsView.swift; sourceTree = "<group>"; };
		96D143934D4757D0029885FF /* ParentalSettings.swift */ = {isa = PBXFileReference; lastKnownFileType = sourcecode.swift; path = ParentalSettings.swift; sourceTree = "<group>"; };
		996D6498DC14504E05201A23 /* iCloudSyncService.swift */ = {isa = PBXFileReference; lastKnownFileType = sourcecode.swift; path = iCloudSyncService.swift; sourceTree = "<group>"; };
		9B521C7F271C5F8298FC06F8 /* ChannelRowView.swift */ = {isa = PBXFileReference; lastKnownFileType = sourcecode.swift; path = ChannelRowView.swift; sourceTree = "<group>"; };
		9BB190ABB11C65F599151DB7 /* TMDBClient.swift */ = {isa = PBXFileReference; lastKnownFileType = sourcecode.swift; path = TMDBClient.swift; sourceTree = "<group>"; };
		A0010E0BE7C2FAC86955B157 /* SubtitleOverlayView.swift */ = {isa = PBXFileReference; lastKnownFileType = sourcecode.swift; path = SubtitleOverlayView.swift; sourceTree = "<group>"; };
		A34DF45D4C194E869474AC31 /* AnalyticsService.swift */ = {isa = PBXFileReference; lastKnownFileType = sourcecode.swift; path = AnalyticsService.swift; sourceTree = "<group>"; };
		A5BE45B0CC414A9F8B2892E2 /* MiniPlayerView.swift */ = {isa = PBXFileReference; lastKnownFileType = sourcecode.swift; path = MiniPlayerView.swift; sourceTree = "<group>"; };
		A687A81F2ECED65E62752A51 /* SeriesRecord.swift */ = {isa = PBXFileReference; lastKnownFileType = sourcecode.swift; path = SeriesRecord.swift; sourceTree = "<group>"; };
		A6C829037C0F5C9AF96C9C90 /* XstreamService.swift */ = {isa = PBXFileReference; lastKnownFileType = sourcecode.swift; path = XstreamService.swift; sourceTree = "<group>"; };
		A7193BDEE0096478762FE954 /* StreamingServiceDetailView.swift */ = {isa = PBXFileReference; lastKnownFileType = sourcecode.swift; path = StreamingServiceDetailView.swift; sourceTree = "<group>"; };
		A7720BE37DB738484A4A7378 /* Security.framework */ = {isa = PBXFileReference; lastKnownFileType = wrapper.framework; path = Security.framework; sourceTree = BUILT_PRODUCTS_DIR; };
		A9B396EDE4E7AE499BFCEEB8 /* AetherUI.framework */ = {isa = PBXFileReference; explicitFileType = wrapper.framework; includeInIndex = 0; path = AetherUI.framework; sourceTree = BUILT_PRODUCTS_DIR; };
		AC90EB54756E93D4EF8511F3 /* ParentalControlError.swift */ = {isa = PBXFileReference; lastKnownFileType = sourcecode.swift; path = ParentalControlError.swift; sourceTree = "<group>"; };
		AD975FE319A64869FB3F830D /* TrackPickerButton.swift */ = {isa = PBXFileReference; lastKnownFileType = sourcecode.swift; path = TrackPickerButton.swift; sourceTree = "<group>"; };
		ADB286B4B69FF50387874737 /* NotificationManager.swift */ = {isa = PBXFileReference; lastKnownFileType = sourcecode.swift; path = NotificationManager.swift; sourceTree = "<group>"; };
		ADB92BDB430F4E25ACB55CAF /* MemoryMonitorView.swift */ = {isa = PBXFileReference; lastKnownFileType = sourcecode.swift; path = MemoryMonitorView.swift; sourceTree = "<group>"; };
		AFB1356E5A8FB2E5250BB88E /* SeekBarView.swift */ = {isa = PBXFileReference; lastKnownFileType = sourcecode.swift; path = SeekBarView.swift; sourceTree = "<group>"; };
		B4ABB3F1B7FCEF9953F35A35 /* CloudSyncView.swift */ = {isa = PBXFileReference; lastKnownFileType = sourcecode.swift; path = CloudSyncView.swift; sourceTree = "<group>"; };
		B7220318855F09A954F97ADB /* AVFoundation.framework */ = {isa = PBXFileReference; lastKnownFileType = wrapper.framework; path = AVFoundation.framework; sourceTree = BUILT_PRODUCTS_DIR; };
		B8DFBA81D23FFE7FB4D718AD /* LanguagePickerView.swift */ = {isa = PBXFileReference; lastKnownFileType = sourcecode.swift; path = LanguagePickerView.swift; sourceTree = "<group>"; };
		B9EDEFFA1967BE0E7E2FC5EA /* CommandPaletteView.swift */ = {isa = PBXFileReference; lastKnownFileType = sourcecode.swift; path = CommandPaletteView.swift; sourceTree = "<group>"; };
		BDB093D805443F65EA6E5A73 /* M3UParser.swift */ = {isa = PBXFileReference; lastKnownFileType = sourcecode.swift; path = M3UParser.swift; sourceTree = "<group>"; };
		C20859D382210F29A349CD64 /* PlaylistExporter.swift */ = {isa = PBXFileReference; lastKnownFileType = sourcecode.swift; path = PlaylistExporter.swift; sourceTree = "<group>"; };
		C277716B59962EC0DF5DDAF1 /* CrashReportingService.swift */ = {isa = PBXFileReference; lastKnownFileType = sourcecode.swift; path = CrashReportingService.swift; sourceTree = "<group>"; };
		C409AE2C0BCF757FD54DA4EA /* KeyboardShortcutHandler.swift */ = {isa = PBXFileReference; lastKnownFileType = sourcecode.swift; path = KeyboardShortcutHandler.swift; sourceTree = "<group>"; };
		C421465610BED0FDAC4F1450 /* AppearanceMode.swift */ = {isa = PBXFileReference; lastKnownFileType = sourcecode.swift; path = AppearanceMode.swift; sourceTree = "<group>"; };
		C532AB9D252CF007ED1A4361 /* RemoteControlService.swift */ = {isa = PBXFileReference; lastKnownFileType = sourcecode.swift; path = RemoteControlService.swift; sourceTree = "<group>"; };
		C7CD5442F3CC1889677FD45A /* LastChannelStore.swift */ = {isa = PBXFileReference; lastKnownFileType = sourcecode.swift; path = LastChannelStore.swift; sourceTree = "<group>"; };
		C9923AD541B0FE4A13359A90 /* ThemePickerView.swift */ = {isa = PBXFileReference; lastKnownFileType = sourcecode.swift; path = ThemePickerView.swift; sourceTree = "<group>"; };
		CB043ED49C5B8C476A912D5B /* Typography.swift */ = {isa = PBXFileReference; lastKnownFileType = sourcecode.swift; path = Typography.swift; sourceTree = "<group>"; };
		CBD203E0BFC177FA94A9FBBD /* SeriesGrouper.swift */ = {isa = PBXFileReference; lastKnownFileType = sourcecode.swift; path = SeriesGrouper.swift; sourceTree = "<group>"; };
		D5DD1F63F037B0DF7C6C4B00 /* SubtitleStylingView.swift */ = {isa = PBXFileReference; lastKnownFileType = sourcecode.swift; path = SubtitleStylingView.swift; sourceTree = "<group>"; };
		D615FFC57AD21D4AB58D734D /* StreamQualityDetector.swift */ = {isa = PBXFileReference; lastKnownFileType = sourcecode.swift; path = StreamQualityDetector.swift; sourceTree = "<group>"; };
		D97D6D913B9031255B2583E8 /* GlobalContentSearchView.swift */ = {isa = PBXFileReference; lastKnownFileType = sourcecode.swift; path = GlobalContentSearchView.swift; sourceTree = "<group>"; };
		DCC4BE3EB007E4433902478D /* Movie.swift */ = {isa = PBXFileReference; lastKnownFileType = sourcecode.swift; path = Movie.swift; sourceTree = "<group>"; };
		DF99F2C4F5B828ADAA93BA75 /* RecommendationService.swift */ = {isa = PBXFileReference; lastKnownFileType = sourcecode.swift; path = RecommendationService.swift; sourceTree = "<group>"; };
		DFD1D5336F0DE023A7BF6CB5 /* SleepTimerService.swift */ = {isa = PBXFileReference; lastKnownFileType = sourcecode.swift; path = SleepTimerService.swift; sourceTree = "<group>"; };
		E05928F0FDFE8B06C2C31F2F /* SubtitleStore.swift */ = {isa = PBXFileReference; lastKnownFileType = sourcecode.swift; path = SubtitleStore.swift; sourceTree = "<group>"; };
		E3BC46F3E1CB60635961C806 /* WatchHistoryRecord.swift */ = {isa = PBXFileReference; lastKnownFileType = sourcecode.swift; path = WatchHistoryRecord.swift; sourceTree = "<group>"; };
		E8601BC082E988798713BD6D /* SRTParser.swift */ = {isa = PBXFileReference; lastKnownFileType = sourcecode.swift; path = SRTParser.swift; sourceTree = "<group>"; };
		EC9613471A3FAB1E5A589F19 /* EmptyStateView.swift */ = {isa = PBXFileReference; lastKnownFileType = sourcecode.swift; path = EmptyStateView.swift; sourceTree = "<group>"; };
		ED772739F94913E3B30FD80C /* CategoryNormalizer.swift */ = {isa = PBXFileReference; lastKnownFileType = sourcecode.swift; path = CategoryNormalizer.swift; sourceTree = "<group>"; };
		EDC809B9EA3ABB867425071F /* PlaylistRecord.swift */ = {isa = PBXFileReference; lastKnownFileType = sourcecode.swift; path = PlaylistRecord.swift; sourceTree = "<group>"; };
		EF309ECD3D8B4A7265581A59 /* ContentView.swift */ = {isa = PBXFileReference; lastKnownFileType = sourcecode.swift; path = ContentView.swift; sourceTree = "<group>"; };
		F079354055B3CBADB3FC83AA /* MetaSyncEngine.swift */ = {isa = PBXFileReference; lastKnownFileType = sourcecode.swift; path = MetaSyncEngine.swift; sourceTree = "<group>"; };
		F20E799F93B98BEE70539ED5 /* RecordingError.swift */ = {isa = PBXFileReference; lastKnownFileType = sourcecode.swift; path = RecordingError.swift; sourceTree = "<group>"; };
		F2443FC2C466F89CE6168141 /* NetworkMonitorService.swift */ = {isa = PBXFileReference; lastKnownFileType = sourcecode.swift; path = NetworkMonitorService.swift; sourceTree = "<group>"; };
		F426617FA7F5353AC66690A9 /* SyncableItem.swift */ = {isa = PBXFileReference; lastKnownFileType = sourcecode.swift; path = SyncableItem.swift; sourceTree = "<group>"; };
		F9AA3E8D2853A261B2966056 /* ShimmerView.swift */ = {isa = PBXFileReference; lastKnownFileType = sourcecode.swift; path = ShimmerView.swift; sourceTree = "<group>"; };
		FA94F11D2D40893211D7EE85 /* StreamQualityService.swift */ = {isa = PBXFileReference; lastKnownFileType = sourcecode.swift; path = StreamQualityService.swift; sourceTree = "<group>"; };
		FAAA05E1DE3E90EC94C57568 /* Theme.swift */ = {isa = PBXFileReference; lastKnownFileType = sourcecode.swift; path = Theme.swift; sourceTree = "<group>"; };
		FB218F2B7C042B6AD5757562 /* StreamStatsView.swift */ = {isa = PBXFileReference; lastKnownFileType = sourcecode.swift; path = StreamStatsView.swift; sourceTree = "<group>"; };
/* End PBXFileReference section */

/* Begin PBXFrameworksBuildPhase section */
		06C9B7B9A0BD2EF1882BF3CF /* Frameworks */ = {
			isa = PBXFrameworksBuildPhase;
			buildActionMask = 2147483647;
			files = (
				EBF3D625AED8BBF76C35FC57 /* AetherCore.framework in Frameworks */,
			);
			runOnlyForDeploymentPostprocessing = 0;
		};
		4C18A6EF4BED7EFCBE82CC10 /* Frameworks */ = {
			isa = PBXFrameworksBuildPhase;
			buildActionMask = 2147483647;
			files = (
				A56B704635A1456C089AEB90 /* AetherCore.framework in Frameworks */,
				E8B5E0E236A050CD9052433A /* AetherUI.framework in Frameworks */,
				25D11922490A8D1C2051B3A3 /* VLCKit.xcframework in Frameworks */,
				CEA26163EDC060F4B169DE38 /* SwiftUI.framework in Frameworks */,
				4520A45EAEB2B4C100023C87 /* AVKit.framework in Frameworks */,
				0926B53CB12B2FEA4422EB96 /* AVFoundation.framework in Frameworks */,
			);
			runOnlyForDeploymentPostprocessing = 0;
		};
		ABB8A5ABE51B0A3BF54DB975 /* Frameworks */ = {
			isa = PBXFrameworksBuildPhase;
			buildActionMask = 2147483647;
			files = (
				C5CFBB3D9974DD322575BE36 /* VLCKit.xcframework in Frameworks */,
				759ECFD8D373D41A4C04A71D /* Security.framework in Frameworks */,
			);
			runOnlyForDeploymentPostprocessing = 0;
		};
/* End PBXFrameworksBuildPhase section */

/* Begin PBXGroup section */
		01528BCFE67B0EC3DC7BBD9A /* Frameworks */ = {
			isa = PBXGroup;
			children = (
				B7220318855F09A954F97ADB /* AVFoundation.framework */,
				3E0821E07A8B78CF47A375FC /* AVKit.framework */,
				A7720BE37DB738484A4A7378 /* Security.framework */,
				067B0A9163413D989273E0AE /* SwiftUI.framework */,
				0BA97FFF7C0997D94B43490D /* VLCKit.xcframework */,
			);
			name = Frameworks;
			sourceTree = "<group>";
		};
		24DF54F389FC094BAF017597 /* Views */ = {
			isa = PBXGroup;
			children = (
				5451D733D8D95500CA01D994 /* AddPlaylistSheet.swift */,
				3AC2920197E32D78C06EC2F5 /* AnalyticsView.swift */,
				064406E4F4E83C8052F55DF5 /* BrandHubCard.swift */,
				83430ED0EF7D543F91F72D7E /* ChannelGridView.swift */,
				6AECC049E74E59735E032F8D /* ChannelListView_ContentCategory.swift */,
				2E11F8B5AD91E55A34EE546D /* ChannelListView.swift */,
				B4ABB3F1B7FCEF9953F35A35 /* CloudSyncView.swift */,
				B9EDEFFA1967BE0E7E2FC5EA /* CommandPaletteView.swift */,
				EF309ECD3D8B4A7265581A59 /* ContentView.swift */,
				15E4689789990AF0A9C493D3 /* CrashReportsView.swift */,
				418F9B83AFF92FF835F35B10 /* FavoritesView.swift */,
				74D7855649A74FFCFDEEF937 /* FloatingChannelPanel.swift */,
				D97D6D913B9031255B2583E8 /* GlobalContentSearchView.swift */,
				2F1F7F9B6EE31CED79826D64 /* HomeView.swift */,
				7E9E7692401552E204C51AF5 /* HubDetailView.swift */,
				7EBCCD6FBC48CD85A4F1E23D /* iCloudSyncView.swift */,
				B8DFBA81D23FFE7FB4D718AD /* LanguagePickerView.swift */,
				ADB92BDB430F4E25ACB55CAF /* MemoryMonitorView.swift */,
				A5BE45B0CC414A9F8B2892E2 /* MiniPlayerView.swift */,
				035364DFA07E81EF28BA24AF /* NetworkStatusBanner.swift */,
				4EA668CBBE896A540B710001 /* ParentalControlsView.swift */,
				1BA4F2285716378C403D9EF7 /* PINLockView.swift */,
				17420F202FE4A40AA8DD3010 /* PlayerView.swift */,
				74C713D94A64A5DA16088792 /* PlaylistHealthView.swift */,
				61BF2EEA96979403F96FB5B0 /* PlaylistSharingView.swift */,
				85EC30D53C512BC64FE03303 /* PlaylistSidebar.swift */,
				3632FA35FBA2ADB9065405F9 /* RecommendationsView.swift */,
				13DB1464E1AF5E9828995DDB /* RecordingControlsButton.swift */,
				0E0F7D9D89690DBB17039087 /* RecordingManagerView.swift */,
				41BA786D5DBB2309F89268BA /* RemoteControlView.swift */,
				22F530BC57A16A3AE9D0817A /* SeriesBrowserView.swift */,
				31152D968BBBDB821D646E2F /* SeriesDetailView.swift */,
				7D418B294C3F798A3269DDD2 /* SettingsView.swift */,
				4376D40FF1934EF56B750049 /* SidebarView.swift */,
				A7193BDEE0096478762FE954 /* StreamingServiceDetailView.swift */,
				FB218F2B7C042B6AD5757562 /* StreamStatsView.swift */,
				A0010E0BE7C2FAC86955B157 /* SubtitleOverlayView.swift */,
				94E78F9B3707EDE3E964AFE7 /* SubtitleSettingsView.swift */,
				D5DD1F63F037B0DF7C6C4B00 /* SubtitleStylingView.swift */,
				AD975FE319A64869FB3F830D /* TrackPickerButton.swift */,
				3137F0E59E16FFCE1A02E484 /* TrackPickerView.swift */,
				6D1FE1863E935EDA5D019895 /* VLCVideoView.swift */,
				1614676A299EFC6CCE9E6ACC /* VODBrowserView.swift */,
				09E7FCD6159DB43D64EB5128 /* VODDetailView.swift */,
				6C8A144231930CD6A3D7FAC8 /* WatchHistoryView.swift */,
				17894C659676630E35FE3E50 /* WatchPartyView.swift */,
				607BEEDB5C9687012AA463E4 /* Shared */,
			);
			path = Views;
			sourceTree = "<group>";
		};
		2752AF8CC4D3B074030D05BD /* Models */ = {
			isa = PBXGroup;
			children = (
				0D262E0D21A28811E3B44154 /* AgeRating.swift */,
				C421465610BED0FDAC4F1450 /* AppearanceMode.swift */,
				29915A9EE13DBB176D360997 /* AudioTrack.swift */,
				3029867A6EB8F974824303E9 /* Channel.swift */,
				86FDCAC3A26ADD1E762DB5CE /* ContentTaxonomy.swift */,
				26F2F78DDECD3484837CE40A /* EPGEntry.swift */,
				2470CB06BA6AFB7B6BCE01CB /* Episode.swift */,
				DCC4BE3EB007E4433902478D /* Movie.swift */,
				AC90EB54756E93D4EF8511F3 /* ParentalControlError.swift */,
				96D143934D4757D0029885FF /* ParentalSettings.swift */,
				653353D44828E898323A2616 /* Playlist.swift */,
				2E19412444FDD232D73D5778 /* Recording.swift */,
				F20E799F93B98BEE70539ED5 /* RecordingError.swift */,
				8FD56AA44761F50F94B92C36 /* Series.swift */,
				06438BECA33F03CBE1496001 /* ShareablePlaylist.swift */,
				048CF1F7AB5CFAA12167C490 /* SubtitleTrack.swift */,
				F426617FA7F5353AC66690A9 /* SyncableItem.swift */,
				FAAA05E1DE3E90EC94C57568 /* Theme.swift */,
				04DEB475435EE12CEC9BE913 /* VODNormalizer.swift */,
			);
			path = Models;
			sourceTree = "<group>";
		};
		29243F46E3E1666722FC1210 /* AetherApp */ = {
			isa = PBXGroup;
			children = (
				385AA9B9CDC12C305051AA62 /* AetherApp.swift */,
				087CBCE5B3D5F09B5FBBDE51 /* AetherMigrationPlan.swift */,
				49D0388642D84746E259A86E /* Info.plist */,
				C409AE2C0BCF757FD54DA4EA /* KeyboardShortcutHandler.swift */,
				E05928F0FDFE8B06C2C31F2F /* SubtitleStore.swift */,
				3570E9433E11DA5B9D9D2995 /* Extensions */,
				C1B0067ADF80963D5D9989C0 /* Resources */,
				9F5D52637F793159C73FF0E6 /* StatusBar */,
				DE29887A8E1FA640CA690AFC /* ViewModels */,
				24DF54F389FC094BAF017597 /* Views */,
			);
			name = AetherApp;
			path = Sources/AetherApp;
			sourceTree = "<group>";
		};
		3570E9433E11DA5B9D9D2995 /* Extensions */ = {
			isa = PBXGroup;
			children = (
				1924EE5993C1FC6BE46DD0DD /* View+ScrollWheel.swift */,
			);
			path = Extensions;
			sourceTree = "<group>";
		};
		43A3783E415E30E9722D4B85 /* AetherUI */ = {
			isa = PBXGroup;
			children = (
				0D0A5B23FC311E0D6A191D4C /* AetherUI.swift */,
				A8EC898A8C38FCE891BE2346 /* Services */,
				AC42A99EDBFAB485417E465E /* Views */,
			);
			name = AetherUI;
			path = Sources/AetherUI;
			sourceTree = "<group>";
		};
		607BEEDB5C9687012AA463E4 /* Shared */ = {
			isa = PBXGroup;
			children = (
				2DE3E95CF90A0182372A42CD /* StreamingCards.swift */,
			);
			path = Shared;
			sourceTree = "<group>";
		};
		7CCE34B3C0A23C3EA91514B0 = {
			isa = PBXGroup;
			children = (
				29243F46E3E1666722FC1210 /* AetherApp */,
				E739C9A2437CD2E07C6EB048 /* AetherCore */,
				43A3783E415E30E9722D4B85 /* AetherUI */,
				01528BCFE67B0EC3DC7BBD9A /* Frameworks */,
				8A93DD82B280EDA489D217FB /* Products */,
			);
			sourceTree = "<group>";
		};
		8A93DD82B280EDA489D217FB /* Products */ = {
			isa = PBXGroup;
			children = (
				2161589B848E7BCE59AC9CCB /* AetherApp.app */,
				8D4DA51044A19ACE93DD7649 /* AetherCore.framework */,
				A9B396EDE4E7AE499BFCEEB8 /* AetherUI.framework */,
			);
			name = Products;
			sourceTree = "<group>";
		};
		8ED9895F74F3BE9B127C344A /* Services */ = {
			isa = PBXGroup;
			children = (
				2E280C6B2994A632F0284F49 /* AirPlayService.swift */,
				A34DF45D4C194E869474AC31 /* AnalyticsService.swift */,
				2C47C0A163B32BAC6AAAB547 /* BackgroundEPGRefreshService.swift */,
				ED772739F94913E3B30FD80C /* CategoryNormalizer.swift */,
				58E1DCCA94E0939446759DF7 /* ChannelFilterService.swift */,
				25C2164C8EDCA370D9D83D37 /* ChromecastService.swift.disabled */,
				01530D9D21D063F3DED7D812 /* CloudKitManager.swift */,
				C277716B59962EC0DF5DDAF1 /* CrashReportingService.swift */,
				13425EC9523082EE4448DDA2 /* EPGService.swift */,
				552A9A0EA9BC5AD2EF683118 /* EPGStore.swift */,
				996D6498DC14504E05201A23 /* iCloudSyncService.swift */,
				7F8480FFDB7E774C25C79561 /* KeychainService.swift */,
				6859FBE4A62560580CD89197 /* MemoryMonitorService.swift */,
				17E555ACABB08AB1791E06E9 /* MovieManager.swift */,
				F2443FC2C466F89CE6168141 /* NetworkMonitorService.swift */,
				ADB286B4B69FF50387874737 /* NotificationManager.swift */,
				04068789539A926441890FA4 /* ParentalControlService.swift */,
				C20859D382210F29A349CD64 /* PlaylistExporter.swift */,
				19E1A13A0B4836675F7FC0B1 /* PlaylistImporter.swift */,
				691E223FC2F3B31AB9FAF06F /* PlaylistService.swift */,
				5E708424ED166883B24A8792 /* PlaylistSharingService.swift */,
				419F4C5874E6FDEBB33DD093 /* PlaylistValidator.swift */,
				DF99F2C4F5B828ADAA93BA75 /* RecommendationService.swift */,
				585FBE6B7D5B550EA544046F /* RecordingService.swift */,
				C532AB9D252CF007ED1A4361 /* RemoteControlService.swift */,
				CBD203E0BFC177FA94A9FBBD /* SeriesGrouper.swift */,
				80F1EFED938D2E30581F2670 /* SeriesManager.swift */,
				70B3EA771CAC059853E43C1A /* ShortcutsService.swift */,
				DFD1D5336F0DE023A7BF6CB5 /* SleepTimerService.swift */,
				D615FFC57AD21D4AB58D734D /* StreamQualityDetector.swift */,
				FA94F11D2D40893211D7EE85 /* StreamQualityService.swift */,
				1D245AAF42B490B1EE805C3E /* SubtitleService.swift */,
				420209EC70DDCA140924F8F5 /* ThemeService.swift */,
				31BF11C18D1672A3D6A087C1 /* TimeshiftService.swift */,
				9BB190ABB11C65F599151DB7 /* TMDBClient.swift */,
				459772E0DEBE6D9D97BB545F /* TrackService.swift */,
				8C09B7977084EA50CE2EF5EE /* VoiceCommandService.swift */,
				0BAE49C490187643954323B4 /* WatchPartyService.swift */,
				A6C829037C0F5C9AF96C9C90 /* XstreamService.swift */,
			);
			path = Services;
			sourceTree = "<group>";
		};
		9ECE4E2FAE1883DE7637B25D /* Parsers */ = {
			isa = PBXGroup;
			children = (
				BDB093D805443F65EA6E5A73 /* M3UParser.swift */,
				E8601BC082E988798713BD6D /* SRTParser.swift */,
				4C850B9D279C933E436D90DB /* XMLTVParser.swift */,
			);
			path = Parsers;
			sourceTree = "<group>";
		};
		9F5D52637F793159C73FF0E6 /* StatusBar */ = {
			isa = PBXGroup;
			children = (
				6F4BF9F564D97562682D512C /* StatusBarController.swift */,
			);
			path = StatusBar;
			sourceTree = "<group>";
		};
		A8EC898A8C38FCE891BE2346 /* Services */ = {
			isa = PBXGroup;
			children = (
				30BB1C6AE4216B9B031F613C /* ImageCache.swift */,
			);
			path = Services;
			sourceTree = "<group>";
		};
		AC42A99EDBFAB485417E465E /* Views */ = {
			isa = PBXGroup;
			children = (
				7CCD90B4EA0DBC8F60781592 /* AppearancePickerView.swift */,
				43254CD83FE537EFC1CEEC69 /* ChannelLogoView.swift */,
				9B521C7F271C5F8298FC06F8 /* ChannelRowView.swift */,
				EC9613471A3FAB1E5A589F19 /* EmptyStateView.swift */,
				2E2A1B93A240E3287CCA93BD /* EPGTimelineView.swift */,
				8EC795B47D1D1E79C0DB7AFF /* OnboardingView.swift */,
				0BE72901BFC416197E0B35F6 /* PlayerControlsView.swift */,
				AFB1356E5A8FB2E5250BB88E /* SeekBarView.swift */,
				F9AA3E8D2853A261B2966056 /* ShimmerView.swift */,
				C9923AD541B0FE4A13359A90 /* ThemePickerView.swift */,
			);
			path = Views;
			sourceTree = "<group>";
		};
		C1B0067ADF80963D5D9989C0 /* Resources */ = {
			isa = PBXGroup;
			children = (
				315BE17CBB3DE70C094BAF9C /* AetherApp.entitlements */,
				7C1E26ACACC994650C5145A2 /* Assets.xcassets */,
			);
			path = Resources;
			sourceTree = "<group>";
		};
		C981126D4D6DE1710C5C3B25 /* Player */ = {
			isa = PBXGroup;
			children = (
				62BF927739E610A4A514CE9B /* PlayerCore.swift */,
			);
			path = Player;
			sourceTree = "<group>";
		};
		D0E2192A8060937086DF49F2 /* Design */ = {
			isa = PBXGroup;
			children = (
				419BD7CFF6FC0530F0F00FB1 /* Colors.swift */,
				CB043ED49C5B8C476A912D5B /* Typography.swift */,
			);
			path = Design;
			sourceTree = "<group>";
		};
		DE29887A8E1FA640CA690AFC /* ViewModels */ = {
			isa = PBXGroup;
			children = (
				4B43110B2E4E70BE183ABB25 /* HomeViewModel.swift */,
				F079354055B3CBADB3FC83AA /* MetaSyncEngine.swift */,
				59C06F41D40EA464926DB595 /* VODNormalizer.swift */,
			);
			path = ViewModels;
			sourceTree = "<group>";
		};
		E6FB81E862DBC919E704E6E3 /* Storage */ = {
			isa = PBXGroup;
			children = (
				7C005200F91BF6E557799B32 /* ChannelCache.swift */,
				1CA7F523EE904ADCA67525FE /* ChannelRecord.swift */,
				602ABB8247822C22FF37EE26 /* FavoriteRecord.swift */,
				C7CD5442F3CC1889677FD45A /* LastChannelStore.swift */,
				6C1AFB3CC3659FA85E156AEE /* MovieRecord.swift */,
				EDC809B9EA3ABB867425071F /* PlaylistRecord.swift */,
				A687A81F2ECED65E62752A51 /* SeriesRecord.swift */,
				E3BC46F3E1CB60635961C806 /* WatchHistoryRecord.swift */,
				52568164F1BCBAEE1618A3CB /* WatchProgressRecord.swift */,
			);
			path = Storage;
			sourceTree = "<group>";
		};
		E739C9A2437CD2E07C6EB048 /* AetherCore */ = {
			isa = PBXGroup;
			children = (
				D0E2192A8060937086DF49F2 /* Design */,
				2752AF8CC4D3B074030D05BD /* Models */,
				9ECE4E2FAE1883DE7637B25D /* Parsers */,
				C981126D4D6DE1710C5C3B25 /* Player */,
				8ED9895F74F3BE9B127C344A /* Services */,
				E6FB81E862DBC919E704E6E3 /* Storage */,
			);
			name = AetherCore;
			path = Sources/AetherCore;
			sourceTree = "<group>";
		};
/* End PBXGroup section */

/* Begin PBXNativeTarget section */
		35BCC85B3BEC0758B2852635 /* AetherCore */ = {
			isa = PBXNativeTarget;
			buildConfigurationList = 2B4FF344945CF22FF9623462 /* Build configuration list for PBXNativeTarget "AetherCore" */;
			buildPhases = (
				C4A2741B69A83DE6EF334A67 /* Sources */,
				7EB367BA8747C17E4C6F7397 /* Resources */,
				ABB8A5ABE51B0A3BF54DB975 /* Frameworks */,
			);
			buildRules = (
			);
			dependencies = (
			);
			name = AetherCore;
			packageProductDependencies = (
			);
			productName = AetherCore;
			productReference = 8D4DA51044A19ACE93DD7649 /* AetherCore.framework */;
			productType = "com.apple.product-type.framework";
		};
		833AF1B4DB72566715D99DB2 /* AetherApp */ = {
			isa = PBXNativeTarget;
			buildConfigurationList = 858AAE92B8B53915BFCCD547 /* Build configuration list for PBXNativeTarget "AetherApp" */;
			buildPhases = (
				6ECA28D4AB74663EF55A5A89 /* Sources */,
				D5B8D8835787D5FA73F2E043 /* Resources */,
				4C18A6EF4BED7EFCBE82CC10 /* Frameworks */,
				D6E9A23DB9D2DDEDBD35389C /* Embed Frameworks */,
			);
			buildRules = (
			);
			dependencies = (
				CB16D17104E6EAF294812627 /* PBXTargetDependency */,
				2D3B9DDCC0E31A06FD204393 /* PBXTargetDependency */,
			);
			name = AetherApp;
			packageProductDependencies = (
			);
			productName = AetherApp;
			productReference = 2161589B848E7BCE59AC9CCB /* AetherApp.app */;
			productType = "com.apple.product-type.application";
		};
		F3BF791DEC33AEB16F1272F3 /* AetherUI */ = {
			isa = PBXNativeTarget;
			buildConfigurationList = 044AE6BDFA652DAA6377EF91 /* Build configuration list for PBXNativeTarget "AetherUI" */;
			buildPhases = (
				736672A893F08F14EBF1A7F2 /* Sources */,
				06C9B7B9A0BD2EF1882BF3CF /* Frameworks */,
			);
			buildRules = (
			);
			dependencies = (
				93F73FFE4727D60CD593ADF5 /* PBXTargetDependency */,
			);
			name = AetherUI;
			packageProductDependencies = (
			);
			productName = AetherUI;
			productReference = A9B396EDE4E7AE499BFCEEB8 /* AetherUI.framework */;
			productType = "com.apple.product-type.framework";
		};
/* End PBXNativeTarget section */

/* Begin PBXProject section */
		E7C705F7C33D8C121C974109 /* Project object */ = {
			isa = PBXProject;
			attributes = {
				BuildIndependentTargetsInParallel = YES;
				LastUpgradeCheck = 1500;
				TargetAttributes = {
				};
			};
			buildConfigurationList = B356F83369813E0209654ED2 /* Build configuration list for PBXProject "Aether" */;
			developmentRegion = en;
			hasScannedForEncodings = 0;
			knownRegions = (
				Base,
				en,
			);
			mainGroup = 7CCE34B3C0A23C3EA91514B0;
			minimizedProjectReferenceProxies = 1;
			preferredProjectObjectVersion = 77;
			productRefGroup = 8A93DD82B280EDA489D217FB /* Products */;
			projectDirPath = "";
			projectRoot = "";
			targets = (
				833AF1B4DB72566715D99DB2 /* AetherApp */,
				35BCC85B3BEC0758B2852635 /* AetherCore */,
				F3BF791DEC33AEB16F1272F3 /* AetherUI */,
			);
		};
/* End PBXProject section */

/* Begin PBXResourcesBuildPhase section */
		7EB367BA8747C17E4C6F7397 /* Resources */ = {
			isa = PBXResourcesBuildPhase;
			buildActionMask = 2147483647;
			files = (
				CA83B75803159FB2407AD70F /* ChromecastService.swift.disabled in Resources */,
			);
			runOnlyForDeploymentPostprocessing = 0;
		};
		D5B8D8835787D5FA73F2E043 /* Resources */ = {
			isa = PBXResourcesBuildPhase;
			buildActionMask = 2147483647;
			files = (
				5377143DF4D52EDEDF580604 /* Assets.xcassets in Resources */,
			);
			runOnlyForDeploymentPostprocessing = 0;
		};
/* End PBXResourcesBuildPhase section */

/* Begin PBXSourcesBuildPhase section */
		6ECA28D4AB74663EF55A5A89 /* Sources */ = {
			isa = PBXSourcesBuildPhase;
			buildActionMask = 2147483647;
			files = (
				89B7D33D1331DC061CB1073C /* AddPlaylistSheet.swift in Sources */,
				296F71BF4914E56A0204ED43 /* AetherApp.swift in Sources */,
				888DC7ED923A38AD0865E79E /* AetherMigrationPlan.swift in Sources */,
				6561577F7F76063FDC2F3607 /* AnalyticsView.swift in Sources */,
				ECA6E98651241AABC0724878 /* BrandHubCard.swift in Sources */,
				ABB2E475591C4510816E546E /* ChannelGridView.swift in Sources */,
				0FC9E77D94FCB9A58E530ABB /* ChannelListView.swift in Sources */,
				11935E46623FF22AA1BD24F4 /* ChannelListView_ContentCategory.swift in Sources */,
				69065CF4D91DBC2E20249A87 /* CloudSyncView.swift in Sources */,
				44B9AF30AA87E6C60B660B14 /* CommandPaletteView.swift in Sources */,
				F360EFA243266893FC141084 /* ContentView.swift in Sources */,
				CB93A865CCB2729F66CDE66E /* CrashReportsView.swift in Sources */,
				215F5D8FD6C26DD397246A4B /* FavoritesView.swift in Sources */,
				5D68F03464FCD49D61FBBE25 /* FloatingChannelPanel.swift in Sources */,
				649B3CAEF4D6BCBB9F1F9081 /* GlobalContentSearchView.swift in Sources */,
				6831C7F3037BC45A015BFBCF /* HomeView.swift in Sources */,
				AAD6A1D0EBF9D1E02CF24750 /* HomeViewModel.swift in Sources */,
				7B2D176BE625523EEFC86FDE /* HubDetailView.swift in Sources */,
				84E843850A96C853D9BBAAFE /* KeyboardShortcutHandler.swift in Sources */,
				BDB4FB96281C3F0DC6EEB207 /* LanguagePickerView.swift in Sources */,
				1FFE6DF39CDD9829C7873252 /* MemoryMonitorView.swift in Sources */,
				04546FABC6849EDA255C0241 /* MetaSyncEngine.swift in Sources */,
				11A6E47BEB229EF91EF71B2C /* MiniPlayerView.swift in Sources */,
				CBE3025F03CDC73DB95EB07A /* NetworkStatusBanner.swift in Sources */,
				44E046BDE32D9CB8C42422E5 /* PINLockView.swift in Sources */,
				8065157866362C45254FA946 /* ParentalControlsView.swift in Sources */,
				9D98941E58A703D866C30253 /* PlayerView.swift in Sources */,
				ED290CF352817319E984D983 /* PlaylistHealthView.swift in Sources */,
				71BD516768C2CE76F8A348D9 /* PlaylistSharingView.swift in Sources */,
				83C722C0406AC60B8F8A24F3 /* PlaylistSidebar.swift in Sources */,
				14AD47FAB0634C5492D91EE2 /* RecommendationsView.swift in Sources */,
				CCA37071E85C4B3AC4DA3019 /* RecordingControlsButton.swift in Sources */,
				F1785AA0769DD2EB288F34D5 /* RecordingManagerView.swift in Sources */,
				4DF23722D4B178626DF027E0 /* RemoteControlView.swift in Sources */,
				025D2647FEDB9B3064AA94D4 /* SeriesBrowserView.swift in Sources */,
				BA2D06379EFEA83601A3E4D8 /* SeriesDetailView.swift in Sources */,
				F720402FF67BAEBB52D7081B /* SettingsView.swift in Sources */,
				1112B5ACD22D8C747F06F669 /* SidebarView.swift in Sources */,
				046B1C0A9F2EF303BACA38FD /* StatusBarController.swift in Sources */,
				FD94BDF82EFCA771750C2214 /* StreamStatsView.swift in Sources */,
				F3990204F2B5819C6FABABFA /* StreamingCards.swift in Sources */,
				277EF16FF21B085F884DE3C5 /* StreamingServiceDetailView.swift in Sources */,
				ACD1C14AC16F1152560CED92 /* SubtitleOverlayView.swift in Sources */,
				33CCE2A3455465BE9DA9AE89 /* SubtitleSettingsView.swift in Sources */,
				DAAB9EED5F9DD2C3D23BF5F1 /* SubtitleStore.swift in Sources */,
				382B3B30C431C80CEC24DD77 /* SubtitleStylingView.swift in Sources */,
				8A290D1063F55BAD0444125F /* TrackPickerButton.swift in Sources */,
				8DB454B9FC85DC24EF51BB19 /* TrackPickerView.swift in Sources */,
				3B8A6D768660F81090BCA9AC /* VLCVideoView.swift in Sources */,
				EF3647358E72519E30DB2AA5 /* VODBrowserView.swift in Sources */,
				CBD22CEEF8A1166564E8D270 /* VODDetailView.swift in Sources */,
				D62DD58482981669B6BA3293 /* VODNormalizer.swift in Sources */,
				D36E33D2E9949B69A5526036 /* View+ScrollWheel.swift in Sources */,
				EA0D0013A60DE6417169B982 /* WatchHistoryView.swift in Sources */,
				508036CAABEF4695FEDA318C /* WatchPartyView.swift in Sources */,
				46DBD876912CB6DB9B285462 /* iCloudSyncView.swift in Sources */,
			);
			runOnlyForDeploymentPostprocessing = 0;
		};
		736672A893F08F14EBF1A7F2 /* Sources */ = {
			isa = PBXSourcesBuildPhase;
			buildActionMask = 2147483647;
			files = (
				34402501799505FCD979F21F /* AetherUI.swift in Sources */,
				DCD85DF3635AC1B97CAF5E32 /* AppearancePickerView.swift in Sources */,
				CFB5B9AE93B13E6FDD9EC4D1 /* ChannelLogoView.swift in Sources */,
				C0826ECDE3E5B809674ABE81 /* ChannelRowView.swift in Sources */,
				23BC47A5092B3463260EC599 /* EPGTimelineView.swift in Sources */,
				C641BA89352382E888AF8CBC /* EmptyStateView.swift in Sources */,
				97E9975050A33066021394AA /* ImageCache.swift in Sources */,
				63BCDE6DE7314A6078DEF6E3 /* OnboardingView.swift in Sources */,
				CF0492011D4E4AE61697385B /* PlayerControlsView.swift in Sources */,
				5B6BE8B1E72638A8C926B1E6 /* SeekBarView.swift in Sources */,
				81DEDB844FB9995AD71ABEE3 /* ShimmerView.swift in Sources */,
				4DBDFDB73F471A11218DD16A /* ThemePickerView.swift in Sources */,
			);
			runOnlyForDeploymentPostprocessing = 0;
		};
		C4A2741B69A83DE6EF334A67 /* Sources */ = {
			isa = PBXSourcesBuildPhase;
			buildActionMask = 2147483647;
			files = (
				67188A3A729C2192F53E6A9F /* AgeRating.swift in Sources */,
				986C24E2E92B2FFA56D40B10 /* AirPlayService.swift in Sources */,
				0143102C97EF9A946F0E8F1A /* AnalyticsService.swift in Sources */,
				99C8E31DAA5969C3FDC4902D /* AppearanceMode.swift in Sources */,
				9D8D574790BA646FA564E77B /* AudioTrack.swift in Sources */,
				5F2A3D172099D6D6F3339DAD /* BackgroundEPGRefreshService.swift in Sources */,
				92BCDDB1A90B1FA329FD1C28 /* CategoryNormalizer.swift in Sources */,
				F619749E5D103C981FD6CA27 /* Channel.swift in Sources */,
				D43FB7A29AAA88B302A8A97A /* ChannelCache.swift in Sources */,
				FF460656D7AAB25713A298E8 /* ChannelFilterService.swift in Sources */,
				5E7091CEFE56E0F923C73014 /* ChannelRecord.swift in Sources */,
				71BF5C32830A4E599C286C89 /* CloudKitManager.swift in Sources */,
				FA4363DC2A1786E96A532E35 /* Colors.swift in Sources */,
				DB9FC14EC4B487C456376F38 /* ContentTaxonomy.swift in Sources */,
				79888C8071CD09ADA1102DE6 /* CrashReportingService.swift in Sources */,
				67A09AECD91D5A9398B0C78C /* EPGEntry.swift in Sources */,
				7668417FDF1EB5F6E555BE54 /* EPGService.swift in Sources */,
				54C0EEDCAFECB084EAC130EF /* EPGStore.swift in Sources */,
				5D744D2F07962203E162D4EE /* Episode.swift in Sources */,
				7B12A6AFE255DB0AF8F1D392 /* FavoriteRecord.swift in Sources */,
				4342C1272D6B59BC170C27BD /* KeychainService.swift in Sources */,
				6E1F293453ED5891703A3F62 /* LastChannelStore.swift in Sources */,
				A57750FBBFADF73A58EDE685 /* M3UParser.swift in Sources */,
				6AF74BC62C5228B8494F2DAD /* MemoryMonitorService.swift in Sources */,
				C6946BE06C2DF0A2896D001C /* Movie.swift in Sources */,
				B6F51C882E17F8F99C380484 /* MovieManager.swift in Sources */,
				C654600DF254E391F72D950E /* MovieRecord.swift in Sources */,
				257B0871B3B3773B6D9CC1F9 /* NetworkMonitorService.swift in Sources */,
				A6FF6E3E1B165CEDCF7EE22C /* NotificationManager.swift in Sources */,
				50A10E9495C558244DEAB63D /* ParentalControlError.swift in Sources */,
				1AF08B4BDB7DC9C145429BA6 /* ParentalControlService.swift in Sources */,
				D782238E45D9674E4049325E /* ParentalSettings.swift in Sources */,
				BF6E9D079BAA899B5203718F /* PlayerCore.swift in Sources */,
				26921738538639D5C4A55BB9 /* Playlist.swift in Sources */,
				66F1009A6CAC8DBA61183B42 /* PlaylistExporter.swift in Sources */,
				EBA4A9B752025EACFEF23557 /* PlaylistImporter.swift in Sources */,
				F0B3D70D31587B119A656E10 /* PlaylistRecord.swift in Sources */,
				91432876339833899519403C /* PlaylistService.swift in Sources */,
				1DA10D59FA162103B8E61B88 /* PlaylistSharingService.swift in Sources */,
				0F7BC6E817439C12C91C3CCE /* PlaylistValidator.swift in Sources */,
				4F039E71229FD927BF27746D /* RecommendationService.swift in Sources */,
				14D9B2508F7450164151BF63 /* Recording.swift in Sources */,
				A846A9A2BFFF35EC0ABCE762 /* RecordingError.swift in Sources */,
				1F152BEECDBE115E49B6D8AD /* RecordingService.swift in Sources */,
				0FA5AA1081DD169BBF87749C /* RemoteControlService.swift in Sources */,
				08D5B1AEEE7EAB16E0BBDB75 /* SRTParser.swift in Sources */,
				E32960CA884D840A186279CD /* Series.swift in Sources */,
				1E9224C58F326332C44D9084 /* SeriesGrouper.swift in Sources */,
				1017AAAE0496A97385CAFA68 /* SeriesManager.swift in Sources */,
				254E3F908CC7842D9B1D67B4 /* SeriesRecord.swift in Sources */,
				68AB7A89714362EC199B7BEF /* ShareablePlaylist.swift in Sources */,
				E5894109912746A22B937DEC /* ShortcutsService.swift in Sources */,
				F2EF2ABD47D0FA3383A8F33E /* SleepTimerService.swift in Sources */,
				EB6471FC2C357341B3886A7E /* StreamQualityDetector.swift in Sources */,
				6FA952D236D748F762D6EF76 /* StreamQualityService.swift in Sources */,
				BB411448D3A6822D9A86E172 /* SubtitleService.swift in Sources */,
				523F180AA25D372D207F9B0E /* SubtitleTrack.swift in Sources */,
				015B647A7A59BC42B08DBD13 /* SyncableItem.swift in Sources */,
				DD00AAE5C389F7D42D60546E /* TMDBClient.swift in Sources */,
				0BD33BC31374EF2464DF4C54 /* Theme.swift in Sources */,
				13151140690A4A50E9A3F99E /* ThemeService.swift in Sources */,
				88601ADFD23E802567378B44 /* TimeshiftService.swift in Sources */,
				B8043F026FAE825AF0A7B278 /* TrackService.swift in Sources */,
				2164E8A49505114FC3A19470 /* Typography.swift in Sources */,
				1F40266511B7B1C20B348343 /* VODNormalizer.swift in Sources */,
				909D8C861CF9430EB3985777 /* VoiceCommandService.swift in Sources */,
				A88A67B6661468C002515322 /* WatchHistoryRecord.swift in Sources */,
				0473CF2CC40AEAAF606C216D /* WatchPartyService.swift in Sources */,
				5395C3BB7BE65D34EF43F441 /* WatchProgressRecord.swift in Sources */,
				C7459D1C947F1D8414CAB371 /* XMLTVParser.swift in Sources */,
				161D212AF91B00A24494A5CD /* XstreamService.swift in Sources */,
				D1C2038A0D23503E3142C735 /* iCloudSyncService.swift in Sources */,
			);
			runOnlyForDeploymentPostprocessing = 0;
		};
/* End PBXSourcesBuildPhase section */

/* Begin PBXTargetDependency section */
		2D3B9DDCC0E31A06FD204393 /* PBXTargetDependency */ = {
			isa = PBXTargetDependency;
			target = F3BF791DEC33AEB16F1272F3 /* AetherUI */;
			targetProxy = 3748F8F8C7DEFF0AEDC13FA5 /* PBXContainerItemProxy */;
		};
		93F73FFE4727D60CD593ADF5 /* PBXTargetDependency */ = {
			isa = PBXTargetDependency;
			target = 35BCC85B3BEC0758B2852635 /* AetherCore */;
			targetProxy = 7D3B8C05AA79F86863A01AE9 /* PBXContainerItemProxy */;
		};
		CB16D17104E6EAF294812627 /* PBXTargetDependency */ = {
			isa = PBXTargetDependency;
			target = 35BCC85B3BEC0758B2852635 /* AetherCore */;
			targetProxy = C136EC6B96D72E3CF790AEC2 /* PBXContainerItemProxy */;
		};
/* End PBXTargetDependency section */

/* Begin XCBuildConfiguration section */
		09116643458A63EAB29DACED /* Debug */ = {
			isa = XCBuildConfiguration;
			buildSettings = {
				ASSETCATALOG_COMPILER_APPICON_NAME = AppIcon;
				CLANG_WARN_QUOTED_INCLUDE_IN_FRAMEWORK_HEADER = NO;
				CODE_SIGN_ENTITLEMENTS = Sources/AetherApp/Resources/AetherApp.entitlements;
				COMBINE_HIDPI_IMAGES = YES;
				ENABLE_MODULE_VERIFIER = NO;
				FRAMEWORK_SEARCH_PATHS = (
					"$(inherited)",
					"\".vlckit\"",
				);
				GENERATE_INFOPLIST_FILE = NO;
				INFOPLIST_FILE = Sources/AetherApp/Info.plist;
				LD_RUNPATH_SEARCH_PATHS = (
					"$(inherited)",
					"@executable_path/../Frameworks",
				);
				MACOSX_DEPLOYMENT_TARGET = 14.0;
				OTHER_CFLAGS = (
					"$(inherited)",
					"-Wno-incomplete-umbrella",
					"-Wno-ignored-attributes",
				);
				OTHER_SWIFT_FLAGS = (
					"$(inherited)",
					"-Xcc",
					"-Wno-incomplete-umbrella",
					"-Xcc",
					"-Wno-ignored-attributes",
				);
				PRODUCT_BUNDLE_IDENTIFIER = com.aether.iptv;
				PRODUCT_NAME = AetherApp;
				SDKROOT = macosx;
				SWIFT_STRICT_CONCURRENCY = complete;
				SWIFT_VERSION = 6.0;
			};
			name = Debug;
		};
		39F048BF5C575E0107DADD57 /* Debug */ = {
			isa = XCBuildConfiguration;
			buildSettings = {
				CODE_SIGN_IDENTITY = "";
				COMBINE_HIDPI_IMAGES = YES;
				CURRENT_PROJECT_VERSION = 1;
				DEFINES_MODULE = YES;
				DYLIB_COMPATIBILITY_VERSION = 1;
				DYLIB_CURRENT_VERSION = 1;
				DYLIB_INSTALL_NAME_BASE = "@rpath";
				GENERATE_INFOPLIST_FILE = YES;
				INSTALL_PATH = "$(LOCAL_LIBRARY_DIR)/Frameworks";
				LD_RUNPATH_SEARCH_PATHS = (
					"$(inherited)",
					"@executable_path/../Frameworks",
				);
				MACOSX_DEPLOYMENT_TARGET = 14.0;
				PRODUCT_BUNDLE_IDENTIFIER = com.aether.AetherUI;
				SDKROOT = macosx;
				SKIP_INSTALL = YES;
				SWIFT_STRICT_CONCURRENCY = complete;
				SWIFT_VERSION = 6.0;
				VERSIONING_SYSTEM = "apple-generic";
			};
			name = Debug;
		};
		535B5BBD68E34C96ECFC5644 /* Release */ = {
			isa = XCBuildConfiguration;
			buildSettings = {
				ALWAYS_SEARCH_USER_PATHS = NO;
				CLANG_ANALYZER_NONNULL = YES;
				CLANG_ANALYZER_NUMBER_OBJECT_CONVERSION = YES_AGGRESSIVE;
				CLANG_CXX_LANGUAGE_STANDARD = "gnu++14";
				CLANG_CXX_LIBRARY = "libc++";
				CLANG_ENABLE_MODULES = YES;
				CLANG_ENABLE_OBJC_ARC = YES;
				CLANG_ENABLE_OBJC_WEAK = YES;
				CLANG_WARN_BLOCK_CAPTURE_AUTORELEASING = YES;
				CLANG_WARN_BOOL_CONVERSION = YES;
				CLANG_WARN_COMMA = YES;
				CLANG_WARN_CONSTANT_CONVERSION = YES;
				CLANG_WARN_DEPRECATED_OBJC_IMPLEMENTATIONS = YES;
				CLANG_WARN_DIRECT_OBJC_ISA_USAGE = YES_ERROR;
				CLANG_WARN_DOCUMENTATION_COMMENTS = YES;
				CLANG_WARN_EMPTY_BODY = YES;
				CLANG_WARN_ENUM_CONVERSION = YES;
				CLANG_WARN_INFINITE_RECURSION = YES;
				CLANG_WARN_INT_CONVERSION = YES;
				CLANG_WARN_NON_LITERAL_NULL_CONVERSION = YES;
				CLANG_WARN_OBJC_IMPLICIT_RETAIN_SELF = YES;
				CLANG_WARN_OBJC_LITERAL_CONVERSION = YES;
				CLANG_WARN_OBJC_ROOT_CLASS = YES_ERROR;
				CLANG_WARN_QUOTED_INCLUDE_IN_FRAMEWORK_HEADER = NO;
				CLANG_WARN_RANGE_LOOP_ANALYSIS = YES;
				CLANG_WARN_STRICT_PROTOTYPES = YES;
				CLANG_WARN_SUSPICIOUS_MOVE = YES;
				CLANG_WARN_UNGUARDED_AVAILABILITY = YES_AGGRESSIVE;
				CLANG_WARN_UNREACHABLE_CODE = YES;
				CLANG_WARN__DUPLICATE_METHOD_MATCH = YES;
				COPY_PHASE_STRIP = NO;
				DEBUG_INFORMATION_FORMAT = "dwarf-with-dsym";
				ENABLE_MODULE_VERIFIER = NO;
				ENABLE_NS_ASSERTIONS = NO;
				ENABLE_STRICT_OBJC_MSGSEND = YES;
				ENABLE_USER_SCRIPT_SANDBOXING = NO;
				GCC_C_LANGUAGE_STANDARD = gnu11;
				GCC_NO_COMMON_BLOCKS = YES;
				GCC_WARN_64_TO_32_BIT_CONVERSION = YES;
				GCC_WARN_ABOUT_RETURN_TYPE = YES_ERROR;
				GCC_WARN_UNDECLARED_SELECTOR = YES;
				GCC_WARN_UNINITIALIZED_AUTOS = YES_AGGRESSIVE;
				GCC_WARN_UNUSED_FUNCTION = YES;
				GCC_WARN_UNUSED_VARIABLE = YES;
				MACOSX_DEPLOYMENT_TARGET = 14.0;
				MTL_ENABLE_DEBUG_INFO = NO;
				MTL_FAST_MATH = YES;
				OTHER_CFLAGS = (
					"$(inherited)",
					"-Wno-incomplete-umbrella",
					"-Wno-ignored-attributes",
				);
				OTHER_SWIFT_FLAGS = (
					"$(inherited)",
					"-Xcc",
					"-Wno-incomplete-umbrella",
					"-Xcc",
					"-Wno-ignored-attributes",
				);
				PRODUCT_NAME = "$(TARGET_NAME)";
				SDKROOT = macosx;
				SWIFT_COMPILATION_MODE = wholemodule;
				SWIFT_OPTIMIZATION_LEVEL = "-O";
				SWIFT_STRICT_CONCURRENCY = complete;
				SWIFT_VERSION = 6.0;
			};
			name = Release;
		};
		63CFFF758E1266B2ADB492F2 /* Debug */ = {
			isa = XCBuildConfiguration;
			buildSettings = {
				CLANG_WARN_QUOTED_INCLUDE_IN_FRAMEWORK_HEADER = NO;
				CODE_SIGN_IDENTITY = "";
				COMBINE_HIDPI_IMAGES = YES;
				CURRENT_PROJECT_VERSION = 1;
				DEFINES_MODULE = YES;
				DYLIB_COMPATIBILITY_VERSION = 1;
				DYLIB_CURRENT_VERSION = 1;
				DYLIB_INSTALL_NAME_BASE = "@rpath";
				ENABLE_MODULE_VERIFIER = NO;
				FRAMEWORK_SEARCH_PATHS = (
					"$(inherited)",
					"\".vlckit\"",
				);
				GENERATE_INFOPLIST_FILE = YES;
				INSTALL_PATH = "$(LOCAL_LIBRARY_DIR)/Frameworks";
				LD_RUNPATH_SEARCH_PATHS = (
					"$(inherited)",
					"@executable_path/../Frameworks",
				);
				MACOSX_DEPLOYMENT_TARGET = 14.0;
				OTHER_CFLAGS = (
					"$(inherited)",
					"-Wno-incomplete-umbrella",
					"-Wno-ignored-attributes",
				);
				OTHER_SWIFT_FLAGS = (
					"$(inherited)",
					"-Xcc",
					"-Wno-incomplete-umbrella",
					"-Xcc",
					"-Wno-ignored-attributes",
				);
				PRODUCT_BUNDLE_IDENTIFIER = com.aether.AetherCore;
				SDKROOT = macosx;
				SKIP_INSTALL = YES;
				SWIFT_STRICT_CONCURRENCY = complete;
				SWIFT_VERSION = 6.0;
				VERSIONING_SYSTEM = "apple-generic";
			};
			name = Debug;
		};
		A69D784FFF952EF2AEE49661 /* Release */ = {
			isa = XCBuildConfiguration;
			buildSettings = {
				CODE_SIGN_IDENTITY = "";
				COMBINE_HIDPI_IMAGES = YES;
				CURRENT_PROJECT_VERSION = 1;
				DEFINES_MODULE = YES;
				DYLIB_COMPATIBILITY_VERSION = 1;
				DYLIB_CURRENT_VERSION = 1;
				DYLIB_INSTALL_NAME_BASE = "@rpath";
				GENERATE_INFOPLIST_FILE = YES;
				INSTALL_PATH = "$(LOCAL_LIBRARY_DIR)/Frameworks";
				LD_RUNPATH_SEARCH_PATHS = (
					"$(inherited)",
					"@executable_path/../Frameworks",
				);
				MACOSX_DEPLOYMENT_TARGET = 14.0;
				PRODUCT_BUNDLE_IDENTIFIER = com.aether.AetherUI;
				SDKROOT = macosx;
				SKIP_INSTALL = YES;
				SWIFT_STRICT_CONCURRENCY = complete;
				SWIFT_VERSION = 6.0;
				VERSIONING_SYSTEM = "apple-generic";
			};
			name = Release;
		};
		C9B4819D3C3C177AA2210038 /* Release */ = {
			isa = XCBuildConfiguration;
			buildSettings = {
				CLANG_WARN_QUOTED_INCLUDE_IN_FRAMEWORK_HEADER = NO;
				CODE_SIGN_IDENTITY = "";
				COMBINE_HIDPI_IMAGES = YES;
				CURRENT_PROJECT_VERSION = 1;
				DEFINES_MODULE = YES;
				DYLIB_COMPATIBILITY_VERSION = 1;
				DYLIB_CURRENT_VERSION = 1;
				DYLIB_INSTALL_NAME_BASE = "@rpath";
				ENABLE_MODULE_VERIFIER = NO;
				FRAMEWORK_SEARCH_PATHS = (
					"$(inherited)",
					"\".vlckit\"",
				);
				GENERATE_INFOPLIST_FILE = YES;
				INSTALL_PATH = "$(LOCAL_LIBRARY_DIR)/Frameworks";
				LD_RUNPATH_SEARCH_PATHS = (
					"$(inherited)",
					"@executable_path/../Frameworks",
				);
				MACOSX_DEPLOYMENT_TARGET = 14.0;
				OTHER_CFLAGS = (
					"$(inherited)",
					"-Wno-incomplete-umbrella",
					"-Wno-ignored-attributes",
				);
				OTHER_SWIFT_FLAGS = (
					"$(inherited)",
					"-Xcc",
					"-Wno-incomplete-umbrella",
					"-Xcc",
					"-Wno-ignored-attributes",
				);
				PRODUCT_BUNDLE_IDENTIFIER = com.aether.AetherCore;
				SDKROOT = macosx;
				SKIP_INSTALL = YES;
				SWIFT_STRICT_CONCURRENCY = complete;
				SWIFT_VERSION = 6.0;
				VERSIONING_SYSTEM = "apple-generic";
			};
			name = Release;
		};
		D0F1EFDBDE7DDEA5225DFAF6 /* Release */ = {
			isa = XCBuildConfiguration;
			buildSettings = {
				ASSETCATALOG_COMPILER_APPICON_NAME = AppIcon;
				CLANG_WARN_QUOTED_INCLUDE_IN_FRAMEWORK_HEADER = NO;
				CODE_SIGN_ENTITLEMENTS = Sources/AetherApp/Resources/AetherApp.entitlements;
				COMBINE_HIDPI_IMAGES = YES;
				ENABLE_MODULE_VERIFIER = NO;
				FRAMEWORK_SEARCH_PATHS = (
					"$(inherited)",
					"\".vlckit\"",
				);
				GENERATE_INFOPLIST_FILE = NO;
				INFOPLIST_FILE = Sources/AetherApp/Info.plist;
				LD_RUNPATH_SEARCH_PATHS = (
					"$(inherited)",
					"@executable_path/../Frameworks",
				);
				MACOSX_DEPLOYMENT_TARGET = 14.0;
				OTHER_CFLAGS = (
					"$(inherited)",
					"-Wno-incomplete-umbrella",
					"-Wno-ignored-attributes",
				);
				OTHER_SWIFT_FLAGS = (
					"$(inherited)",
					"-Xcc",
					"-Wno-incomplete-umbrella",
					"-Xcc",
					"-Wno-ignored-attributes",
				);
				PRODUCT_BUNDLE_IDENTIFIER = com.aether.iptv;
				PRODUCT_NAME = AetherApp;
				SDKROOT = macosx;
				SWIFT_STRICT_CONCURRENCY = complete;
				SWIFT_VERSION = 6.0;
			};
			name = Release;
		};
		D31BFB8E8805FFAB029AB03F /* Debug */ = {
			isa = XCBuildConfiguration;
			buildSettings = {
				ALWAYS_SEARCH_USER_PATHS = NO;
				CLANG_ANALYZER_NONNULL = YES;
				CLANG_ANALYZER_NUMBER_OBJECT_CONVERSION = YES_AGGRESSIVE;
				CLANG_CXX_LANGUAGE_STANDARD = "gnu++14";
				CLANG_CXX_LIBRARY = "libc++";
				CLANG_ENABLE_MODULES = YES;
				CLANG_ENABLE_OBJC_ARC = YES;
				CLANG_ENABLE_OBJC_WEAK = YES;
				CLANG_WARN_BLOCK_CAPTURE_AUTORELEASING = YES;
				CLANG_WARN_BOOL_CONVERSION = YES;
				CLANG_WARN_COMMA = YES;
				CLANG_WARN_CONSTANT_CONVERSION = YES;
				CLANG_WARN_DEPRECATED_OBJC_IMPLEMENTATIONS = YES;
				CLANG_WARN_DIRECT_OBJC_ISA_USAGE = YES_ERROR;
				CLANG_WARN_DOCUMENTATION_COMMENTS = YES;
				CLANG_WARN_EMPTY_BODY = YES;
				CLANG_WARN_ENUM_CONVERSION = YES;
				CLANG_WARN_INFINITE_RECURSION = YES;
				CLANG_WARN_INT_CONVERSION = YES;
				CLANG_WARN_NON_LITERAL_NULL_CONVERSION = YES;
				CLANG_WARN_OBJC_IMPLICIT_RETAIN_SELF = YES;
				CLANG_WARN_OBJC_LITERAL_CONVERSION = YES;
				CLANG_WARN_OBJC_ROOT_CLASS = YES_ERROR;
				CLANG_WARN_QUOTED_INCLUDE_IN_FRAMEWORK_HEADER = NO;
				CLANG_WARN_RANGE_LOOP_ANALYSIS = YES;
				CLANG_WARN_STRICT_PROTOTYPES = YES;
				CLANG_WARN_SUSPICIOUS_MOVE = YES;
				CLANG_WARN_UNGUARDED_AVAILABILITY = YES_AGGRESSIVE;
				CLANG_WARN_UNREACHABLE_CODE = YES;
				CLANG_WARN__DUPLICATE_METHOD_MATCH = YES;
				COPY_PHASE_STRIP = NO;
				DEBUG_INFORMATION_FORMAT = dwarf;
				ENABLE_MODULE_VERIFIER = NO;
				ENABLE_STRICT_OBJC_MSGSEND = YES;
				ENABLE_TESTABILITY = YES;
				ENABLE_USER_SCRIPT_SANDBOXING = NO;
				GCC_C_LANGUAGE_STANDARD = gnu11;
				GCC_DYNAMIC_NO_PIC = NO;
				GCC_NO_COMMON_BLOCKS = YES;
				GCC_OPTIMIZATION_LEVEL = 0;
				GCC_PREPROCESSOR_DEFINITIONS = (
					"$(inherited)",
					"DEBUG=1",
				);
				GCC_WARN_64_TO_32_BIT_CONVERSION = YES;
				GCC_WARN_ABOUT_RETURN_TYPE = YES_ERROR;
				GCC_WARN_UNDECLARED_SELECTOR = YES;
				GCC_WARN_UNINITIALIZED_AUTOS = YES_AGGRESSIVE;
				GCC_WARN_UNUSED_FUNCTION = YES;
				GCC_WARN_UNUSED_VARIABLE = YES;
				MACOSX_DEPLOYMENT_TARGET = 14.0;
				MTL_ENABLE_DEBUG_INFO = INCLUDE_SOURCE;
				MTL_FAST_MATH = YES;
				ONLY_ACTIVE_ARCH = YES;
				OTHER_CFLAGS = (
					"$(inherited)",
					"-Wno-incomplete-umbrella",
					"-Wno-ignored-attributes",
				);
				OTHER_SWIFT_FLAGS = (
					"$(inherited)",
					"-Xcc",
					"-Wno-incomplete-umbrella",
					"-Xcc",
					"-Wno-ignored-attributes",
				);
				PRODUCT_NAME = "$(TARGET_NAME)";
				SDKROOT = macosx;
				SWIFT_ACTIVE_COMPILATION_CONDITIONS = DEBUG;
				SWIFT_OPTIMIZATION_LEVEL = "-Onone";
				SWIFT_STRICT_CONCURRENCY = complete;
				SWIFT_VERSION = 6.0;
			};
			name = Debug;
		};
/* End XCBuildConfiguration section */

/* Begin XCConfigurationList section */
		044AE6BDFA652DAA6377EF91 /* Build configuration list for PBXNativeTarget "AetherUI" */ = {
			isa = XCConfigurationList;
			buildConfigurations = (
				39F048BF5C575E0107DADD57 /* Debug */,
				A69D784FFF952EF2AEE49661 /* Release */,
			);
			defaultConfigurationIsVisible = 0;
			defaultConfigurationName = Debug;
		};
		2B4FF344945CF22FF9623462 /* Build configuration list for PBXNativeTarget "AetherCore" */ = {
			isa = XCConfigurationList;
			buildConfigurations = (
				63CFFF758E1266B2ADB492F2 /* Debug */,
				C9B4819D3C3C177AA2210038 /* Release */,
			);
			defaultConfigurationIsVisible = 0;
			defaultConfigurationName = Debug;
		};
		858AAE92B8B53915BFCCD547 /* Build configuration list for PBXNativeTarget "AetherApp" */ = {
			isa = XCConfigurationList;
			buildConfigurations = (
				09116643458A63EAB29DACED /* Debug */,
				D0F1EFDBDE7DDEA5225DFAF6 /* Release */,
			);
			defaultConfigurationIsVisible = 0;
			defaultConfigurationName = Debug;
		};
		B356F83369813E0209654ED2 /* Build configuration list for PBXProject "Aether" */ = {
			isa = XCConfigurationList;
			buildConfigurations = (
				D31BFB8E8805FFAB029AB03F /* Debug */,
				535B5BBD68E34C96ECFC5644 /* Release */,
			);
			defaultConfigurationIsVisible = 0;
			defaultConfigurationName = Debug;
		};
/* End XCConfigurationList section */
	};
	rootObject = E7C705F7C33D8C121C974109 /* Project object */;
}
