// !$*UTF8*$!
{
	archiveVersion = 1;
	classes = {
	};
	objectVersion = 56;
	objects = {

/* Begin PBXBuildFile section */
		/* ---- AetherApp sources ---- */
		AA0001000000000000000001 /* AetherApp.swift in Sources */ = {isa = PBXBuildFile; fileRef = FA0001000000000000000001 /* AetherApp.swift */; };
		AA0001000000000000000003 /* SubtitleStore.swift in Sources */ = {isa = PBXBuildFile; fileRef = FA0001000000000000000003 /* SubtitleStore.swift */; };
		AA0001000000000000000004 /* KeyboardShortcutHandler.swift in Sources */ = {isa = PBXBuildFile; fileRef = FA0001000000000000000004 /* KeyboardShortcutHandler.swift */; };
		/* Views */
		AA0001000000000000000010 /* AddPlaylistSheet.swift in Sources */ = {isa = PBXBuildFile; fileRef = FA0001000000000000000010 /* AddPlaylistSheet.swift */; };
		AA0001000000000000000011 /* ChannelListView.swift in Sources */ = {isa = PBXBuildFile; fileRef = FA0001000000000000000011 /* ChannelListView.swift */; };
		AA0001000000000000000013 /* CommandPaletteView.swift in Sources */ = {isa = PBXBuildFile; fileRef = FA0001000000000000000013 /* CommandPaletteView.swift */; };
		AA0001000000000000000014 /* ContentView.swift in Sources */ = {isa = PBXBuildFile; fileRef = FA0001000000000000000014 /* ContentView.swift */; };
		AA0001000000000000000015 /* PlayerView.swift in Sources */ = {isa = PBXBuildFile; fileRef = FA0001000000000000000015 /* PlayerView.swift */; };
		AA0001000000000000000016 /* PlaylistHealthView.swift in Sources */ = {isa = PBXBuildFile; fileRef = FA0001000000000000000016 /* PlaylistHealthView.swift */; };
		AA0001000000000000000017 /* PlaylistSidebar.swift in Sources */ = {isa = PBXBuildFile; fileRef = FA0001000000000000000017 /* PlaylistSidebar.swift */; };
		AA0001000000000000000018 /* SeriesBrowserView.swift in Sources */ = {isa = PBXBuildFile; fileRef = FA0001000000000000000018 /* SeriesBrowserView.swift */; };
		AA0001000000000000000019 /* SeriesDetailView.swift in Sources */ = {isa = PBXBuildFile; fileRef = FA0001000000000000000019 /* SeriesDetailView.swift */; };
		AA000100000000000000001A /* SettingsView.swift in Sources */ = {isa = PBXBuildFile; fileRef = FA000100000000000000001A /* SettingsView.swift */; };
		AA000100000000000000001B /* StreamStatsView.swift in Sources */ = {isa = PBXBuildFile; fileRef = FA000100000000000000001B /* StreamStatsView.swift */; };
		AA000100000000000000001C /* SubtitleOverlayView.swift in Sources */ = {isa = PBXBuildFile; fileRef = FA000100000000000000001C /* SubtitleOverlayView.swift */; };
		AA000100000000000000001D /* SubtitleSettingsView.swift in Sources */ = {isa = PBXBuildFile; fileRef = FA000100000000000000001D /* SubtitleSettingsView.swift */; };
		AA000100000000000000001E /* VODBrowserView.swift in Sources */ = {isa = PBXBuildFile; fileRef = FA000100000000000000001E /* VODBrowserView.swift */; };
		AA000100000000000000001F /* WatchHistoryView.swift in Sources */ = {isa = PBXBuildFile; fileRef = FA000100000000000000001F /* WatchHistoryView.swift */; };
		/* Resources */
		AA0001000000000000000030 /* Assets.xcassets in Resources */ = {isa = PBXBuildFile; fileRef = FA0001000000000000000030 /* Assets.xcassets */; };
		D8B9F6413B6B44CBB00A0004 /* AetherCore.framework in Frameworks */ = {isa = PBXBuildFile; fileRef = 35BCC85B3BEC0758B2852636 /* AetherCore.framework */; };
		D8B9F6413B6B44CBB00A0005 /* AetherUI.framework in Frameworks */ = {isa = PBXBuildFile; fileRef = F3BF791DEC33AEB16F1272F4 /* AetherUI.framework */; };
		D8B9F6413B6B44CBB00A0006 /* VLCKit.xcframework in Frameworks */ = {isa = PBXBuildFile; fileRef = D8B9F6413B6B44CBB00A0001 /* VLCKit.xcframework */; };
		D8B9F6413B6B44CBB00A0008 /* AetherCore.framework in Embed Frameworks */ = {isa = PBXBuildFile; fileRef = 35BCC85B3BEC0758B2852636 /* AetherCore.framework */; settings = {ATTRIBUTES = (CodeSignOnCopy, RemoveHeadersOnCopy, ); }; };
		D8B9F6413B6B44CBB00A0009 /* AetherUI.framework in Embed Frameworks */ = {isa = PBXBuildFile; fileRef = F3BF791DEC33AEB16F1272F4 /* AetherUI.framework */; settings = {ATTRIBUTES = (CodeSignOnCopy, RemoveHeadersOnCopy, ); }; };
		D8B9F6413B6B44CBB00A000A /* VLCKit.xcframework in Embed Frameworks */ = {isa = PBXBuildFile; fileRef = D8B9F6413B6B44CBB00A0001 /* VLCKit.xcframework */; settings = {ATTRIBUTES = (CodeSignOnCopy, ); }; };

		/* ---- AetherCore sources ---- */
		D8B9F6413B6B44CBB00A000B /* VLCKit.xcframework in Frameworks */ = {isa = PBXBuildFile; fileRef = D8B9F6413B6B44CBB00A0001 /* VLCKit.xcframework */; };
		D8B9F6413B6B44CBB00A000C /* Security.framework in Frameworks */ = {isa = PBXBuildFile; fileRef = D8B9F6413B6B44CBB00A0002 /* Security.framework */; };
		/* Design */
		AA0002000000000000000001 /* Colors.swift in Sources */ = {isa = PBXBuildFile; fileRef = FA0002000000000000000001 /* Colors.swift */; };
		AA0002000000000000000002 /* Typography.swift in Sources */ = {isa = PBXBuildFile; fileRef = FA0002000000000000000002 /* Typography.swift */; };
		/* Models */
		AA0002000000000000000010 /* AppearanceMode.swift in Sources */ = {isa = PBXBuildFile; fileRef = FA0002000000000000000010 /* AppearanceMode.swift */; };
		AA0002000000000000000011 /* Channel.swift in Sources */ = {isa = PBXBuildFile; fileRef = FA0002000000000000000011 /* Channel.swift */; };
		AA0002000000000000000012 /* EPGEntry.swift in Sources */ = {isa = PBXBuildFile; fileRef = FA0002000000000000000012 /* EPGEntry.swift */; };
		AA0002000000000000000013 /* Playlist.swift in Sources */ = {isa = PBXBuildFile; fileRef = FA0002000000000000000013 /* Playlist.swift */; };
		AA0002000000000000000014 /* SubtitleTrack.swift in Sources */ = {isa = PBXBuildFile; fileRef = FA0002000000000000000014 /* SubtitleTrack.swift */; };
		AA0002000000000000000015 /* Theme.swift in Sources */ = {isa = PBXBuildFile; fileRef = FA0002000000000000000015 /* Theme.swift */; };
		AA0002000000000000000016 /* ContentTaxonomy.swift in Sources */ = {isa = PBXBuildFile; fileRef = FA0002000000000000000016 /* ContentTaxonomy.swift */; };
		/* Parsers */
		AA0002000000000000000020 /* M3UParser.swift in Sources */ = {isa = PBXBuildFile; fileRef = FA0002000000000000000020 /* M3UParser.swift */; };
		AA0002000000000000000021 /* SRTParser.swift in Sources */ = {isa = PBXBuildFile; fileRef = FA0002000000000000000021 /* SRTParser.swift */; };
		AA0002000000000000000022 /* XMLTVParser.swift in Sources */ = {isa = PBXBuildFile; fileRef = FA0002000000000000000022 /* XMLTVParser.swift */; };
		/* Player */
		AA0002000000000000000031 /* PlayerCore.swift in Sources */ = {isa = PBXBuildFile; fileRef = FA0002000000000000000031 /* PlayerCore.swift */; };
		/* Services */
		AA0002000000000000000040 /* ChannelFilterService.swift in Sources */ = {isa = PBXBuildFile; fileRef = FA0002000000000000000040 /* ChannelFilterService.swift */; };
		AA0002000000000000000041 /* EPGService.swift in Sources */ = {isa = PBXBuildFile; fileRef = FA0002000000000000000041 /* EPGService.swift */; };
		AA0002000000000000000042 /* EPGStore.swift in Sources */ = {isa = PBXBuildFile; fileRef = FA0002000000000000000042 /* EPGStore.swift */; };
		AA0002000000000000000043 /* PlaylistService.swift in Sources */ = {isa = PBXBuildFile; fileRef = FA0002000000000000000043 /* PlaylistService.swift */; };
		AA0002000000000000000044 /* PlaylistValidator.swift in Sources */ = {isa = PBXBuildFile; fileRef = FA0002000000000000000044 /* PlaylistValidator.swift */; };
		AA0002000000000000000045 /* SleepTimerService.swift in Sources */ = {isa = PBXBuildFile; fileRef = FA0002000000000000000045 /* SleepTimerService.swift */; };
		AA0002000000000000000046 /* StreamQualityService.swift in Sources */ = {isa = PBXBuildFile; fileRef = FA0002000000000000000046 /* StreamQualityService.swift */; };
		AA0002000000000000000047 /* SubtitleService.swift in Sources */ = {isa = PBXBuildFile; fileRef = FA0002000000000000000047 /* SubtitleService.swift */; };
		AA0002000000000000000048 /* ThemeService.swift in Sources */ = {isa = PBXBuildFile; fileRef = FA0002000000000000000048 /* ThemeService.swift */; };
		AA0002000000000000000049 /* XstreamService.swift in Sources */ = {isa = PBXBuildFile; fileRef = FA0002000000000000000049 /* XstreamService.swift */; };
		AA000200000000000000004A /* CategoryNormalizer.swift in Sources */ = {isa = PBXBuildFile; fileRef = FA000200000000000000004A /* CategoryNormalizer.swift */; };
		/* Storage */
		AA0002000000000000000050 /* ChannelRecord.swift in Sources */ = {isa = PBXBuildFile; fileRef = FA0002000000000000000050 /* ChannelRecord.swift */; };
		AA0002000000000000000051 /* FavoriteRecord.swift in Sources */ = {isa = PBXBuildFile; fileRef = FA0002000000000000000051 /* FavoriteRecord.swift */; };
		AA0002000000000000000052 /* LastChannelStore.swift in Sources */ = {isa = PBXBuildFile; fileRef = FA0002000000000000000052 /* LastChannelStore.swift */; };
		AA0002000000000000000053 /* PlaylistRecord.swift in Sources */ = {isa = PBXBuildFile; fileRef = FA0002000000000000000053 /* PlaylistRecord.swift */; };
		AA0002000000000000000054 /* WatchHistoryRecord.swift in Sources */ = {isa = PBXBuildFile; fileRef = FA0002000000000000000054 /* WatchHistoryRecord.swift */; };

		/* ---- AetherUI sources ---- */
		D8B9F6413B6B44CBB00A000D /* AetherCore.framework in Frameworks */ = {isa = PBXBuildFile; fileRef = 35BCC85B3BEC0758B2852636 /* AetherCore.framework */; };
		AA0003000000000000000001 /* AetherUI.swift in Sources */ = {isa = PBXBuildFile; fileRef = FA0003000000000000000001 /* AetherUI.swift */; };
		AA0003000000000000000010 /* AppearancePickerView.swift in Sources */ = {isa = PBXBuildFile; fileRef = FA0003000000000000000010 /* AppearancePickerView.swift */; };
		AA0003000000000000000011 /* ChannelRowView.swift in Sources */ = {isa = PBXBuildFile; fileRef = FA0003000000000000000011 /* ChannelRowView.swift */; };
		AA0003000000000000000017 /* ChannelLogoView.swift in Sources */ = {isa = PBXBuildFile; fileRef = FA0003000000000000000017 /* ChannelLogoView.swift */; };
		AA0003000000000000000012 /* EmptyStateView.swift in Sources */ = {isa = PBXBuildFile; fileRef = FA0003000000000000000012 /* EmptyStateView.swift */; };
		AA0003000000000000000013 /* EPGTimelineView.swift in Sources */ = {isa = PBXBuildFile; fileRef = FA0003000000000000000013 /* EPGTimelineView.swift */; };
		AA0003000000000000000014 /* OnboardingView.swift in Sources */ = {isa = PBXBuildFile; fileRef = FA0003000000000000000014 /* OnboardingView.swift */; };
		AA0003000000000000000015 /* PlayerControlsView.swift in Sources */ = {isa = PBXBuildFile; fileRef = FA0003000000000000000015 /* PlayerControlsView.swift */; };
		AA0003000000000000000016 /* ThemePickerView.swift in Sources */ = {isa = PBXBuildFile; fileRef = FA0003000000000000000016 /* ThemePickerView.swift */; };

		/* Additional source build files */
		C0D363918C46275B962A34D4 /* AetherMigrationPlan.swift in Sources */ = {isa = PBXBuildFile; fileRef = C0D3F1BC478FA3A76741E0FC /* AetherMigrationPlan.swift */; };
		C0D3DA2B8C6E05ECA4997F10 /* View+ScrollWheel.swift in Sources */ = {isa = PBXBuildFile; fileRef = C0D395F5C700A37A71360ADB /* View+ScrollWheel.swift */; };
		C0D3A26B8554E10C8B018346 /* StatusBarController.swift in Sources */ = {isa = PBXBuildFile; fileRef = C0D31AFC4C5577E706795425 /* StatusBarController.swift */; };
		C0D38D80E66ADCA4BF277FED /* HomeViewModel.swift in Sources */ = {isa = PBXBuildFile; fileRef = C0D38E51EB56F357332022A4 /* HomeViewModel.swift */; };
		C0D305E83BAB67C0C2998144 /* MetaSyncEngine.swift in Sources */ = {isa = PBXBuildFile; fileRef = C0D3A5B91AD0880F240BAB80 /* MetaSyncEngine.swift */; };
		C0D3BDDDEF12B1DCD8BF02AE /* VODNormalizer.swift in Sources */ = {isa = PBXBuildFile; fileRef = C0D3D0AACA8FB8464F699189 /* VODNormalizer.swift */; };
		C0D3CEEDF6DA6CF310AC4AD2 /* AnalyticsView.swift in Sources */ = {isa = PBXBuildFile; fileRef = C0D3E30186DB1D37017DA97A /* AnalyticsView.swift */; };
		C0D38692B10961699E666B84 /* BrandHubCard.swift in Sources */ = {isa = PBXBuildFile; fileRef = C0D38E714F4BC4C5086CF1AA /* BrandHubCard.swift */; };
		C0D3A19761FFD1B7906646EC /* ChannelGridView.swift in Sources */ = {isa = PBXBuildFile; fileRef = C0D38476C8986D942D437B00 /* ChannelGridView.swift */; };
		C0D3743AF9A6E8FA47C62338 /* ChannelListView_ContentCategory.swift in Sources */ = {isa = PBXBuildFile; fileRef = C0D3FD198BDE26D179AEE5B5 /* ChannelListView_ContentCategory.swift */; };
		C0D38446B74272BE907E3DF5 /* CloudSyncView.swift in Sources */ = {isa = PBXBuildFile; fileRef = C0D3D8A7E3688B89216E685A /* CloudSyncView.swift */; };
		C0D3EFC68EF9AC3E29612F35 /* CrashReportsView.swift in Sources */ = {isa = PBXBuildFile; fileRef = C0D3D8830BAC8A6ACD660A8F /* CrashReportsView.swift */; };
		C0D38F71319E7C6E479B2167 /* FavoritesView.swift in Sources */ = {isa = PBXBuildFile; fileRef = C0D3BCCE0736BC7B6A29EBB2 /* FavoritesView.swift */; };
		C0D33184C64962F044232064 /* FloatingChannelPanel.swift in Sources */ = {isa = PBXBuildFile; fileRef = C0D391E5A72F97E655190F12 /* FloatingChannelPanel.swift */; };
		C0D3E2E171EE2A0EFBF46016 /* GlobalContentSearchView.swift in Sources */ = {isa = PBXBuildFile; fileRef = C0D315CF18158E7D31DF17EB /* GlobalContentSearchView.swift */; };
		C0D332E63AA8F30524CE1639 /* HomeView.swift in Sources */ = {isa = PBXBuildFile; fileRef = C0D32CD062197FCC738F27A2 /* HomeView.swift */; };
		C0D33E6B340ECB78609D671E /* HubDetailView.swift in Sources */ = {isa = PBXBuildFile; fileRef = C0D3264E1843B071C9A3822C /* HubDetailView.swift */; };
		C0D3A3B32C869ED67B4C0D51 /* LanguagePickerView.swift in Sources */ = {isa = PBXBuildFile; fileRef = C0D3F7EBB459789CC370C038 /* LanguagePickerView.swift */; };
		C0D37918D7FB0CB37BCBBEFF /* MemoryMonitorView.swift in Sources */ = {isa = PBXBuildFile; fileRef = C0D374F2AE96070432B5DF1F /* MemoryMonitorView.swift */; };
		C0D3AFF161FC322B6F9ACC3A /* MiniPlayerView.swift in Sources */ = {isa = PBXBuildFile; fileRef = C0D376A9A56D9347838BF696 /* MiniPlayerView.swift */; };
		C0D30EB459B9F58A9E9839EC /* NetworkStatusBanner.swift in Sources */ = {isa = PBXBuildFile; fileRef = C0D3B91E52C534CA39DEED79 /* NetworkStatusBanner.swift */; };
		C0D35FBFDFF0D2ABC10D8F5B /* PINLockView.swift in Sources */ = {isa = PBXBuildFile; fileRef = C0D398D359D75C6A30D1E0C2 /* PINLockView.swift */; };
		C0D396A497243E8ECA701827 /* ParentalControlsView.swift in Sources */ = {isa = PBXBuildFile; fileRef = C0D30E2903756145364035EB /* ParentalControlsView.swift */; };
		C0D36E9D088C81D8082DD556 /* PlaylistSharingView.swift in Sources */ = {isa = PBXBuildFile; fileRef = C0D313D70DFF8A7CEC818351 /* PlaylistSharingView.swift */; };
		C0D3825EE7654BAC98066017 /* RecommendationsView.swift in Sources */ = {isa = PBXBuildFile; fileRef = C0D3E90E0E07803C5CA6476D /* RecommendationsView.swift */; };
		C0D30F96B01C187334362BC5 /* RecordingControlsButton.swift in Sources */ = {isa = PBXBuildFile; fileRef = C0D375B7C8F7ACE98948E6AD /* RecordingControlsButton.swift */; };
		C0D3EDD717FEDBC77CD69016 /* RecordingManagerView.swift in Sources */ = {isa = PBXBuildFile; fileRef = C0D33507B7766C08294B4ABD /* RecordingManagerView.swift */; };
		C0D3257E5A9B51AB1C57B4D1 /* RemoteControlView.swift in Sources */ = {isa = PBXBuildFile; fileRef = C0D36FE2F5C847BBE43A2645 /* RemoteControlView.swift */; };
		C0D347FD2D864F36FA2FA4D5 /* StreamingCards.swift in Sources */ = {isa = PBXBuildFile; fileRef = C0D36638538E5289DF6A0AA7 /* StreamingCards.swift */; };
		C0D36728CA90FC867FEAC291 /* SidebarView.swift in Sources */ = {isa = PBXBuildFile; fileRef = C0D3BA16764800C0525C49D9 /* SidebarView.swift */; };
		C0D33CF1B203FB70D0B9C080 /* StreamingServiceDetailView.swift in Sources */ = {isa = PBXBuildFile; fileRef = C0D348AE21DBB91396F87A53 /* StreamingServiceDetailView.swift */; };
		C0D33063B159D9138BF3DD45 /* SubtitleStylingView.swift in Sources */ = {isa = PBXBuildFile; fileRef = C0D3591D74CD541A9FF59D87 /* SubtitleStylingView.swift */; };
		C0D3176C9C6003C110E22D7A /* TrackPickerButton.swift in Sources */ = {isa = PBXBuildFile; fileRef = C0D370F3736F47FE2C6528D9 /* TrackPickerButton.swift */; };
		C0D39B4E22219EABA8ACD56E /* TrackPickerView.swift in Sources */ = {isa = PBXBuildFile; fileRef = C0D31283256405671253BCC9 /* TrackPickerView.swift */; };
		C0D3B31C1E2F95A0EEA58709 /* VLCVideoView.swift in Sources */ = {isa = PBXBuildFile; fileRef = C0D3C47BF3AC044FA1F9D1FE /* VLCVideoView.swift */; };
		C0D3A679BCD93A4F1352E007 /* VODDetailView.swift in Sources */ = {isa = PBXBuildFile; fileRef = C0D39D083280AA0EBE34B8F8 /* VODDetailView.swift */; };
		C0D39C437DF9AE1758193117 /* WatchPartyView.swift in Sources */ = {isa = PBXBuildFile; fileRef = C0D3D806AA9909089E26E398 /* WatchPartyView.swift */; };
		C0D385B96DC013853B8F1709 /* iCloudSyncView.swift in Sources */ = {isa = PBXBuildFile; fileRef = C0D37189633798EE3B499164 /* iCloudSyncView.swift */; };
		C0D357D636BDE11322B61FC5 /* AgeRating.swift in Sources */ = {isa = PBXBuildFile; fileRef = C0D37C5865002B534489A3B0 /* AgeRating.swift */; };
		C0D365867D3C876666FD7C8E /* AudioTrack.swift in Sources */ = {isa = PBXBuildFile; fileRef = C0D3A11D53BBB423892CFEE5 /* AudioTrack.swift */; };
		C0D3C71AAAEE4E0B7C21BC56 /* Episode.swift in Sources */ = {isa = PBXBuildFile; fileRef = C0D30CE93F279EEF2AC04B61 /* Episode.swift */; };
		C0D3A531760B0D1101E4E906 /* Movie.swift in Sources */ = {isa = PBXBuildFile; fileRef = C0D35895C7EC38027373E7B5 /* Movie.swift */; };
		C0D34E35A3B9D2A37134CB72 /* ParentalControlError.swift in Sources */ = {isa = PBXBuildFile; fileRef = C0D3852BAB5E08FC64445176 /* ParentalControlError.swift */; };
		C0D3EE16695F8B31D0442717 /* ParentalSettings.swift in Sources */ = {isa = PBXBuildFile; fileRef = C0D3910431AAF40F2DD5BB0D /* ParentalSettings.swift */; };
		C0D30822CDC9B7F3E776E03F /* Recording.swift in Sources */ = {isa = PBXBuildFile; fileRef = C0D30BE651756DA8465D95C7 /* Recording.swift */; };
		C0D378E2D29DE4E6089E897E /* RecordingError.swift in Sources */ = {isa = PBXBuildFile; fileRef = C0D38449AF8826F50D820C54 /* RecordingError.swift */; };
		C0D3C46084539F141B226FBF /* Series.swift in Sources */ = {isa = PBXBuildFile; fileRef = C0D3BA765D5D5948E65EA64A /* Series.swift */; };
		C0D3E884206861524D4CA4DB /* ShareablePlaylist.swift in Sources */ = {isa = PBXBuildFile; fileRef = C0D30E216DFB61D59DE381E5 /* ShareablePlaylist.swift */; };
		C0D3C88324E71BC5F193F2A3 /* SyncableItem.swift in Sources */ = {isa = PBXBuildFile; fileRef = C0D30E80167AAD53B0529054 /* SyncableItem.swift */; };
		C0D3E79AAA45FED7D1BF9F11 /* VODNormalizer.swift in Sources */ = {isa = PBXBuildFile; fileRef = C0D31D064566F04437B64719 /* VODNormalizer.swift */; };
		C0D33A28A040822226083E24 /* AirPlayService.swift in Sources */ = {isa = PBXBuildFile; fileRef = C0D37B2C4A9031EBD0753831 /* AirPlayService.swift */; };
		C0D303AD58C19437171D4F98 /* AnalyticsService.swift in Sources */ = {isa = PBXBuildFile; fileRef = C0D3880C95DD70AA4F22AA1D /* AnalyticsService.swift */; };
		C0D3005AA5F5D745BB163290 /* BackgroundEPGRefreshService.swift in Sources */ = {isa = PBXBuildFile; fileRef = C0D3664DF06BDC69B34660E2 /* BackgroundEPGRefreshService.swift */; };
		C0D3B3EA51C2D280A6902A50 /* CloudKitManager.swift in Sources */ = {isa = PBXBuildFile; fileRef = C0D342621F6467A598E4C794 /* CloudKitManager.swift */; };
		C0D33F651FF9FF07D7D821DC /* CrashReportingService.swift in Sources */ = {isa = PBXBuildFile; fileRef = C0D3456B74D5BEF4EB60D49B /* CrashReportingService.swift */; };
		C0D30FC2D8048EA0CF66BCD2 /* KeychainService.swift in Sources */ = {isa = PBXBuildFile; fileRef = C0D3D6A820648DBA0AE71E2E /* KeychainService.swift */; };
		C0D3E4CDDA91409DAF9774E9 /* MemoryMonitorService.swift in Sources */ = {isa = PBXBuildFile; fileRef = C0D306E77EE69848123E239A /* MemoryMonitorService.swift */; };
		C0D36C29741EA29067485F8E /* MovieManager.swift in Sources */ = {isa = PBXBuildFile; fileRef = C0D3CC992881100496A61D84 /* MovieManager.swift */; };
		C0D3B5C7D4BCFC5E6FB238E5 /* NetworkMonitorService.swift in Sources */ = {isa = PBXBuildFile; fileRef = C0D3A777BC8C91505AA79A56 /* NetworkMonitorService.swift */; };
		C0D34FD7966133B981367A08 /* NotificationManager.swift in Sources */ = {isa = PBXBuildFile; fileRef = C0D3CBF6E1C0AD94D936FFE0 /* NotificationManager.swift */; };
		C0D306AC78965C32699D2998 /* ParentalControlService.swift in Sources */ = {isa = PBXBuildFile; fileRef = C0D32456F4E7BCB32FF79997 /* ParentalControlService.swift */; };
		C0D3A8DBD491A6CB0F8E2D05 /* PlaylistExporter.swift in Sources */ = {isa = PBXBuildFile; fileRef = C0D3F0EDFC5F74CD4E89F0EC /* PlaylistExporter.swift */; };
		C0D30F08579813810C7778B5 /* PlaylistImporter.swift in Sources */ = {isa = PBXBuildFile; fileRef = C0D322B70CDC2E29AE02DF53 /* PlaylistImporter.swift */; };
		C0D3BFA96F768511BE2084AF /* PlaylistSharingService.swift in Sources */ = {isa = PBXBuildFile; fileRef = C0D3E242A75D64CC0ED297DD /* PlaylistSharingService.swift */; };
		C0D3D80625CABDD2032B7390 /* RecommendationService.swift in Sources */ = {isa = PBXBuildFile; fileRef = C0D3883B8EF0E486A9E9E9B6 /* RecommendationService.swift */; };
		C0D3396FB0FA325F1743D806 /* RecordingService.swift in Sources */ = {isa = PBXBuildFile; fileRef = C0D32F1D70519E23B8C02F47 /* RecordingService.swift */; };
		C0D3E46F24C9CA49B90FF41F /* RemoteControlService.swift in Sources */ = {isa = PBXBuildFile; fileRef = C0D348F0081708B4BD154B29 /* RemoteControlService.swift */; };
		C0D3A980719488200F8139CE /* SeriesGrouper.swift in Sources */ = {isa = PBXBuildFile; fileRef = C0D32C6FE0043D6AB8E11A33 /* SeriesGrouper.swift */; };
		C0D3364D42DF173F0590E278 /* SeriesManager.swift in Sources */ = {isa = PBXBuildFile; fileRef = C0D3040C608162B789428839 /* SeriesManager.swift */; };
		C0D3A2157DB83F701B14D558 /* ShortcutsService.swift in Sources */ = {isa = PBXBuildFile; fileRef = C0D3778C1DEA147BACF7B206 /* ShortcutsService.swift */; };
		C0D358EEF226DD01D5E8739B /* StreamQualityDetector.swift in Sources */ = {isa = PBXBuildFile; fileRef = C0D334DD55204A4D658B670C /* StreamQualityDetector.swift */; };
		C0D35C625C5B885FE8E592FF /* TMDBClient.swift in Sources */ = {isa = PBXBuildFile; fileRef = C0D3064DAFDE023032AAF26C /* TMDBClient.swift */; };
		C0D38E5B86521058F932941A /* TimeshiftService.swift in Sources */ = {isa = PBXBuildFile; fileRef = C0D34F3351BBEA81689176A6 /* TimeshiftService.swift */; };
		C0D3A8743A324A541BB52EF6 /* TrackService.swift in Sources */ = {isa = PBXBuildFile; fileRef = C0D372C376921524B950A782 /* TrackService.swift */; };
		C0D30D65DE209FE7F4743172 /* VoiceCommandService.swift in Sources */ = {isa = PBXBuildFile; fileRef = C0D35CC31491B3B5BFB1ED5B /* VoiceCommandService.swift */; };
		C0D30238D01A9C3706C7C7BC /* WatchPartyService.swift in Sources */ = {isa = PBXBuildFile; fileRef = C0D38800E7ABDF75F25C9811 /* WatchPartyService.swift */; };
		C0D33D7BE33594425BBFEA02 /* iCloudSyncService.swift in Sources */ = {isa = PBXBuildFile; fileRef = C0D34918D1A4F93F2AE28010 /* iCloudSyncService.swift */; };
		C0D314BDF74C3421DFDBD7DC /* ChannelCache.swift in Sources */ = {isa = PBXBuildFile; fileRef = C0D3659F74402C52BE6B4C6A /* ChannelCache.swift */; };
		C0D39364610669318BD7897D /* MovieRecord.swift in Sources */ = {isa = PBXBuildFile; fileRef = C0D3E45684CAE34775115C0C /* MovieRecord.swift */; };
		C0D3381618984373340F5F00 /* SeriesRecord.swift in Sources */ = {isa = PBXBuildFile; fileRef = C0D37FBD135AE5776AD64E5A /* SeriesRecord.swift */; };
		C0D3F4F4BFCD37D69F591B7B /* WatchProgressRecord.swift in Sources */ = {isa = PBXBuildFile; fileRef = C0D3721FF24E3E17EFB55E37 /* WatchProgressRecord.swift */; };
		C0D34D6437B882576314766D /* ImageCache.swift in Sources */ = {isa = PBXBuildFile; fileRef = C0D39C0BB0841857376BE4B4 /* ImageCache.swift */; };
		C0D366E1507283869D169B8C /* SeekBarView.swift in Sources */ = {isa = PBXBuildFile; fileRef = C0D30FAD1EF654C5A53911B6 /* SeekBarView.swift */; };
		C0D39AC70FEE1C621616D65E /* ShimmerView.swift in Sources */ = {isa = PBXBuildFile; fileRef = C0D336CE7DCC9576412F578D /* ShimmerView.swift */; };
/* End PBXBuildFile section */

/* Begin PBXContainerItemProxy section */
		D8B9F6413B6B44CBB00A0010 /* PBXContainerItemProxy */ = {
			isa = PBXContainerItemProxy;
			containerPortal = BB000000000000000000PROJ /* Project object */;
			proxyType = 1;
			remoteGlobalIDString = 35BCC85B3BEC0758B2852635;
			remoteInfo = AetherCore;
		};
		D8B9F6413B6B44CBB00A0012 /* PBXContainerItemProxy */ = {
			isa = PBXContainerItemProxy;
			containerPortal = BB000000000000000000PROJ /* Project object */;
			proxyType = 1;
			remoteGlobalIDString = F3BF791DEC33AEB16F1272F3;
			remoteInfo = AetherUI;
		};
		D8B9F6413B6B44CBB00A0014 /* PBXContainerItemProxy */ = {
			isa = PBXContainerItemProxy;
			containerPortal = BB000000000000000000PROJ /* Project object */;
			proxyType = 1;
			remoteGlobalIDString = 35BCC85B3BEC0758B2852635;
			remoteInfo = AetherCore;
		};
/* End PBXContainerItemProxy section */

/* Begin PBXCopyFilesBuildPhase section */
		D8B9F6413B6B44CBB00A0007 /* Embed Frameworks */ = {
			isa = PBXCopyFilesBuildPhase;
			buildActionMask = 2147483647;
			dstPath = "";
			dstSubfolderSpec = 10;
			files = (
				D8B9F6413B6B44CBB00A0008 /* AetherCore.framework in Embed Frameworks */,
				D8B9F6413B6B44CBB00A0009 /* AetherUI.framework in Embed Frameworks */,
				D8B9F6413B6B44CBB00A000A /* VLCKit.xcframework in Embed Frameworks */,
			);
			name = "Embed Frameworks";
			runOnlyForDeploymentPostprocessing = 0;
		};
/* End PBXCopyFilesBuildPhase section */

/* Begin PBXFileReference section */
		/* AetherApp */
		FA0001000000000000000001 /* AetherApp.swift */ = {isa = PBXFileReference; lastKnownFileType = sourcecode.swift; name = AetherApp.swift; path = Sources/AetherApp/AetherApp.swift; sourceTree = "<group>"; };
		FA0001000000000000000003 /* SubtitleStore.swift */ = {isa = PBXFileReference; lastKnownFileType = sourcecode.swift; name = SubtitleStore.swift; path = Sources/AetherApp/SubtitleStore.swift; sourceTree = "<group>"; };
		FA0001000000000000000004 /* KeyboardShortcutHandler.swift */ = {isa = PBXFileReference; lastKnownFileType = sourcecode.swift; name = KeyboardShortcutHandler.swift; path = Sources/AetherApp/KeyboardShortcutHandler.swift; sourceTree = "<group>"; };
		/* Views */
		FA0001000000000000000010 /* AddPlaylistSheet.swift */ = {isa = PBXFileReference; lastKnownFileType = sourcecode.swift; name = AddPlaylistSheet.swift; path = Sources/AetherApp/Views/AddPlaylistSheet.swift; sourceTree = "<group>"; };
		FA0001000000000000000011 /* ChannelListView.swift */ = {isa = PBXFileReference; lastKnownFileType = sourcecode.swift; name = ChannelListView.swift; path = Sources/AetherApp/Views/ChannelListView.swift; sourceTree = "<group>"; };
		FA0001000000000000000013 /* CommandPaletteView.swift */ = {isa = PBXFileReference; lastKnownFileType = sourcecode.swift; name = CommandPaletteView.swift; path = Sources/AetherApp/Views/CommandPaletteView.swift; sourceTree = "<group>"; };
		FA0001000000000000000014 /* ContentView.swift */ = {isa = PBXFileReference; lastKnownFileType = sourcecode.swift; name = ContentView.swift; path = Sources/AetherApp/Views/ContentView.swift; sourceTree = "<group>"; };
		FA0001000000000000000015 /* PlayerView.swift */ = {isa = PBXFileReference; lastKnownFileType = sourcecode.swift; name = PlayerView.swift; path = Sources/AetherApp/Views/PlayerView.swift; sourceTree = "<group>"; };
		FA0001000000000000000016 /* PlaylistHealthView.swift */ = {isa = PBXFileReference; lastKnownFileType = sourcecode.swift; name = PlaylistHealthView.swift; path = Sources/AetherApp/Views/PlaylistHealthView.swift; sourceTree = "<group>"; };
		FA0001000000000000000017 /* PlaylistSidebar.swift */ = {isa = PBXFileReference; lastKnownFileType = sourcecode.swift; name = PlaylistSidebar.swift; path = Sources/AetherApp/Views/PlaylistSidebar.swift; sourceTree = "<group>"; };
		FA0001000000000000000018 /* SeriesBrowserView.swift */ = {isa = PBXFileReference; lastKnownFileType = sourcecode.swift; name = SeriesBrowserView.swift; path = Sources/AetherApp/Views/SeriesBrowserView.swift; sourceTree = "<group>"; };
		FA0001000000000000000019 /* SeriesDetailView.swift */ = {isa = PBXFileReference; lastKnownFileType = sourcecode.swift; name = SeriesDetailView.swift; path = Sources/AetherApp/Views/SeriesDetailView.swift; sourceTree = "<group>"; };
		FA000100000000000000001A /* SettingsView.swift */ = {isa = PBXFileReference; lastKnownFileType = sourcecode.swift; name = SettingsView.swift; path = Sources/AetherApp/Views/SettingsView.swift; sourceTree = "<group>"; };
		FA000100000000000000001B /* StreamStatsView.swift */ = {isa = PBXFileReference; lastKnownFileType = sourcecode.swift; name = StreamStatsView.swift; path = Sources/AetherApp/Views/StreamStatsView.swift; sourceTree = "<group>"; };
		FA000100000000000000001C /* SubtitleOverlayView.swift */ = {isa = PBXFileReference; lastKnownFileType = sourcecode.swift; name = SubtitleOverlayView.swift; path = Sources/AetherApp/Views/SubtitleOverlayView.swift; sourceTree = "<group>"; };
		FA000100000000000000001D /* SubtitleSettingsView.swift */ = {isa = PBXFileReference; lastKnownFileType = sourcecode.swift; name = SubtitleSettingsView.swift; path = Sources/AetherApp/Views/SubtitleSettingsView.swift; sourceTree = "<group>"; };
		FA000100000000000000001E /* VODBrowserView.swift */ = {isa = PBXFileReference; lastKnownFileType = sourcecode.swift; name = VODBrowserView.swift; path = Sources/AetherApp/Views/VODBrowserView.swift; sourceTree = "<group>"; };
		FA000100000000000000001F /* WatchHistoryView.swift */ = {isa = PBXFileReference; lastKnownFileType = sourcecode.swift; name = WatchHistoryView.swift; path = Sources/AetherApp/Views/WatchHistoryView.swift; sourceTree = "<group>"; };
		/* Resources */
		FA0001000000000000000030 /* Assets.xcassets */ = {isa = PBXFileReference; lastKnownFileType = folder.assetcatalog; name = Assets.xcassets; path = Sources/AetherApp/Resources/Assets.xcassets; sourceTree = "<group>"; };
		FA0001000000000000000031 /* Info.plist */ = {isa = PBXFileReference; lastKnownFileType = text.plist.xml; name = Info.plist; path = Sources/AetherApp/Info.plist; sourceTree = "<group>"; };
		FA0001000000000000000032 /* AetherApp.entitlements */ = {isa = PBXFileReference; lastKnownFileType = text.plist.entitlements; name = AetherApp.entitlements; path = Sources/AetherApp/Resources/AetherApp.entitlements; sourceTree = "<group>"; };

		/* AetherCore */
		FA0002000000000000000001 /* Colors.swift */ = {isa = PBXFileReference; lastKnownFileType = sourcecode.swift; name = Colors.swift; path = Sources/AetherCore/Design/Colors.swift; sourceTree = "<group>"; };
		FA0002000000000000000002 /* Typography.swift */ = {isa = PBXFileReference; lastKnownFileType = sourcecode.swift; name = Typography.swift; path = Sources/AetherCore/Design/Typography.swift; sourceTree = "<group>"; };
		FA0002000000000000000010 /* AppearanceMode.swift */ = {isa = PBXFileReference; lastKnownFileType = sourcecode.swift; name = AppearanceMode.swift; path = Sources/AetherCore/Models/AppearanceMode.swift; sourceTree = "<group>"; };
		FA0002000000000000000011 /* Channel.swift */ = {isa = PBXFileReference; lastKnownFileType = sourcecode.swift; name = Channel.swift; path = Sources/AetherCore/Models/Channel.swift; sourceTree = "<group>"; };
		FA0002000000000000000012 /* EPGEntry.swift */ = {isa = PBXFileReference; lastKnownFileType = sourcecode.swift; name = EPGEntry.swift; path = Sources/AetherCore/Models/EPGEntry.swift; sourceTree = "<group>"; };
		FA0002000000000000000013 /* Playlist.swift */ = {isa = PBXFileReference; lastKnownFileType = sourcecode.swift; name = Playlist.swift; path = Sources/AetherCore/Models/Playlist.swift; sourceTree = "<group>"; };
		FA0002000000000000000014 /* SubtitleTrack.swift */ = {isa = PBXFileReference; lastKnownFileType = sourcecode.swift; name = SubtitleTrack.swift; path = Sources/AetherCore/Models/SubtitleTrack.swift; sourceTree = "<group>"; };
		FA0002000000000000000015 /* Theme.swift */ = {isa = PBXFileReference; lastKnownFileType = sourcecode.swift; name = Theme.swift; path = Sources/AetherCore/Models/Theme.swift; sourceTree = "<group>"; };
		FA0002000000000000000016 /* ContentTaxonomy.swift */ = {isa = PBXFileReference; lastKnownFileType = sourcecode.swift; name = ContentTaxonomy.swift; path = Sources/AetherCore/Models/ContentTaxonomy.swift; sourceTree = "<group>"; };
		FA0002000000000000000020 /* M3UParser.swift */ = {isa = PBXFileReference; lastKnownFileType = sourcecode.swift; name = M3UParser.swift; path = Sources/AetherCore/Parsers/M3UParser.swift; sourceTree = "<group>"; };
		FA0002000000000000000021 /* SRTParser.swift */ = {isa = PBXFileReference; lastKnownFileType = sourcecode.swift; name = SRTParser.swift; path = Sources/AetherCore/Parsers/SRTParser.swift; sourceTree = "<group>"; };
		FA0002000000000000000022 /* XMLTVParser.swift */ = {isa = PBXFileReference; lastKnownFileType = sourcecode.swift; name = XMLTVParser.swift; path = Sources/AetherCore/Parsers/XMLTVParser.swift; sourceTree = "<group>"; };
		FA0002000000000000000031 /* PlayerCore.swift */ = {isa = PBXFileReference; lastKnownFileType = sourcecode.swift; name = PlayerCore.swift; path = Sources/AetherCore/Player/PlayerCore.swift; sourceTree = "<group>"; };
		FA0002000000000000000040 /* ChannelFilterService.swift */ = {isa = PBXFileReference; lastKnownFileType = sourcecode.swift; name = ChannelFilterService.swift; path = Sources/AetherCore/Services/ChannelFilterService.swift; sourceTree = "<group>"; };
		FA0002000000000000000041 /* EPGService.swift */ = {isa = PBXFileReference; lastKnownFileType = sourcecode.swift; name = EPGService.swift; path = Sources/AetherCore/Services/EPGService.swift; sourceTree = "<group>"; };
		FA0002000000000000000042 /* EPGStore.swift */ = {isa = PBXFileReference; lastKnownFileType = sourcecode.swift; name = EPGStore.swift; path = Sources/AetherCore/Services/EPGStore.swift; sourceTree = "<group>"; };
		FA0002000000000000000043 /* PlaylistService.swift */ = {isa = PBXFileReference; lastKnownFileType = sourcecode.swift; name = PlaylistService.swift; path = Sources/AetherCore/Services/PlaylistService.swift; sourceTree = "<group>"; };
		FA0002000000000000000044 /* PlaylistValidator.swift */ = {isa = PBXFileReference; lastKnownFileType = sourcecode.swift; name = PlaylistValidator.swift; path = Sources/AetherCore/Services/PlaylistValidator.swift; sourceTree = "<group>"; };
		FA0002000000000000000045 /* SleepTimerService.swift */ = {isa = PBXFileReference; lastKnownFileType = sourcecode.swift; name = SleepTimerService.swift; path = Sources/AetherCore/Services/SleepTimerService.swift; sourceTree = "<group>"; };
		FA0002000000000000000046 /* StreamQualityService.swift */ = {isa = PBXFileReference; lastKnownFileType = sourcecode.swift; name = StreamQualityService.swift; path = Sources/AetherCore/Services/StreamQualityService.swift; sourceTree = "<group>"; };
		FA0002000000000000000047 /* SubtitleService.swift */ = {isa = PBXFileReference; lastKnownFileType = sourcecode.swift; name = SubtitleService.swift; path = Sources/AetherCore/Services/SubtitleService.swift; sourceTree = "<group>"; };
		FA0002000000000000000048 /* ThemeService.swift */ = {isa = PBXFileReference; lastKnownFileType = sourcecode.swift; name = ThemeService.swift; path = Sources/AetherCore/Services/ThemeService.swift; sourceTree = "<group>"; };
		FA0002000000000000000049 /* XstreamService.swift */ = {isa = PBXFileReference; lastKnownFileType = sourcecode.swift; name = XstreamService.swift; path = Sources/AetherCore/Services/XstreamService.swift; sourceTree = "<group>"; };
		FA000200000000000000004A /* CategoryNormalizer.swift */ = {isa = PBXFileReference; lastKnownFileType = sourcecode.swift; name = CategoryNormalizer.swift; path = Sources/AetherCore/Services/CategoryNormalizer.swift; sourceTree = "<group>"; };
		FA0002000000000000000050 /* ChannelRecord.swift */ = {isa = PBXFileReference; lastKnownFileType = sourcecode.swift; name = ChannelRecord.swift; path = Sources/AetherCore/Storage/ChannelRecord.swift; sourceTree = "<group>"; };
		FA0002000000000000000051 /* FavoriteRecord.swift */ = {isa = PBXFileReference; lastKnownFileType = sourcecode.swift; name = FavoriteRecord.swift; path = Sources/AetherCore/Storage/FavoriteRecord.swift; sourceTree = "<group>"; };
		FA0002000000000000000052 /* LastChannelStore.swift */ = {isa = PBXFileReference; lastKnownFileType = sourcecode.swift; name = LastChannelStore.swift; path = Sources/AetherCore/Storage/LastChannelStore.swift; sourceTree = "<group>"; };
		FA0002000000000000000053 /* PlaylistRecord.swift */ = {isa = PBXFileReference; lastKnownFileType = sourcecode.swift; name = PlaylistRecord.swift; path = Sources/AetherCore/Storage/PlaylistRecord.swift; sourceTree = "<group>"; };
		FA0002000000000000000054 /* WatchHistoryRecord.swift */ = {isa = PBXFileReference; lastKnownFileType = sourcecode.swift; name = WatchHistoryRecord.swift; path = Sources/AetherCore/Storage/WatchHistoryRecord.swift; sourceTree = "<group>"; };

		/* AetherUI */
		FA0003000000000000000001 /* AetherUI.swift */ = {isa = PBXFileReference; lastKnownFileType = sourcecode.swift; name = AetherUI.swift; path = Sources/AetherUI/AetherUI.swift; sourceTree = "<group>"; };
		FA0003000000000000000010 /* AppearancePickerView.swift */ = {isa = PBXFileReference; lastKnownFileType = sourcecode.swift; name = AppearancePickerView.swift; path = Sources/AetherUI/Views/AppearancePickerView.swift; sourceTree = "<group>"; };
		FA0003000000000000000011 /* ChannelRowView.swift */ = {isa = PBXFileReference; lastKnownFileType = sourcecode.swift; name = ChannelRowView.swift; path = Sources/AetherUI/Views/ChannelRowView.swift; sourceTree = "<group>"; };
		FA0003000000000000000017 /* ChannelLogoView.swift */ = {isa = PBXFileReference; lastKnownFileType = sourcecode.swift; name = ChannelLogoView.swift; path = Sources/AetherUI/Views/ChannelLogoView.swift; sourceTree = "<group>"; };
		FA0003000000000000000012 /* EmptyStateView.swift */ = {isa = PBXFileReference; lastKnownFileType = sourcecode.swift; name = EmptyStateView.swift; path = Sources/AetherUI/Views/EmptyStateView.swift; sourceTree = "<group>"; };
		FA0003000000000000000013 /* EPGTimelineView.swift */ = {isa = PBXFileReference; lastKnownFileType = sourcecode.swift; name = EPGTimelineView.swift; path = Sources/AetherUI/Views/EPGTimelineView.swift; sourceTree = "<group>"; };
		FA0003000000000000000014 /* OnboardingView.swift */ = {isa = PBXFileReference; lastKnownFileType = sourcecode.swift; name = OnboardingView.swift; path = Sources/AetherUI/Views/OnboardingView.swift; sourceTree = "<group>"; };
		FA0003000000000000000015 /* PlayerControlsView.swift */ = {isa = PBXFileReference; lastKnownFileType = sourcecode.swift; name = PlayerControlsView.swift; path = Sources/AetherUI/Views/PlayerControlsView.swift; sourceTree = "<group>"; };
		FA0003000000000000000016 /* ThemePickerView.swift */ = {isa = PBXFileReference; lastKnownFileType = sourcecode.swift; name = ThemePickerView.swift; path = Sources/AetherUI/Views/ThemePickerView.swift; sourceTree = "<group>"; };

		/* Additional source references */
		C0D3F1BC478FA3A76741E0FC /* AetherMigrationPlan.swift */ = {isa = PBXFileReference; lastKnownFileType = sourcecode.swift; name = "AetherMigrationPlan.swift"; path = "Sources/AetherApp/AetherMigrationPlan.swift"; sourceTree = "<group>"; };
		C0D395F5C700A37A71360ADB /* View+ScrollWheel.swift */ = {isa = PBXFileReference; lastKnownFileType = sourcecode.swift; name = "View+ScrollWheel.swift"; path = "Sources/AetherApp/Extensions/View+ScrollWheel.swift"; sourceTree = "<group>"; };
		C0D31AFC4C5577E706795425 /* StatusBarController.swift */ = {isa = PBXFileReference; lastKnownFileType = sourcecode.swift; name = "StatusBarController.swift"; path = "Sources/AetherApp/StatusBar/StatusBarController.swift"; sourceTree = "<group>"; };
		C0D38E51EB56F357332022A4 /* HomeViewModel.swift */ = {isa = PBXFileReference; lastKnownFileType = sourcecode.swift; name = "HomeViewModel.swift"; path = "Sources/AetherApp/ViewModels/HomeViewModel.swift"; sourceTree = "<group>"; };
		C0D3A5B91AD0880F240BAB80 /* MetaSyncEngine.swift */ = {isa = PBXFileReference; lastKnownFileType = sourcecode.swift; name = "MetaSyncEngine.swift"; path = "Sources/AetherApp/ViewModels/MetaSyncEngine.swift"; sourceTree = "<group>"; };
		C0D3D0AACA8FB8464F699189 /* VODNormalizer.swift */ = {isa = PBXFileReference; lastKnownFileType = sourcecode.swift; name = "VODNormalizer.swift"; path = "Sources/AetherApp/ViewModels/VODNormalizer.swift"; sourceTree = "<group>"; };
		C0D3E30186DB1D37017DA97A /* AnalyticsView.swift */ = {isa = PBXFileReference; lastKnownFileType = sourcecode.swift; name = "AnalyticsView.swift"; path = "Sources/AetherApp/Views/AnalyticsView.swift"; sourceTree = "<group>"; };
		C0D38E714F4BC4C5086CF1AA /* BrandHubCard.swift */ = {isa = PBXFileReference; lastKnownFileType = sourcecode.swift; name = "BrandHubCard.swift"; path = "Sources/AetherApp/Views/BrandHubCard.swift"; sourceTree = "<group>"; };
		C0D38476C8986D942D437B00 /* ChannelGridView.swift */ = {isa = PBXFileReference; lastKnownFileType = sourcecode.swift; name = "ChannelGridView.swift"; path = "Sources/AetherApp/Views/ChannelGridView.swift"; sourceTree = "<group>"; };
		C0D3FD198BDE26D179AEE5B5 /* ChannelListView_ContentCategory.swift */ = {isa = PBXFileReference; lastKnownFileType = sourcecode.swift; name = "ChannelListView_ContentCategory.swift"; path = "Sources/AetherApp/Views/ChannelListView_ContentCategory.swift"; sourceTree = "<group>"; };
		C0D3D8A7E3688B89216E685A /* CloudSyncView.swift */ = {isa = PBXFileReference; lastKnownFileType = sourcecode.swift; name = "CloudSyncView.swift"; path = "Sources/AetherApp/Views/CloudSyncView.swift"; sourceTree = "<group>"; };
		C0D3D8830BAC8A6ACD660A8F /* CrashReportsView.swift */ = {isa = PBXFileReference; lastKnownFileType = sourcecode.swift; name = "CrashReportsView.swift"; path = "Sources/AetherApp/Views/CrashReportsView.swift"; sourceTree = "<group>"; };
		C0D3BCCE0736BC7B6A29EBB2 /* FavoritesView.swift */ = {isa = PBXFileReference; lastKnownFileType = sourcecode.swift; name = "FavoritesView.swift"; path = "Sources/AetherApp/Views/FavoritesView.swift"; sourceTree = "<group>"; };
		C0D391E5A72F97E655190F12 /* FloatingChannelPanel.swift */ = {isa = PBXFileReference; lastKnownFileType = sourcecode.swift; name = "FloatingChannelPanel.swift"; path = "Sources/AetherApp/Views/FloatingChannelPanel.swift"; sourceTree = "<group>"; };
		C0D315CF18158E7D31DF17EB /* GlobalContentSearchView.swift */ = {isa = PBXFileReference; lastKnownFileType = sourcecode.swift; name = "GlobalContentSearchView.swift"; path = "Sources/AetherApp/Views/GlobalContentSearchView.swift"; sourceTree = "<group>"; };
		C0D32CD062197FCC738F27A2 /* HomeView.swift */ = {isa = PBXFileReference; lastKnownFileType = sourcecode.swift; name = "HomeView.swift"; path = "Sources/AetherApp/Views/HomeView.swift"; sourceTree = "<group>"; };
		C0D3264E1843B071C9A3822C /* HubDetailView.swift */ = {isa = PBXFileReference; lastKnownFileType = sourcecode.swift; name = "HubDetailView.swift"; path = "Sources/AetherApp/Views/HubDetailView.swift"; sourceTree = "<group>"; };
		C0D3F7EBB459789CC370C038 /* LanguagePickerView.swift */ = {isa = PBXFileReference; lastKnownFileType = sourcecode.swift; name = "LanguagePickerView.swift"; path = "Sources/AetherApp/Views/LanguagePickerView.swift"; sourceTree = "<group>"; };
		C0D374F2AE96070432B5DF1F /* MemoryMonitorView.swift */ = {isa = PBXFileReference; lastKnownFileType = sourcecode.swift; name = "MemoryMonitorView.swift"; path = "Sources/AetherApp/Views/MemoryMonitorView.swift"; sourceTree = "<group>"; };
		C0D376A9A56D9347838BF696 /* MiniPlayerView.swift */ = {isa = PBXFileReference; lastKnownFileType = sourcecode.swift; name = "MiniPlayerView.swift"; path = "Sources/AetherApp/Views/MiniPlayerView.swift"; sourceTree = "<group>"; };
		C0D3B91E52C534CA39DEED79 /* NetworkStatusBanner.swift */ = {isa = PBXFileReference; lastKnownFileType = sourcecode.swift; name = "NetworkStatusBanner.swift"; path = "Sources/AetherApp/Views/NetworkStatusBanner.swift"; sourceTree = "<group>"; };
		C0D398D359D75C6A30D1E0C2 /* PINLockView.swift */ = {isa = PBXFileReference; lastKnownFileType = sourcecode.swift; name = "PINLockView.swift"; path = "Sources/AetherApp/Views/PINLockView.swift"; sourceTree = "<group>"; };
		C0D30E2903756145364035EB /* ParentalControlsView.swift */ = {isa = PBXFileReference; lastKnownFileType = sourcecode.swift; name = "ParentalControlsView.swift"; path = "Sources/AetherApp/Views/ParentalControlsView.swift"; sourceTree = "<group>"; };
		C0D313D70DFF8A7CEC818351 /* PlaylistSharingView.swift */ = {isa = PBXFileReference; lastKnownFileType = sourcecode.swift; name = "PlaylistSharingView.swift"; path = "Sources/AetherApp/Views/PlaylistSharingView.swift"; sourceTree = "<group>"; };
		C0D3E90E0E07803C5CA6476D /* RecommendationsView.swift */ = {isa = PBXFileReference; lastKnownFileType = sourcecode.swift; name = "RecommendationsView.swift"; path = "Sources/AetherApp/Views/RecommendationsView.swift"; sourceTree = "<group>"; };
		C0D375B7C8F7ACE98948E6AD /* RecordingControlsButton.swift */ = {isa = PBXFileReference; lastKnownFileType = sourcecode.swift; name = "RecordingControlsButton.swift"; path = "Sources/AetherApp/Views/RecordingControlsButton.swift"; sourceTree = "<group>"; };
		C0D33507B7766C08294B4ABD /* RecordingManagerView.swift */ = {isa = PBXFileReference; lastKnownFileType = sourcecode.swift; name = "RecordingManagerView.swift"; path = "Sources/AetherApp/Views/RecordingManagerView.swift"; sourceTree = "<group>"; };
		C0D36FE2F5C847BBE43A2645 /* RemoteControlView.swift */ = {isa = PBXFileReference; lastKnownFileType = sourcecode.swift; name = "RemoteControlView.swift"; path = "Sources/AetherApp/Views/RemoteControlView.swift"; sourceTree = "<group>"; };
		C0D36638538E5289DF6A0AA7 /* StreamingCards.swift */ = {isa = PBXFileReference; lastKnownFileType = sourcecode.swift; name = "StreamingCards.swift"; path = "Sources/AetherApp/Views/Shared/StreamingCards.swift"; sourceTree = "<group>"; };
		C0D3BA16764800C0525C49D9 /* SidebarView.swift */ = {isa = PBXFileReference; lastKnownFileType = sourcecode.swift; name = "SidebarView.swift"; path = "Sources/AetherApp/Views/SidebarView.swift"; sourceTree = "<group>"; };
		C0D348AE21DBB91396F87A53 /* StreamingServiceDetailView.swift */ = {isa = PBXFileReference; lastKnownFileType = sourcecode.swift; name = "StreamingServiceDetailView.swift"; path = "Sources/AetherApp/Views/StreamingServiceDetailView.swift"; sourceTree = "<group>"; };
		C0D3591D74CD541A9FF59D87 /* SubtitleStylingView.swift */ = {isa = PBXFileReference; lastKnownFileType = sourcecode.swift; name = "SubtitleStylingView.swift"; path = "Sources/AetherApp/Views/SubtitleStylingView.swift"; sourceTree = "<group>"; };
		C0D370F3736F47FE2C6528D9 /* TrackPickerButton.swift */ = {isa = PBXFileReference; lastKnownFileType = sourcecode.swift; name = "TrackPickerButton.swift"; path = "Sources/AetherApp/Views/TrackPickerButton.swift"; sourceTree = "<group>"; };
		C0D31283256405671253BCC9 /* TrackPickerView.swift */ = {isa = PBXFileReference; lastKnownFileType = sourcecode.swift; name = "TrackPickerView.swift"; path = "Sources/AetherApp/Views/TrackPickerView.swift"; sourceTree = "<group>"; };
		C0D3C47BF3AC044FA1F9D1FE /* VLCVideoView.swift */ = {isa = PBXFileReference; lastKnownFileType = sourcecode.swift; name = "VLCVideoView.swift"; path = "Sources/AetherApp/Views/VLCVideoView.swift"; sourceTree = "<group>"; };
		C0D39D083280AA0EBE34B8F8 /* VODDetailView.swift */ = {isa = PBXFileReference; lastKnownFileType = sourcecode.swift; name = "VODDetailView.swift"; path = "Sources/AetherApp/Views/VODDetailView.swift"; sourceTree = "<group>"; };
		C0D3D806AA9909089E26E398 /* WatchPartyView.swift */ = {isa = PBXFileReference; lastKnownFileType = sourcecode.swift; name = "WatchPartyView.swift"; path = "Sources/AetherApp/Views/WatchPartyView.swift"; sourceTree = "<group>"; };
		C0D37189633798EE3B499164 /* iCloudSyncView.swift */ = {isa = PBXFileReference; lastKnownFileType = sourcecode.swift; name = "iCloudSyncView.swift"; path = "Sources/AetherApp/Views/iCloudSyncView.swift"; sourceTree = "<group>"; };
		C0D37C5865002B534489A3B0 /* AgeRating.swift */ = {isa = PBXFileReference; lastKnownFileType = sourcecode.swift; name = "AgeRating.swift"; path = "Sources/AetherCore/Models/AgeRating.swift"; sourceTree = "<group>"; };
		C0D3A11D53BBB423892CFEE5 /* AudioTrack.swift */ = {isa = PBXFileReference; lastKnownFileType = sourcecode.swift; name = "AudioTrack.swift"; path = "Sources/AetherCore/Models/AudioTrack.swift"; sourceTree = "<group>"; };
		C0D30CE93F279EEF2AC04B61 /* Episode.swift */ = {isa = PBXFileReference; lastKnownFileType = sourcecode.swift; name = "Episode.swift"; path = "Sources/AetherCore/Models/Episode.swift"; sourceTree = "<group>"; };
		C0D35895C7EC38027373E7B5 /* Movie.swift */ = {isa = PBXFileReference; lastKnownFileType = sourcecode.swift; name = "Movie.swift"; path = "Sources/AetherCore/Models/Movie.swift"; sourceTree = "<group>"; };
		C0D3852BAB5E08FC64445176 /* ParentalControlError.swift */ = {isa = PBXFileReference; lastKnownFileType = sourcecode.swift; name = "ParentalControlError.swift"; path = "Sources/AetherCore/Models/ParentalControlError.swift"; sourceTree = "<group>"; };
		C0D3910431AAF40F2DD5BB0D /* ParentalSettings.swift */ = {isa = PBXFileReference; lastKnownFileType = sourcecode.swift; name = "ParentalSettings.swift"; path = "Sources/AetherCore/Models/ParentalSettings.swift"; sourceTree = "<group>"; };
		C0D30BE651756DA8465D95C7 /* Recording.swift */ = {isa = PBXFileReference; lastKnownFileType = sourcecode.swift; name = "Recording.swift"; path = "Sources/AetherCore/Models/Recording.swift"; sourceTree = "<group>"; };
		C0D38449AF8826F50D820C54 /* RecordingError.swift */ = {isa = PBXFileReference; lastKnownFileType = sourcecode.swift; name = "RecordingError.swift"; path = "Sources/AetherCore/Models/RecordingError.swift"; sourceTree = "<group>"; };
		C0D3BA765D5D5948E65EA64A /* Series.swift */ = {isa = PBXFileReference; lastKnownFileType = sourcecode.swift; name = "Series.swift"; path = "Sources/AetherCore/Models/Series.swift"; sourceTree = "<group>"; };
		C0D30E216DFB61D59DE381E5 /* ShareablePlaylist.swift */ = {isa = PBXFileReference; lastKnownFileType = sourcecode.swift; name = "ShareablePlaylist.swift"; path = "Sources/AetherCore/Models/ShareablePlaylist.swift"; sourceTree = "<group>"; };
		C0D30E80167AAD53B0529054 /* SyncableItem.swift */ = {isa = PBXFileReference; lastKnownFileType = sourcecode.swift; name = "SyncableItem.swift"; path = "Sources/AetherCore/Models/SyncableItem.swift"; sourceTree = "<group>"; };
		C0D31D064566F04437B64719 /* VODNormalizer.swift */ = {isa = PBXFileReference; lastKnownFileType = sourcecode.swift; name = "VODNormalizer.swift"; path = "Sources/AetherCore/Models/VODNormalizer.swift"; sourceTree = "<group>"; };
		C0D37B2C4A9031EBD0753831 /* AirPlayService.swift */ = {isa = PBXFileReference; lastKnownFileType = sourcecode.swift; name = "AirPlayService.swift"; path = "Sources/AetherCore/Services/AirPlayService.swift"; sourceTree = "<group>"; };
		C0D3880C95DD70AA4F22AA1D /* AnalyticsService.swift */ = {isa = PBXFileReference; lastKnownFileType = sourcecode.swift; name = "AnalyticsService.swift"; path = "Sources/AetherCore/Services/AnalyticsService.swift"; sourceTree = "<group>"; };
		C0D3664DF06BDC69B34660E2 /* BackgroundEPGRefreshService.swift */ = {isa = PBXFileReference; lastKnownFileType = sourcecode.swift; name = "BackgroundEPGRefreshService.swift"; path = "Sources/AetherCore/Services/BackgroundEPGRefreshService.swift"; sourceTree = "<group>"; };
		C0D342621F6467A598E4C794 /* CloudKitManager.swift */ = {isa = PBXFileReference; lastKnownFileType = sourcecode.swift; name = "CloudKitManager.swift"; path = "Sources/AetherCore/Services/CloudKitManager.swift"; sourceTree = "<group>"; };
		C0D3456B74D5BEF4EB60D49B /* CrashReportingService.swift */ = {isa = PBXFileReference; lastKnownFileType = sourcecode.swift; name = "CrashReportingService.swift"; path = "Sources/AetherCore/Services/CrashReportingService.swift"; sourceTree = "<group>"; };
		C0D3D6A820648DBA0AE71E2E /* KeychainService.swift */ = {isa = PBXFileReference; lastKnownFileType = sourcecode.swift; name = "KeychainService.swift"; path = "Sources/AetherCore/Services/KeychainService.swift"; sourceTree = "<group>"; };
		C0D306E77EE69848123E239A /* MemoryMonitorService.swift */ = {isa = PBXFileReference; lastKnownFileType = sourcecode.swift; name = "MemoryMonitorService.swift"; path = "Sources/AetherCore/Services/MemoryMonitorService.swift"; sourceTree = "<group>"; };
		C0D3CC992881100496A61D84 /* MovieManager.swift */ = {isa = PBXFileReference; lastKnownFileType = sourcecode.swift; name = "MovieManager.swift"; path = "Sources/AetherCore/Services/MovieManager.swift"; sourceTree = "<group>"; };
		C0D3A777BC8C91505AA79A56 /* NetworkMonitorService.swift */ = {isa = PBXFileReference; lastKnownFileType = sourcecode.swift; name = "NetworkMonitorService.swift"; path = "Sources/AetherCore/Services/NetworkMonitorService.swift"; sourceTree = "<group>"; };
		C0D3CBF6E1C0AD94D936FFE0 /* NotificationManager.swift */ = {isa = PBXFileReference; lastKnownFileType = sourcecode.swift; name = "NotificationManager.swift"; path = "Sources/AetherCore/Services/NotificationManager.swift"; sourceTree = "<group>"; };
		C0D32456F4E7BCB32FF79997 /* ParentalControlService.swift */ = {isa = PBXFileReference; lastKnownFileType = sourcecode.swift; name = "ParentalControlService.swift"; path = "Sources/AetherCore/Services/ParentalControlService.swift"; sourceTree = "<group>"; };
		C0D3F0EDFC5F74CD4E89F0EC /* PlaylistExporter.swift */ = {isa = PBXFileReference; lastKnownFileType = sourcecode.swift; name = "PlaylistExporter.swift"; path = "Sources/AetherCore/Services/PlaylistExporter.swift"; sourceTree = "<group>"; };
		C0D322B70CDC2E29AE02DF53 /* PlaylistImporter.swift */ = {isa = PBXFileReference; lastKnownFileType = sourcecode.swift; name = "PlaylistImporter.swift"; path = "Sources/AetherCore/Services/PlaylistImporter.swift"; sourceTree = "<group>"; };
		C0D3E242A75D64CC0ED297DD /* PlaylistSharingService.swift */ = {isa = PBXFileReference; lastKnownFileType = sourcecode.swift; name = "PlaylistSharingService.swift"; path = "Sources/AetherCore/Services/PlaylistSharingService.swift"; sourceTree = "<group>"; };
		C0D3883B8EF0E486A9E9E9B6 /* RecommendationService.swift */ = {isa = PBXFileReference; lastKnownFileType = sourcecode.swift; name = "RecommendationService.swift"; path = "Sources/AetherCore/Services/RecommendationService.swift"; sourceTree = "<group>"; };
		C0D32F1D70519E23B8C02F47 /* RecordingService.swift */ = {isa = PBXFileReference; lastKnownFileType = sourcecode.swift; name = "RecordingService.swift"; path = "Sources/AetherCore/Services/RecordingService.swift"; sourceTree = "<group>"; };
		C0D348F0081708B4BD154B29 /* RemoteControlService.swift */ = {isa = PBXFileReference; lastKnownFileType = sourcecode.swift; name = "RemoteControlService.swift"; path = "Sources/AetherCore/Services/RemoteControlService.swift"; sourceTree = "<group>"; };
		C0D32C6FE0043D6AB8E11A33 /* SeriesGrouper.swift */ = {isa = PBXFileReference; lastKnownFileType = sourcecode.swift; name = "SeriesGrouper.swift"; path = "Sources/AetherCore/Services/SeriesGrouper.swift"; sourceTree = "<group>"; };
		C0D3040C608162B789428839 /* SeriesManager.swift */ = {isa = PBXFileReference; lastKnownFileType = sourcecode.swift; name = "SeriesManager.swift"; path = "Sources/AetherCore/Services/SeriesManager.swift"; sourceTree = "<group>"; };
		C0D3778C1DEA147BACF7B206 /* ShortcutsService.swift */ = {isa = PBXFileReference; lastKnownFileType = sourcecode.swift; name = "ShortcutsService.swift"; path = "Sources/AetherCore/Services/ShortcutsService.swift"; sourceTree = "<group>"; };
		C0D334DD55204A4D658B670C /* StreamQualityDetector.swift */ = {isa = PBXFileReference; lastKnownFileType = sourcecode.swift; name = "StreamQualityDetector.swift"; path = "Sources/AetherCore/Services/StreamQualityDetector.swift"; sourceTree = "<group>"; };
		C0D3064DAFDE023032AAF26C /* TMDBClient.swift */ = {isa = PBXFileReference; lastKnownFileType = sourcecode.swift; name = "TMDBClient.swift"; path = "Sources/AetherCore/Services/TMDBClient.swift"; sourceTree = "<group>"; };
		C0D34F3351BBEA81689176A6 /* TimeshiftService.swift */ = {isa = PBXFileReference; lastKnownFileType = sourcecode.swift; name = "TimeshiftService.swift"; path = "Sources/AetherCore/Services/TimeshiftService.swift"; sourceTree = "<group>"; };
		C0D372C376921524B950A782 /* TrackService.swift */ = {isa = PBXFileReference; lastKnownFileType = sourcecode.swift; name = "TrackService.swift"; path = "Sources/AetherCore/Services/TrackService.swift"; sourceTree = "<group>"; };
		C0D35CC31491B3B5BFB1ED5B /* VoiceCommandService.swift */ = {isa = PBXFileReference; lastKnownFileType = sourcecode.swift; name = "VoiceCommandService.swift"; path = "Sources/AetherCore/Services/VoiceCommandService.swift"; sourceTree = "<group>"; };
		C0D38800E7ABDF75F25C9811 /* WatchPartyService.swift */ = {isa = PBXFileReference; lastKnownFileType = sourcecode.swift; name = "WatchPartyService.swift"; path = "Sources/AetherCore/Services/WatchPartyService.swift"; sourceTree = "<group>"; };
		C0D34918D1A4F93F2AE28010 /* iCloudSyncService.swift */ = {isa = PBXFileReference; lastKnownFileType = sourcecode.swift; name = "iCloudSyncService.swift"; path = "Sources/AetherCore/Services/iCloudSyncService.swift"; sourceTree = "<group>"; };
		C0D3659F74402C52BE6B4C6A /* ChannelCache.swift */ = {isa = PBXFileReference; lastKnownFileType = sourcecode.swift; name = "ChannelCache.swift"; path = "Sources/AetherCore/Storage/ChannelCache.swift"; sourceTree = "<group>"; };
		C0D3E45684CAE34775115C0C /* MovieRecord.swift */ = {isa = PBXFileReference; lastKnownFileType = sourcecode.swift; name = "MovieRecord.swift"; path = "Sources/AetherCore/Storage/MovieRecord.swift"; sourceTree = "<group>"; };
		C0D37FBD135AE5776AD64E5A /* SeriesRecord.swift */ = {isa = PBXFileReference; lastKnownFileType = sourcecode.swift; name = "SeriesRecord.swift"; path = "Sources/AetherCore/Storage/SeriesRecord.swift"; sourceTree = "<group>"; };
		C0D3721FF24E3E17EFB55E37 /* WatchProgressRecord.swift */ = {isa = PBXFileReference; lastKnownFileType = sourcecode.swift; name = "WatchProgressRecord.swift"; path = "Sources/AetherCore/Storage/WatchProgressRecord.swift"; sourceTree = "<group>"; };
		C0D39C0BB0841857376BE4B4 /* ImageCache.swift */ = {isa = PBXFileReference; lastKnownFileType = sourcecode.swift; name = "ImageCache.swift"; path = "Sources/AetherUI/Services/ImageCache.swift"; sourceTree = "<group>"; };
		C0D30FAD1EF654C5A53911B6 /* SeekBarView.swift */ = {isa = PBXFileReference; lastKnownFileType = sourcecode.swift; name = "SeekBarView.swift"; path = "Sources/AetherUI/Views/SeekBarView.swift"; sourceTree = "<group>"; };
		C0D336CE7DCC9576412F578D /* ShimmerView.swift */ = {isa = PBXFileReference; lastKnownFileType = sourcecode.swift; name = "ShimmerView.swift"; path = "Sources/AetherUI/Views/ShimmerView.swift"; sourceTree = "<group>"; };

		/* Frameworks */
		D8B9F6413B6B44CBB00A0001 /* VLCKit.xcframework */ = {isa = PBXFileReference; lastKnownFileType = wrapper.xcframework; name = VLCKit.xcframework; path = .vlckit/VLCKit.xcframework; sourceTree = "<group>"; };
		D8B9F6413B6B44CBB00A0002 /* Security.framework */ = {isa = PBXFileReference; lastKnownFileType = wrapper.framework; name = Security.framework; path = System/Library/Frameworks/Security.framework; sourceTree = SDKROOT; };

		/* Product */
		BB000000000000000000PROD /* AetherApp.app */ = {isa = PBXFileReference; explicitFileType = wrapper.application; includeInIndex = 0; path = AetherApp.app; sourceTree = BUILT_PRODUCTS_DIR; };
		35BCC85B3BEC0758B2852636 /* AetherCore.framework */ = {isa = PBXFileReference; explicitFileType = wrapper.framework; includeInIndex = 0; path = AetherCore.framework; sourceTree = BUILT_PRODUCTS_DIR; };
		F3BF791DEC33AEB16F1272F4 /* AetherUI.framework */ = {isa = PBXFileReference; explicitFileType = wrapper.framework; includeInIndex = 0; path = AetherUI.framework; sourceTree = BUILT_PRODUCTS_DIR; };
/* End PBXFileReference section */

/* Begin PBXFrameworksBuildPhase section */
		BB000000000000000000FWBP /* Frameworks */ = {
			isa = PBXFrameworksBuildPhase;
			buildActionMask = 2147483647;
			files = (
				D8B9F6413B6B44CBB00A0004 /* AetherCore.framework in Frameworks */,
				D8B9F6413B6B44CBB00A0005 /* AetherUI.framework in Frameworks */,
				D8B9F6413B6B44CBB00A0006 /* VLCKit.xcframework in Frameworks */,
			);
			runOnlyForDeploymentPostprocessing = 0;
		};
		35BCC85B3BEC0758B2852638 /* Frameworks */ = {
			isa = PBXFrameworksBuildPhase;
			buildActionMask = 2147483647;
			files = (
				D8B9F6413B6B44CBB00A000B /* VLCKit.xcframework in Frameworks */,
				D8B9F6413B6B44CBB00A000C /* Security.framework in Frameworks */,
			);
			runOnlyForDeploymentPostprocessing = 0;
		};
		F3BF791DEC33AEB16F1272F6 /* Frameworks */ = {
			isa = PBXFrameworksBuildPhase;
			buildActionMask = 2147483647;
			files = (
				D8B9F6413B6B44CBB00A000D /* AetherCore.framework in Frameworks */,
			);
			runOnlyForDeploymentPostprocessing = 0;
		};
/* End PBXFrameworksBuildPhase section */

/* Begin PBXGroup section */
		/* Root group */
		BB000000000000000000ROOT /* Aether */ = {
			isa = PBXGroup;
			children = (
				BB000000000000000000GRP1 /* AetherApp */,
				BB000000000000000000GRP2 /* AetherCore */,
				BB000000000000000000GRP3 /* AetherUI */,
				D8B9F6413B6B44CBB00A0003 /* Frameworks */,
				BB000000000000000000GRPP /* Products */,
			);
			name = Aether;
			sourceTree = "<group>";
		};

		BB000000000000000000GRPP /* Products */ = {
			isa = PBXGroup;
			children = (
				BB000000000000000000PROD /* AetherApp.app */,
				35BCC85B3BEC0758B2852636 /* AetherCore.framework */,
				F3BF791DEC33AEB16F1272F4 /* AetherUI.framework */,
			);
			name = Products;
			sourceTree = "<group>";
		};

		D8B9F6413B6B44CBB00A0003 /* Frameworks */ = {
			isa = PBXGroup;
			children = (
				D8B9F6413B6B44CBB00A0001 /* VLCKit.xcframework */,
				D8B9F6413B6B44CBB00A0002 /* Security.framework */,
			);
			name = Frameworks;
			sourceTree = "<group>";
		};

		/* AetherApp group */
		BB000000000000000000GRP1 /* AetherApp */ = {
			isa = PBXGroup;
			children = (
				C0D3616CA6513A8EE618B180 /* Additional Sources */,
				FA0001000000000000000001 /* AetherApp.swift */,
				FA0001000000000000000003 /* SubtitleStore.swift */,
				FA0001000000000000000004 /* KeyboardShortcutHandler.swift */,
				BB000000000000000000GRP1V /* Views */,
				BB000000000000000000GRP1R /* Resources */,
			);
			name = AetherApp;
			sourceTree = "<group>";
		};

		BB000000000000000000GRP1V /* Views */ = {
			isa = PBXGroup;
			children = (
				FA0001000000000000000010 /* AddPlaylistSheet.swift */,
				FA0001000000000000000011 /* ChannelListView.swift */,
				FA0001000000000000000013 /* CommandPaletteView.swift */,
				FA0001000000000000000014 /* ContentView.swift */,
				FA0001000000000000000015 /* PlayerView.swift */,
				FA0001000000000000000016 /* PlaylistHealthView.swift */,
				FA0001000000000000000017 /* PlaylistSidebar.swift */,
				FA0001000000000000000018 /* SeriesBrowserView.swift */,
				FA0001000000000000000019 /* SeriesDetailView.swift */,
				FA000100000000000000001A /* SettingsView.swift */,
				FA000100000000000000001B /* StreamStatsView.swift */,
				FA000100000000000000001C /* SubtitleOverlayView.swift */,
				FA000100000000000000001D /* SubtitleSettingsView.swift */,
				FA000100000000000000001E /* VODBrowserView.swift */,
				FA000100000000000000001F /* WatchHistoryView.swift */,
			);
			name = Views;
			sourceTree = "<group>";
		};

		BB000000000000000000GRP1R /* Resources */ = {
			isa = PBXGroup;
			children = (
				FA0001000000000000000030 /* Assets.xcassets */,
				FA0001000000000000000031 /* Info.plist */,
				FA0001000000000000000032 /* AetherApp.entitlements */,
			);
			name = Resources;
			sourceTree = "<group>";
		};

		/* AetherCore group */
		BB000000000000000000GRP2 /* AetherCore */ = {
			isa = PBXGroup;
			children = (
				C0D30D663CDCEA1EA71D42D9 /* Additional Sources */,
				BB000000000000000000GRP2D /* Design */,
				BB000000000000000000GRP2M /* Models */,
				BB000000000000000000GRP2P /* Parsers */,
				BB000000000000000000GRP2PL /* Player */,
				BB000000000000000000GRP2S /* Services */,
				BB000000000000000000GRP2ST /* Storage */,
			);
			name = AetherCore;
			sourceTree = "<group>";
		};

		BB000000000000000000GRP2D /* Design */ = {
			isa = PBXGroup;
			children = (
				FA0002000000000000000001 /* Colors.swift */,
				FA0002000000000000000002 /* Typography.swift */,
			);
			name = Design;
			sourceTree = "<group>";
		};

		BB000000000000000000GRP2M /* Models */ = {
			isa = PBXGroup;
			children = (
				FA0002000000000000000010 /* AppearanceMode.swift */,
				FA0002000000000000000011 /* Channel.swift */,
				FA0002000000000000000012 /* EPGEntry.swift */,
				FA0002000000000000000013 /* Playlist.swift */,
				FA0002000000000000000014 /* SubtitleTrack.swift */,
				FA0002000000000000000015 /* Theme.swift */,
				FA0002000000000000000016 /* ContentTaxonomy.swift */,
			);
			name = Models;
			sourceTree = "<group>";
		};

		BB000000000000000000GRP2P /* Parsers */ = {
			isa = PBXGroup;
			children = (
				FA0002000000000000000020 /* M3UParser.swift */,
				FA0002000000000000000021 /* SRTParser.swift */,
				FA0002000000000000000022 /* XMLTVParser.swift */,
			);
			name = Parsers;
			sourceTree = "<group>";
		};

		BB000000000000000000GRP2PL /* Player */ = {
			isa = PBXGroup;
			children = (
				FA0002000000000000000031 /* PlayerCore.swift */,
			);
			name = Player;
			sourceTree = "<group>";
		};

		BB000000000000000000GRP2S /* Services */ = {
			isa = PBXGroup;
			children = (
				FA0002000000000000000040 /* ChannelFilterService.swift */,
				FA0002000000000000000041 /* EPGService.swift */,
				FA0002000000000000000042 /* EPGStore.swift */,
				FA0002000000000000000043 /* PlaylistService.swift */,
				FA0002000000000000000044 /* PlaylistValidator.swift */,
				FA0002000000000000000045 /* SleepTimerService.swift */,
				FA0002000000000000000046 /* StreamQualityService.swift */,
				FA0002000000000000000047 /* SubtitleService.swift */,
				FA0002000000000000000048 /* ThemeService.swift */,
				FA0002000000000000000049 /* XstreamService.swift */,
				FA000200000000000000004A /* CategoryNormalizer.swift */,
			);
			name = Services;
			sourceTree = "<group>";
		};

		BB000000000000000000GRP2ST /* Storage */ = {
			isa = PBXGroup;
			children = (
				FA0002000000000000000050 /* ChannelRecord.swift */,
				FA0002000000000000000051 /* FavoriteRecord.swift */,
				FA0002000000000000000052 /* LastChannelStore.swift */,
				FA0002000000000000000053 /* PlaylistRecord.swift */,
				FA0002000000000000000054 /* WatchHistoryRecord.swift */,
			);
			name = Storage;
			sourceTree = "<group>";
		};

		/* AetherUI group */
		BB000000000000000000GRP3 /* AetherUI */ = {
			isa = PBXGroup;
			children = (
				C0D3B402E3FA4E6C2D0AFA62 /* Additional Sources */,
				FA0003000000000000000001 /* AetherUI.swift */,
				BB000000000000000000GRP3V /* Views */,
			);
			name = AetherUI;
			sourceTree = "<group>";
		};

		BB000000000000000000GRP3V /* Views */ = {
			isa = PBXGroup;
			children = (
				FA0003000000000000000010 /* AppearancePickerView.swift */,
				FA0003000000000000000011 /* ChannelRowView.swift */,
				FA0003000000000000000017 /* ChannelLogoView.swift */,
				FA0003000000000000000012 /* EmptyStateView.swift */,
				FA0003000000000000000013 /* EPGTimelineView.swift */,
				FA0003000000000000000014 /* OnboardingView.swift */,
				FA0003000000000000000015 /* PlayerControlsView.swift */,
				FA0003000000000000000016 /* ThemePickerView.swift */,
			);
			name = Views;
			sourceTree = "<group>";
		};

		C0D3616CA6513A8EE618B180 /* Additional Sources */ = {
			isa = PBXGroup;
			children = (
				C0D3F1BC478FA3A76741E0FC /* AetherMigrationPlan.swift */,
				C0D395F5C700A37A71360ADB /* View+ScrollWheel.swift */,
				C0D31AFC4C5577E706795425 /* StatusBarController.swift */,
				C0D38E51EB56F357332022A4 /* HomeViewModel.swift */,
				C0D3A5B91AD0880F240BAB80 /* MetaSyncEngine.swift */,
				C0D3D0AACA8FB8464F699189 /* VODNormalizer.swift */,
				C0D3E30186DB1D37017DA97A /* AnalyticsView.swift */,
				C0D38E714F4BC4C5086CF1AA /* BrandHubCard.swift */,
				C0D38476C8986D942D437B00 /* ChannelGridView.swift */,
				C0D3FD198BDE26D179AEE5B5 /* ChannelListView_ContentCategory.swift */,
				C0D3D8A7E3688B89216E685A /* CloudSyncView.swift */,
				C0D3D8830BAC8A6ACD660A8F /* CrashReportsView.swift */,
				C0D3BCCE0736BC7B6A29EBB2 /* FavoritesView.swift */,
				C0D391E5A72F97E655190F12 /* FloatingChannelPanel.swift */,
				C0D315CF18158E7D31DF17EB /* GlobalContentSearchView.swift */,
				C0D32CD062197FCC738F27A2 /* HomeView.swift */,
				C0D3264E1843B071C9A3822C /* HubDetailView.swift */,
				C0D3F7EBB459789CC370C038 /* LanguagePickerView.swift */,
				C0D374F2AE96070432B5DF1F /* MemoryMonitorView.swift */,
				C0D376A9A56D9347838BF696 /* MiniPlayerView.swift */,
				C0D3B91E52C534CA39DEED79 /* NetworkStatusBanner.swift */,
				C0D398D359D75C6A30D1E0C2 /* PINLockView.swift */,
				C0D30E2903756145364035EB /* ParentalControlsView.swift */,
				C0D313D70DFF8A7CEC818351 /* PlaylistSharingView.swift */,
				C0D3E90E0E07803C5CA6476D /* RecommendationsView.swift */,
				C0D375B7C8F7ACE98948E6AD /* RecordingControlsButton.swift */,
				C0D33507B7766C08294B4ABD /* RecordingManagerView.swift */,
				C0D36FE2F5C847BBE43A2645 /* RemoteControlView.swift */,
				C0D36638538E5289DF6A0AA7 /* StreamingCards.swift */,
				C0D3BA16764800C0525C49D9 /* SidebarView.swift */,
				C0D348AE21DBB91396F87A53 /* StreamingServiceDetailView.swift */,
				C0D3591D74CD541A9FF59D87 /* SubtitleStylingView.swift */,
				C0D370F3736F47FE2C6528D9 /* TrackPickerButton.swift */,
				C0D31283256405671253BCC9 /* TrackPickerView.swift */,
				C0D3C47BF3AC044FA1F9D1FE /* VLCVideoView.swift */,
				C0D39D083280AA0EBE34B8F8 /* VODDetailView.swift */,
				C0D3D806AA9909089E26E398 /* WatchPartyView.swift */,
				C0D37189633798EE3B499164 /* iCloudSyncView.swift */,
			);
			name = "Additional Sources";
			sourceTree = "<group>";
		};

		C0D30D663CDCEA1EA71D42D9 /* Additional Sources */ = {
			isa = PBXGroup;
			children = (
				C0D37C5865002B534489A3B0 /* AgeRating.swift */,
				C0D3A11D53BBB423892CFEE5 /* AudioTrack.swift */,
				C0D30CE93F279EEF2AC04B61 /* Episode.swift */,
				C0D35895C7EC38027373E7B5 /* Movie.swift */,
				C0D3852BAB5E08FC64445176 /* ParentalControlError.swift */,
				C0D3910431AAF40F2DD5BB0D /* ParentalSettings.swift */,
				C0D30BE651756DA8465D95C7 /* Recording.swift */,
				C0D38449AF8826F50D820C54 /* RecordingError.swift */,
				C0D3BA765D5D5948E65EA64A /* Series.swift */,
				C0D30E216DFB61D59DE381E5 /* ShareablePlaylist.swift */,
				C0D30E80167AAD53B0529054 /* SyncableItem.swift */,
				C0D31D064566F04437B64719 /* VODNormalizer.swift */,
				C0D37B2C4A9031EBD0753831 /* AirPlayService.swift */,
				C0D3880C95DD70AA4F22AA1D /* AnalyticsService.swift */,
				C0D3664DF06BDC69B34660E2 /* BackgroundEPGRefreshService.swift */,
				C0D342621F6467A598E4C794 /* CloudKitManager.swift */,
				C0D3456B74D5BEF4EB60D49B /* CrashReportingService.swift */,
				C0D3D6A820648DBA0AE71E2E /* KeychainService.swift */,
				C0D306E77EE69848123E239A /* MemoryMonitorService.swift */,
				C0D3CC992881100496A61D84 /* MovieManager.swift */,
				C0D3A777BC8C91505AA79A56 /* NetworkMonitorService.swift */,
				C0D3CBF6E1C0AD94D936FFE0 /* NotificationManager.swift */,
				C0D32456F4E7BCB32FF79997 /* ParentalControlService.swift */,
				C0D3F0EDFC5F74CD4E89F0EC /* PlaylistExporter.swift */,
				C0D322B70CDC2E29AE02DF53 /* PlaylistImporter.swift */,
				C0D3E242A75D64CC0ED297DD /* PlaylistSharingService.swift */,
				C0D3883B8EF0E486A9E9E9B6 /* RecommendationService.swift */,
				C0D32F1D70519E23B8C02F47 /* RecordingService.swift */,
				C0D348F0081708B4BD154B29 /* RemoteControlService.swift */,
				C0D32C6FE0043D6AB8E11A33 /* SeriesGrouper.swift */,
				C0D3040C608162B789428839 /* SeriesManager.swift */,
				C0D3778C1DEA147BACF7B206 /* ShortcutsService.swift */,
				C0D334DD55204A4D658B670C /* StreamQualityDetector.swift */,
				C0D3064DAFDE023032AAF26C /* TMDBClient.swift */,
				C0D34F3351BBEA81689176A6 /* TimeshiftService.swift */,
				C0D372C376921524B950A782 /* TrackService.swift */,
				C0D35CC31491B3B5BFB1ED5B /* VoiceCommandService.swift */,
				C0D38800E7ABDF75F25C9811 /* WatchPartyService.swift */,
				C0D34918D1A4F93F2AE28010 /* iCloudSyncService.swift */,
				C0D3659F74402C52BE6B4C6A /* ChannelCache.swift */,
				C0D3E45684CAE34775115C0C /* MovieRecord.swift */,
				C0D37FBD135AE5776AD64E5A /* SeriesRecord.swift */,
				C0D3721FF24E3E17EFB55E37 /* WatchProgressRecord.swift */,
			);
			name = "Additional Sources";
			sourceTree = "<group>";
		};

		C0D3B402E3FA4E6C2D0AFA62 /* Additional Sources */ = {
			isa = PBXGroup;
			children = (
				C0D39C0BB0841857376BE4B4 /* ImageCache.swift */,
				C0D30FAD1EF654C5A53911B6 /* SeekBarView.swift */,
				C0D336CE7DCC9576412F578D /* ShimmerView.swift */,
			);
			name = "Additional Sources";
			sourceTree = "<group>";
		};
/* End PBXGroup section */

/* Begin PBXNativeTarget section */
		35BCC85B3BEC0758B2852635 /* AetherCore */ = {
			isa = PBXNativeTarget;
			buildConfigurationList = 35BCC85B3BEC0758B2852639 /* Build configuration list for PBXNativeTarget "AetherCore" */;
			buildPhases = (
				35BCC85B3BEC0758B2852637 /* Sources */,
				35BCC85B3BEC0758B2852638 /* Frameworks */,
			);
			buildRules = (
			);
			dependencies = (
			);
			name = AetherCore;
			productName = AetherCore;
			productReference = 35BCC85B3BEC0758B2852636 /* AetherCore.framework */;
			productType = "com.apple.product-type.framework";
		};
		F3BF791DEC33AEB16F1272F3 /* AetherUI */ = {
			isa = PBXNativeTarget;
			buildConfigurationList = F3BF791DEC33AEB16F1272F7 /* Build configuration list for PBXNativeTarget "AetherUI" */;
			buildPhases = (
				F3BF791DEC33AEB16F1272F5 /* Sources */,
				F3BF791DEC33AEB16F1272F6 /* Frameworks */,
			);
			buildRules = (
			);
			dependencies = (
				D8B9F6413B6B44CBB00A0015 /* PBXTargetDependency */,
			);
			name = AetherUI;
			productName = AetherUI;
			productReference = F3BF791DEC33AEB16F1272F4 /* AetherUI.framework */;
			productType = "com.apple.product-type.framework";
		};
		BB000000000000000000TARG /* AetherApp */ = {
			isa = PBXNativeTarget;
			buildConfigurationList = BB000000000000000000CFGL /* Build configuration list for PBXNativeTarget "AetherApp" */;
			buildPhases = (
				BB000000000000000000SRCBP /* Sources */,
				BB000000000000000000FWBP /* Frameworks */,
				BB000000000000000000RESBP /* Resources */,
				D8B9F6413B6B44CBB00A0007 /* Embed Frameworks */,
			);
			buildRules = (
			);
			dependencies = (
				D8B9F6413B6B44CBB00A0011 /* PBXTargetDependency */,
				D8B9F6413B6B44CBB00A0013 /* PBXTargetDependency */,
			);
			name = AetherApp;
			productName = AetherApp;
			productReference = BB000000000000000000PROD /* AetherApp.app */;
			productType = "com.apple.product-type.application";
		};
/* End PBXNativeTarget section */

/* Begin PBXProject section */
		BB000000000000000000PROJ /* Project object */ = {
			isa = PBXProject;
			attributes = {
				BuildIndependentTargetsInParallel = 1;
				LastSwiftUpdateCheck = 1500;
				LastUpgradeCheck = 1500;
				TargetAttributes = {
					35BCC85B3BEC0758B2852635 = {
						CreatedOnToolsVersion = 15.0;
					};
					BB000000000000000000TARG = {
						CreatedOnToolsVersion = 15.0;
					};
					F3BF791DEC33AEB16F1272F3 = {
						CreatedOnToolsVersion = 15.0;
					};
				};
			};
			buildConfigurationList = BB000000000000000000CFGP /* Build configuration list for PBXProject "Aether" */;
			compatibilityVersion = "Xcode 14.0";
			developmentRegion = en;
			hasScannedForEncodings = 0;
			knownRegions = (
				en,
				Base,
			);
			mainGroup = BB000000000000000000ROOT /* Aether */;
			productRefGroup = BB000000000000000000GRPP /* Products */;
			projectDirPath = "";
			projectRoot = "";
			targets = (
				35BCC85B3BEC0758B2852635 /* AetherCore */,
				F3BF791DEC33AEB16F1272F3 /* AetherUI */,
				BB000000000000000000TARG /* AetherApp */,
			);
		};
/* End PBXProject section */

/* Begin PBXResourcesBuildPhase section */
		BB000000000000000000RESBP /* Resources */ = {
			isa = PBXResourcesBuildPhase;
			buildActionMask = 2147483647;
			files = (
				AA0001000000000000000030 /* Assets.xcassets in Resources */,
			);
			runOnlyForDeploymentPostprocessing = 0;
		};
/* End PBXResourcesBuildPhase section */

/* Begin PBXSourcesBuildPhase section */
		BB000000000000000000SRCBP /* Sources */ = {
			isa = PBXSourcesBuildPhase;
			buildActionMask = 2147483647;
			files = (
				/* AetherApp */
				AA0001000000000000000001 /* AetherApp.swift in Sources */,
				AA0001000000000000000003 /* SubtitleStore.swift in Sources */,
				AA0001000000000000000004 /* KeyboardShortcutHandler.swift in Sources */,
				AA0001000000000000000010 /* AddPlaylistSheet.swift in Sources */,
				AA0001000000000000000011 /* ChannelListView.swift in Sources */,
				AA0001000000000000000013 /* CommandPaletteView.swift in Sources */,
				AA0001000000000000000014 /* ContentView.swift in Sources */,
				AA0001000000000000000015 /* PlayerView.swift in Sources */,
				AA0001000000000000000016 /* PlaylistHealthView.swift in Sources */,
				AA0001000000000000000017 /* PlaylistSidebar.swift in Sources */,
				AA0001000000000000000018 /* SeriesBrowserView.swift in Sources */,
				AA0001000000000000000019 /* SeriesDetailView.swift in Sources */,
				AA000100000000000000001A /* SettingsView.swift in Sources */,
				AA000100000000000000001B /* StreamStatsView.swift in Sources */,
				AA000100000000000000001C /* SubtitleOverlayView.swift in Sources */,
				AA000100000000000000001D /* SubtitleSettingsView.swift in Sources */,
				AA000100000000000000001E /* VODBrowserView.swift in Sources */,
				AA000100000000000000001F /* WatchHistoryView.swift in Sources */,
				C0D363918C46275B962A34D4 /* AetherMigrationPlan.swift in Sources */,
				C0D3DA2B8C6E05ECA4997F10 /* View+ScrollWheel.swift in Sources */,
				C0D3A26B8554E10C8B018346 /* StatusBarController.swift in Sources */,
				C0D38D80E66ADCA4BF277FED /* HomeViewModel.swift in Sources */,
				C0D305E83BAB67C0C2998144 /* MetaSyncEngine.swift in Sources */,
				C0D3BDDDEF12B1DCD8BF02AE /* VODNormalizer.swift in Sources */,
				C0D3CEEDF6DA6CF310AC4AD2 /* AnalyticsView.swift in Sources */,
				C0D38692B10961699E666B84 /* BrandHubCard.swift in Sources */,
				C0D3A19761FFD1B7906646EC /* ChannelGridView.swift in Sources */,
				C0D3743AF9A6E8FA47C62338 /* ChannelListView_ContentCategory.swift in Sources */,
				C0D38446B74272BE907E3DF5 /* CloudSyncView.swift in Sources */,
				C0D3EFC68EF9AC3E29612F35 /* CrashReportsView.swift in Sources */,
				C0D38F71319E7C6E479B2167 /* FavoritesView.swift in Sources */,
				C0D33184C64962F044232064 /* FloatingChannelPanel.swift in Sources */,
				C0D3E2E171EE2A0EFBF46016 /* GlobalContentSearchView.swift in Sources */,
				C0D332E63AA8F30524CE1639 /* HomeView.swift in Sources */,
				C0D33E6B340ECB78609D671E /* HubDetailView.swift in Sources */,
				C0D3A3B32C869ED67B4C0D51 /* LanguagePickerView.swift in Sources */,
				C0D37918D7FB0CB37BCBBEFF /* MemoryMonitorView.swift in Sources */,
				C0D3AFF161FC322B6F9ACC3A /* MiniPlayerView.swift in Sources */,
				C0D30EB459B9F58A9E9839EC /* NetworkStatusBanner.swift in Sources */,
				C0D35FBFDFF0D2ABC10D8F5B /* PINLockView.swift in Sources */,
				C0D396A497243E8ECA701827 /* ParentalControlsView.swift in Sources */,
				C0D36E9D088C81D8082DD556 /* PlaylistSharingView.swift in Sources */,
				C0D3825EE7654BAC98066017 /* RecommendationsView.swift in Sources */,
				C0D30F96B01C187334362BC5 /* RecordingControlsButton.swift in Sources */,
				C0D3EDD717FEDBC77CD69016 /* RecordingManagerView.swift in Sources */,
				C0D3257E5A9B51AB1C57B4D1 /* RemoteControlView.swift in Sources */,
				C0D347FD2D864F36FA2FA4D5 /* StreamingCards.swift in Sources */,
				C0D36728CA90FC867FEAC291 /* SidebarView.swift in Sources */,
				C0D33CF1B203FB70D0B9C080 /* StreamingServiceDetailView.swift in Sources */,
				C0D33063B159D9138BF3DD45 /* SubtitleStylingView.swift in Sources */,
				C0D3176C9C6003C110E22D7A /* TrackPickerButton.swift in Sources */,
				C0D39B4E22219EABA8ACD56E /* TrackPickerView.swift in Sources */,
				C0D3B31C1E2F95A0EEA58709 /* VLCVideoView.swift in Sources */,
				C0D3A679BCD93A4F1352E007 /* VODDetailView.swift in Sources */,
				C0D39C437DF9AE1758193117 /* WatchPartyView.swift in Sources */,
				C0D385B96DC013853B8F1709 /* iCloudSyncView.swift in Sources */,
			);
			runOnlyForDeploymentPostprocessing = 0;
		};
		35BCC85B3BEC0758B2852637 /* Sources */ = {
			isa = PBXSourcesBuildPhase;
			buildActionMask = 2147483647;
			files = (
				/* AetherCore */
				AA0002000000000000000001 /* Colors.swift in Sources */,
				AA0002000000000000000002 /* Typography.swift in Sources */,
				AA0002000000000000000010 /* AppearanceMode.swift in Sources */,
				AA0002000000000000000011 /* Channel.swift in Sources */,
				AA0002000000000000000012 /* EPGEntry.swift in Sources */,
				AA0002000000000000000013 /* Playlist.swift in Sources */,
				AA0002000000000000000014 /* SubtitleTrack.swift in Sources */,
				AA0002000000000000000015 /* Theme.swift in Sources */,
				AA0002000000000000000016 /* ContentTaxonomy.swift in Sources */,
				AA0002000000000000000020 /* M3UParser.swift in Sources */,
				AA0002000000000000000021 /* SRTParser.swift in Sources */,
				AA0002000000000000000022 /* XMLTVParser.swift in Sources */,
				AA0002000000000000000031 /* PlayerCore.swift in Sources */,
				AA0002000000000000000040 /* ChannelFilterService.swift in Sources */,
				AA0002000000000000000041 /* EPGService.swift in Sources */,
				AA0002000000000000000042 /* EPGStore.swift in Sources */,
				AA0002000000000000000043 /* PlaylistService.swift in Sources */,
				AA0002000000000000000044 /* PlaylistValidator.swift in Sources */,
				AA0002000000000000000045 /* SleepTimerService.swift in Sources */,
				AA0002000000000000000046 /* StreamQualityService.swift in Sources */,
				AA0002000000000000000047 /* SubtitleService.swift in Sources */,
				AA0002000000000000000048 /* ThemeService.swift in Sources */,
				AA0002000000000000000049 /* XstreamService.swift in Sources */,
				AA000200000000000000004A /* CategoryNormalizer.swift in Sources */,
				AA0002000000000000000050 /* ChannelRecord.swift in Sources */,
				AA0002000000000000000051 /* FavoriteRecord.swift in Sources */,
				AA0002000000000000000052 /* LastChannelStore.swift in Sources */,
				AA0002000000000000000053 /* PlaylistRecord.swift in Sources */,
				AA0002000000000000000054 /* WatchHistoryRecord.swift in Sources */,
				C0D357D636BDE11322B61FC5 /* AgeRating.swift in Sources */,
				C0D365867D3C876666FD7C8E /* AudioTrack.swift in Sources */,
				C0D3C71AAAEE4E0B7C21BC56 /* Episode.swift in Sources */,
				C0D3A531760B0D1101E4E906 /* Movie.swift in Sources */,
				C0D34E35A3B9D2A37134CB72 /* ParentalControlError.swift in Sources */,
				C0D3EE16695F8B31D0442717 /* ParentalSettings.swift in Sources */,
				C0D30822CDC9B7F3E776E03F /* Recording.swift in Sources */,
				C0D378E2D29DE4E6089E897E /* RecordingError.swift in Sources */,
				C0D3C46084539F141B226FBF /* Series.swift in Sources */,
				C0D3E884206861524D4CA4DB /* ShareablePlaylist.swift in Sources */,
				C0D3C88324E71BC5F193F2A3 /* SyncableItem.swift in Sources */,
				C0D3E79AAA45FED7D1BF9F11 /* VODNormalizer.swift in Sources */,
				C0D33A28A040822226083E24 /* AirPlayService.swift in Sources */,
				C0D303AD58C19437171D4F98 /* AnalyticsService.swift in Sources */,
				C0D3005AA5F5D745BB163290 /* BackgroundEPGRefreshService.swift in Sources */,
				C0D3B3EA51C2D280A6902A50 /* CloudKitManager.swift in Sources */,
				C0D33F651FF9FF07D7D821DC /* CrashReportingService.swift in Sources */,
				C0D30FC2D8048EA0CF66BCD2 /* KeychainService.swift in Sources */,
				C0D3E4CDDA91409DAF9774E9 /* MemoryMonitorService.swift in Sources */,
				C0D36C29741EA29067485F8E /* MovieManager.swift in Sources */,
				C0D3B5C7D4BCFC5E6FB238E5 /* NetworkMonitorService.swift in Sources */,
				C0D34FD7966133B981367A08 /* NotificationManager.swift in Sources */,
				C0D306AC78965C32699D2998 /* ParentalControlService.swift in Sources */,
				C0D3A8DBD491A6CB0F8E2D05 /* PlaylistExporter.swift in Sources */,
				C0D30F08579813810C7778B5 /* PlaylistImporter.swift in Sources */,
				C0D3BFA96F768511BE2084AF /* PlaylistSharingService.swift in Sources */,
				C0D3D80625CABDD2032B7390 /* RecommendationService.swift in Sources */,
				C0D3396FB0FA325F1743D806 /* RecordingService.swift in Sources */,
				C0D3E46F24C9CA49B90FF41F /* RemoteControlService.swift in Sources */,
				C0D3A980719488200F8139CE /* SeriesGrouper.swift in Sources */,
				C0D3364D42DF173F0590E278 /* SeriesManager.swift in Sources */,
				C0D3A2157DB83F701B14D558 /* ShortcutsService.swift in Sources */,
				C0D358EEF226DD01D5E8739B /* StreamQualityDetector.swift in Sources */,
				C0D35C625C5B885FE8E592FF /* TMDBClient.swift in Sources */,
				C0D38E5B86521058F932941A /* TimeshiftService.swift in Sources */,
				C0D3A8743A324A541BB52EF6 /* TrackService.swift in Sources */,
				C0D30D65DE209FE7F4743172 /* VoiceCommandService.swift in Sources */,
				C0D30238D01A9C3706C7C7BC /* WatchPartyService.swift in Sources */,
				C0D33D7BE33594425BBFEA02 /* iCloudSyncService.swift in Sources */,
				C0D314BDF74C3421DFDBD7DC /* ChannelCache.swift in Sources */,
				C0D39364610669318BD7897D /* MovieRecord.swift in Sources */,
				C0D3381618984373340F5F00 /* SeriesRecord.swift in Sources */,
				C0D3F4F4BFCD37D69F591B7B /* WatchProgressRecord.swift in Sources */,
			);
			runOnlyForDeploymentPostprocessing = 0;
		};
		F3BF791DEC33AEB16F1272F5 /* Sources */ = {
			isa = PBXSourcesBuildPhase;
			buildActionMask = 2147483647;
			files = (
				/* AetherUI */
				AA0003000000000000000001 /* AetherUI.swift in Sources */,
				AA0003000000000000000010 /* AppearancePickerView.swift in Sources */,
				AA0003000000000000000011 /* ChannelRowView.swift in Sources */,
				AA0003000000000000000017 /* ChannelLogoView.swift in Sources */,
				AA0003000000000000000012 /* EmptyStateView.swift in Sources */,
				AA0003000000000000000013 /* EPGTimelineView.swift in Sources */,
				AA0003000000000000000014 /* OnboardingView.swift in Sources */,
				AA0003000000000000000015 /* PlayerControlsView.swift in Sources */,
				AA0003000000000000000016 /* ThemePickerView.swift in Sources */,
				C0D34D6437B882576314766D /* ImageCache.swift in Sources */,
				C0D366E1507283869D169B8C /* SeekBarView.swift in Sources */,
				C0D39AC70FEE1C621616D65E /* ShimmerView.swift in Sources */,
			);
			runOnlyForDeploymentPostprocessing = 0;
		};
/* End PBXSourcesBuildPhase section */

/* Begin PBXTargetDependency section */
		D8B9F6413B6B44CBB00A0011 /* PBXTargetDependency */ = {
			isa = PBXTargetDependency;
			target = 35BCC85B3BEC0758B2852635 /* AetherCore */;
			targetProxy = D8B9F6413B6B44CBB00A0010 /* PBXContainerItemProxy */;
		};
		D8B9F6413B6B44CBB00A0013 /* PBXTargetDependency */ = {
			isa = PBXTargetDependency;
			target = F3BF791DEC33AEB16F1272F3 /* AetherUI */;
			targetProxy = D8B9F6413B6B44CBB00A0012 /* PBXContainerItemProxy */;
		};
		D8B9F6413B6B44CBB00A0015 /* PBXTargetDependency */ = {
			isa = PBXTargetDependency;
			target = 35BCC85B3BEC0758B2852635 /* AetherCore */;
			targetProxy = D8B9F6413B6B44CBB00A0014 /* PBXContainerItemProxy */;
		};
/* End PBXTargetDependency section */

/* Begin XCBuildConfiguration section */
		/* Project-level Debug */
		BB000000000000000000CFGD /* Debug */ = {
			isa = XCBuildConfiguration;
			buildSettings = {
				ALWAYS_SEARCH_USER_PATHS = NO;
				CLANG_ANALYZER_NONNULL = YES;
				CLANG_ANALYZER_NUMBER_OBJECT_CONVERSION = YES_AGGRESSIVE;
				CLANG_CXX_LANGUAGE_STANDARD = "gnu++20";
				CLANG_ENABLE_MODULES = YES;
				CLANG_ENABLE_OBJC_ARC = YES;
				CLANG_ENABLE_OBJC_WEAK = YES;
				CLANG_WARN_BLOCK_CAPTURE_AUTORELEASING = YES;
				CLANG_WARN_BOOL_CONVERSION = YES;
				CLANG_WARN_COMMA = YES;
				CLANG_WARN_CONSTANT_CONVERSION = YES;
				CLANG_WARN_DEPRECATED_OBJC_IMPLEMENTATIONS = YES;
				CLANG_WARN_DIRECT_OBJC_ISA_USAGE = YES_ERROR;
				CLANG_WARN_DOCUMENTATION_COMMENTS = YES;
				CLANG_WARN_EMPTY_BODY = YES;
				CLANG_WARN_ENUM_CONVERSION = YES;
				CLANG_WARN_INFINITE_RECURSION = YES;
				CLANG_WARN_INT_CONVERSION = YES;
				CLANG_WARN_NON_LITERAL_NULL_CONVERSION = YES;
				CLANG_WARN_OBJC_IMPLICIT_RETAIN_SELF = YES;
				CLANG_WARN_OBJC_LITERAL_CONVERSION = YES;
				CLANG_WARN_OBJC_ROOT_CLASS = YES_ERROR;
				CLANG_WARN_QUOTED_INCLUDE_IN_FRAMEWORK_HEADER = NO;
				CLANG_WARN_RANGE_LOOP_ANALYSIS = YES;
				CLANG_WARN_STRICT_PROTOTYPES = YES;
				CLANG_WARN_SUSPICIOUS_MOVE = YES;
				CLANG_WARN_UNGUARDED_AVAILABILITY = YES_AGGRESSIVE;
				CLANG_WARN_UNREACHABLE_CODE = YES;
				CLANG_WARN__DUPLICATE_METHOD_MATCH = YES;
				COPY_PHASE_STRIP = NO;
				DEBUG_INFORMATION_FORMAT = dwarf;
				ENABLE_STRICT_OBJC_MSGSEND = YES;
				ENABLE_TESTABILITY = YES;
				ENABLE_MODULE_VERIFIER = NO;
				GCC_C_LANGUAGE_STANDARD = gnu17;
				GCC_DYNAMIC_NO_PIC = NO;
				GCC_NO_COMMON_BLOCKS = YES;
				GCC_OPTIMIZATION_LEVEL = 0;
				GCC_PREPROCESSOR_DEFINITIONS = (
					"DEBUG=1",
					"$(inherited)",
				);
				GCC_WARN_64_TO_32_BIT_CONVERSION = YES;
				GCC_WARN_ABOUT_RETURN_TYPE = YES_ERROR;
				GCC_WARN_UNDECLARED_SELECTOR = YES;
				GCC_WARN_UNINITIALIZED_AUTOS = YES_AGGRESSIVE;
				GCC_WARN_UNUSED_FUNCTION = YES;
				GCC_WARN_UNUSED_VARIABLE = YES;
				MACOSX_DEPLOYMENT_TARGET = 14.0;
				MTL_ENABLE_DEBUG_INFO = INCLUDE_SOURCE;
				MTL_FAST_MATH = YES;
				ONLY_ACTIVE_ARCH = YES;
				OTHER_CFLAGS = (
					"$(inherited)",
					"-Wno-incomplete-umbrella",
					"-Wno-ignored-attributes",
				);
				OTHER_SWIFT_FLAGS = (
					"$(inherited)",
					"-Xcc",
					"-Wno-incomplete-umbrella",
					"-Xcc",
					"-Wno-ignored-attributes",
				);
				SDKROOT = macosx;
				SWIFT_ACTIVE_COMPILATION_CONDITIONS = DEBUG;
				SWIFT_OPTIMIZATION_LEVEL = "-Onone";
			};
			name = Debug;
		};

		/* Project-level Release */
		BB000000000000000000CFGR /* Release */ = {
			isa = XCBuildConfiguration;
			buildSettings = {
				ALWAYS_SEARCH_USER_PATHS = NO;
				CLANG_ANALYZER_NONNULL = YES;
				CLANG_ANALYZER_NUMBER_OBJECT_CONVERSION = YES_AGGRESSIVE;
				CLANG_CXX_LANGUAGE_STANDARD = "gnu++20";
				CLANG_ENABLE_MODULES = YES;
				CLANG_ENABLE_OBJC_ARC = YES;
				CLANG_ENABLE_OBJC_WEAK = YES;
				CLANG_WARN_BLOCK_CAPTURE_AUTORELEASING = YES;
				CLANG_WARN_BOOL_CONVERSION = YES;
				CLANG_WARN_COMMA = YES;
				CLANG_WARN_CONSTANT_CONVERSION = YES;
				CLANG_WARN_DEPRECATED_OBJC_IMPLEMENTATIONS = YES;
				CLANG_WARN_DIRECT_OBJC_ISA_USAGE = YES_ERROR;
				CLANG_WARN_DOCUMENTATION_COMMENTS = YES;
				CLANG_WARN_EMPTY_BODY = YES;
				CLANG_WARN_ENUM_CONVERSION = YES;
				CLANG_WARN_INFINITE_RECURSION = YES;
				CLANG_WARN_INT_CONVERSION = YES;
				CLANG_WARN_NON_LITERAL_NULL_CONVERSION = YES;
				CLANG_WARN_OBJC_IMPLICIT_RETAIN_SELF = YES;
				CLANG_WARN_OBJC_LITERAL_CONVERSION = YES;
				CLANG_WARN_OBJC_ROOT_CLASS = YES_ERROR;
				CLANG_WARN_QUOTED_INCLUDE_IN_FRAMEWORK_HEADER = NO;
				CLANG_WARN_RANGE_LOOP_ANALYSIS = YES;
				CLANG_WARN_STRICT_PROTOTYPES = YES;
				CLANG_WARN_SUSPICIOUS_MOVE = YES;
				CLANG_WARN_UNGUARDED_AVAILABILITY = YES_AGGRESSIVE;
				CLANG_WARN_UNREACHABLE_CODE = YES;
				CLANG_WARN__DUPLICATE_METHOD_MATCH = YES;
				COPY_PHASE_STRIP = NO;
				DEBUG_INFORMATION_FORMAT = "dwarf-with-dsym";
				ENABLE_NS_ASSERTIONS = NO;
				ENABLE_STRICT_OBJC_MSGSEND = YES;
				ENABLE_MODULE_VERIFIER = NO;
				GCC_C_LANGUAGE_STANDARD = gnu17;
				GCC_NO_COMMON_BLOCKS = YES;
				GCC_WARN_64_TO_32_BIT_CONVERSION = YES;
				GCC_WARN_ABOUT_RETURN_TYPE = YES_ERROR;
				GCC_WARN_UNDECLARED_SELECTOR = YES;
				GCC_WARN_UNINITIALIZED_AUTOS = YES_AGGRESSIVE;
				GCC_WARN_UNUSED_FUNCTION = YES;
				GCC_WARN_UNUSED_VARIABLE = YES;
				MACOSX_DEPLOYMENT_TARGET = 14.0;
				MTL_ENABLE_DEBUG_INFO = NO;
				MTL_FAST_MATH = YES;
				OTHER_CFLAGS = (
					"$(inherited)",
					"-Wno-incomplete-umbrella",
					"-Wno-ignored-attributes",
				);
				OTHER_SWIFT_FLAGS = (
					"$(inherited)",
					"-Xcc",
					"-Wno-incomplete-umbrella",
					"-Xcc",
					"-Wno-ignored-attributes",
				);
				SDKROOT = macosx;
				SWIFT_COMPILATION_MODE = wholemodule;
				SWIFT_OPTIMIZATION_LEVEL = "-O";
			};
			name = Release;
		};

		/* AetherCore Debug */
		35BCC85B3BEC0758B2852640 /* Debug */ = {
			isa = XCBuildConfiguration;
			buildSettings = {
				CODE_SIGN_STYLE = Automatic;
				CURRENT_PROJECT_VERSION = 1;
				DEFINES_MODULE = YES;
				DYLIB_COMPATIBILITY_VERSION = 1;
				DYLIB_CURRENT_VERSION = 1;
				FRAMEWORK_SEARCH_PATHS = (
					"$(inherited)",
					"$(PROJECT_DIR)/.vlckit",
				);
				GENERATE_INFOPLIST_FILE = YES;
				INSTALL_PATH = "@rpath";
				LD_RUNPATH_SEARCH_PATHS = (
					"$(inherited)",
					"@executable_path/../Frameworks",
					"@loader_path/Frameworks",
				);
				MACH_O_TYPE = mh_dylib;
				MACOSX_DEPLOYMENT_TARGET = 14.0;
				PRODUCT_BUNDLE_IDENTIFIER = com.aether.AetherCore;
				PRODUCT_NAME = "$(TARGET_NAME)";
				SDKROOT = macosx;
				SKIP_INSTALL = YES;
				SWIFT_EMIT_LOC_STRINGS = YES;
				SWIFT_STRICT_CONCURRENCY = complete;
				SWIFT_VERSION = 6.0;
			};
			name = Debug;
		};

		/* AetherCore Release */
		35BCC85B3BEC0758B2852641 /* Release */ = {
			isa = XCBuildConfiguration;
			buildSettings = {
				CODE_SIGN_STYLE = Automatic;
				CURRENT_PROJECT_VERSION = 1;
				DEFINES_MODULE = YES;
				DYLIB_COMPATIBILITY_VERSION = 1;
				DYLIB_CURRENT_VERSION = 1;
				FRAMEWORK_SEARCH_PATHS = (
					"$(inherited)",
					"$(PROJECT_DIR)/.vlckit",
				);
				GENERATE_INFOPLIST_FILE = YES;
				INSTALL_PATH = "@rpath";
				LD_RUNPATH_SEARCH_PATHS = (
					"$(inherited)",
					"@executable_path/../Frameworks",
					"@loader_path/Frameworks",
				);
				MACH_O_TYPE = mh_dylib;
				MACOSX_DEPLOYMENT_TARGET = 14.0;
				PRODUCT_BUNDLE_IDENTIFIER = com.aether.AetherCore;
				PRODUCT_NAME = "$(TARGET_NAME)";
				SDKROOT = macosx;
				SKIP_INSTALL = YES;
				SWIFT_EMIT_LOC_STRINGS = YES;
				SWIFT_STRICT_CONCURRENCY = complete;
				SWIFT_VERSION = 6.0;
			};
			name = Release;
		};

		/* AetherUI Debug */
		F3BF791DEC33AEB16F1272F8 /* Debug */ = {
			isa = XCBuildConfiguration;
			buildSettings = {
				CODE_SIGN_STYLE = Automatic;
				CURRENT_PROJECT_VERSION = 1;
				DEFINES_MODULE = YES;
				DYLIB_COMPATIBILITY_VERSION = 1;
				DYLIB_CURRENT_VERSION = 1;
				GENERATE_INFOPLIST_FILE = YES;
				INSTALL_PATH = "@rpath";
				LD_RUNPATH_SEARCH_PATHS = (
					"$(inherited)",
					"@executable_path/../Frameworks",
					"@loader_path/Frameworks",
				);
				MACH_O_TYPE = mh_dylib;
				MACOSX_DEPLOYMENT_TARGET = 14.0;
				PRODUCT_BUNDLE_IDENTIFIER = com.aether.AetherUI;
				PRODUCT_NAME = "$(TARGET_NAME)";
				SDKROOT = macosx;
				SKIP_INSTALL = YES;
				SWIFT_EMIT_LOC_STRINGS = YES;
				SWIFT_STRICT_CONCURRENCY = complete;
				SWIFT_VERSION = 6.0;
			};
			name = Debug;
		};

		/* AetherUI Release */
		F3BF791DEC33AEB16F1272F9 /* Release */ = {
			isa = XCBuildConfiguration;
			buildSettings = {
				CODE_SIGN_STYLE = Automatic;
				CURRENT_PROJECT_VERSION = 1;
				DEFINES_MODULE = YES;
				DYLIB_COMPATIBILITY_VERSION = 1;
				DYLIB_CURRENT_VERSION = 1;
				GENERATE_INFOPLIST_FILE = YES;
				INSTALL_PATH = "@rpath";
				LD_RUNPATH_SEARCH_PATHS = (
					"$(inherited)",
					"@executable_path/../Frameworks",
					"@loader_path/Frameworks",
				);
				MACH_O_TYPE = mh_dylib;
				MACOSX_DEPLOYMENT_TARGET = 14.0;
				PRODUCT_BUNDLE_IDENTIFIER = com.aether.AetherUI;
				PRODUCT_NAME = "$(TARGET_NAME)";
				SDKROOT = macosx;
				SKIP_INSTALL = YES;
				SWIFT_EMIT_LOC_STRINGS = YES;
				SWIFT_STRICT_CONCURRENCY = complete;
				SWIFT_VERSION = 6.0;
			};
			name = Release;
		};

		/* AetherApp Debug */
		BB000000000000000000TCFD /* Debug */ = {
			isa = XCBuildConfiguration;
			buildSettings = {
				ASSETCATALOG_COMPILER_APPICON_NAME = AppIcon;
				ASSETCATALOG_COMPILER_GLOBAL_ACCENT_COLOR_NAME = AccentColor;
				CODE_SIGN_ENTITLEMENTS = Sources/AetherApp/Resources/AetherApp.entitlements;
				CODE_SIGN_STYLE = Automatic;
				COMBINE_HIDPI_IMAGES = YES;
				CURRENT_PROJECT_VERSION = 7;
				ENABLE_HARDENED_RUNTIME = YES;
				ENABLE_PREVIEWS = YES;
				FRAMEWORK_SEARCH_PATHS = (
					"$(inherited)",
					"$(PROJECT_DIR)/.vlckit",
				);
				GENERATE_INFOPLIST_FILE = NO;
				INFOPLIST_FILE = Sources/AetherApp/Info.plist;
				LD_RUNPATH_SEARCH_PATHS = (
					"$(inherited)",
					"@executable_path/../Frameworks",
				);
				MACOSX_DEPLOYMENT_TARGET = 14.0;
				MARKETING_VERSION = 0.7.0;
				PRODUCT_BUNDLE_IDENTIFIER = "com.aether.iptv";
				PRODUCT_NAME = "$(TARGET_NAME)";
				SDKROOT = macosx;
				SWIFT_EMIT_LOC_STRINGS = YES;
				SWIFT_STRICT_CONCURRENCY = complete;
				SWIFT_VERSION = 6.0;
			};
			name = Debug;
		};

		/* AetherApp Release */
		BB000000000000000000TCFR /* Release */ = {
			isa = XCBuildConfiguration;
			buildSettings = {
				ASSETCATALOG_COMPILER_APPICON_NAME = AppIcon;
				ASSETCATALOG_COMPILER_GLOBAL_ACCENT_COLOR_NAME = AccentColor;
				CODE_SIGN_ENTITLEMENTS = Sources/AetherApp/Resources/AetherApp.entitlements;
				CODE_SIGN_STYLE = Automatic;
				COMBINE_HIDPI_IMAGES = YES;
				CURRENT_PROJECT_VERSION = 7;
				ENABLE_HARDENED_RUNTIME = YES;
				ENABLE_PREVIEWS = YES;
				FRAMEWORK_SEARCH_PATHS = (
					"$(inherited)",
					"$(PROJECT_DIR)/.vlckit",
				);
				GENERATE_INFOPLIST_FILE = NO;
				INFOPLIST_FILE = Sources/AetherApp/Info.plist;
				LD_RUNPATH_SEARCH_PATHS = (
					"$(inherited)",
					"@executable_path/../Frameworks",
				);
				MACOSX_DEPLOYMENT_TARGET = 14.0;
				MARKETING_VERSION = 0.7.0;
				PRODUCT_BUNDLE_IDENTIFIER = "com.aether.iptv";
				PRODUCT_NAME = "$(TARGET_NAME)";
				SDKROOT = macosx;
				SWIFT_EMIT_LOC_STRINGS = YES;
				SWIFT_STRICT_CONCURRENCY = complete;
				SWIFT_VERSION = 6.0;
			};
			name = Release;
		};
/* End XCBuildConfiguration section */

/* Begin XCConfigurationList section */
		BB000000000000000000CFGP /* Build configuration list for PBXProject "Aether" */ = {
			isa = XCConfigurationList;
			buildConfigurations = (
				BB000000000000000000CFGD /* Debug */,
				BB000000000000000000CFGR /* Release */,
			);
			defaultConfigurationIsVisible = 0;
			defaultConfigurationName = Release;
		};
		35BCC85B3BEC0758B2852639 /* Build configuration list for PBXNativeTarget "AetherCore" */ = {
			isa = XCConfigurationList;
			buildConfigurations = (
				35BCC85B3BEC0758B2852640 /* Debug */,
				35BCC85B3BEC0758B2852641 /* Release */,
			);
			defaultConfigurationIsVisible = 0;
			defaultConfigurationName = Release;
		};
		F3BF791DEC33AEB16F1272F7 /* Build configuration list for PBXNativeTarget "AetherUI" */ = {
			isa = XCConfigurationList;
			buildConfigurations = (
				F3BF791DEC33AEB16F1272F8 /* Debug */,
				F3BF791DEC33AEB16F1272F9 /* Release */,
			);
			defaultConfigurationIsVisible = 0;
			defaultConfigurationName = Release;
		};
		BB000000000000000000CFGL /* Build configuration list for PBXNativeTarget "AetherApp" */ = {
			isa = XCConfigurationList;
			buildConfigurations = (
				BB000000000000000000TCFD /* Debug */,
				BB000000000000000000TCFR /* Release */,
			);
			defaultConfigurationIsVisible = 0;
			defaultConfigurationName = Release;
		};
/* End XCConfigurationList section */

	};
	rootObject = BB000000000000000000PROJ /* Project object */;
}
